// !$*UTF8*$!
{
	archiveVersion = 1;
	classes = {
	};
	objectVersion = 46;
	objects = {

/* Begin PBXAggregateTarget section */
		FDFCDDD31D243BCD00AEBD2C /* ASAPPUniversal */ = {
			isa = PBXAggregateTarget;
			buildConfigurationList = FDFCDDD61D243BCD00AEBD2C /* Build configuration list for PBXAggregateTarget "ASAPPUniversal" */;
			buildPhases = (
				FDFCDDD91D24419E00AEBD2C /* ShellScript */,
			);
			dependencies = (
			);
			name = ASAPPUniversal;
			productName = ASAPPUniversal;
		};
/* End PBXAggregateTarget section */

/* Begin PBXBuildFile section */
		2840EC9A1D6A95ED00FA9ED7 /* asapp-logo@2x.png in Resources */ = {isa = PBXBuildFile; fileRef = 2840EC981D6A95ED00FA9ED7 /* asapp-logo@2x.png */; };
		2840EC9B1D6A95ED00FA9ED7 /* asapp-logo@3x.png in Resources */ = {isa = PBXBuildFile; fileRef = 2840EC991D6A95ED00FA9ED7 /* asapp-logo@3x.png */; };
		28580A421D4C54DC005C91DF /* BouncingBallsLoadingView.swift in Sources */ = {isa = PBXBuildFile; fileRef = 28580A411D4C54DC005C91DF /* BouncingBallsLoadingView.swift */; };
		28A99F2A1D5F8FDA00F9AA84 /* ChatConnectionStatusView.swift in Sources */ = {isa = PBXBuildFile; fileRef = 28A99F291D5F8FDA00F9AA84 /* ChatConnectionStatusView.swift */; };
		28A99F301D5F92DE00F9AA84 /* ChatSuggestedRepliesView.swift in Sources */ = {isa = PBXBuildFile; fileRef = 28A99F2F1D5F92DE00F9AA84 /* ChatSuggestedRepliesView.swift */; };
		28E9BE561D477CE400ACCF86 /* Dispatcher.swift in Sources */ = {isa = PBXBuildFile; fileRef = 28E9BE551D477CE400ACCF86 /* Dispatcher.swift */; };
		28E9BE581D47800600ACCF86 /* KeyboardObserver.swift in Sources */ = {isa = PBXBuildFile; fileRef = 28E9BE571D47800600ACCF86 /* KeyboardObserver.swift */; };
		3008888C1D620D3700C25802 /* Button.swift in Sources */ = {isa = PBXBuildFile; fileRef = 3008888B1D620D3700C25802 /* Button.swift */; };
		3008888E1D6258F100C25802 /* ChatSuggestedReplyCell.swift in Sources */ = {isa = PBXBuildFile; fileRef = 3008888D1D6258F100C25802 /* ChatSuggestedReplyCell.swift */; };
		300888941D62756D00C25802 /* JSONParser.swift in Sources */ = {isa = PBXBuildFile; fileRef = 300888931D62756D00C25802 /* JSONParser.swift */; };
		300888991D63B1A200C25802 /* ActionableMessage.swift in Sources */ = {isa = PBXBuildFile; fileRef = 300888971D63B1A200C25802 /* ActionableMessage.swift */; };
		3008889A1D63B1A200C25802 /* ActionableMessageAction.swift in Sources */ = {isa = PBXBuildFile; fileRef = 300888981D63B1A200C25802 /* ActionableMessageAction.swift */; };
		3008889D1D63C48600C25802 /* StackView.swift in Sources */ = {isa = PBXBuildFile; fileRef = 3008889C1D63C48600C25802 /* StackView.swift */; };
		300888A11D64B83900C25802 /* ChatBillSummaryCell.swift in Sources */ = {isa = PBXBuildFile; fileRef = 300888A01D64B83900C25802 /* ChatBillSummaryCell.swift */; };
		300888A31D64BE4900C25802 /* ChatMessagesViewCellMaster.swift in Sources */ = {isa = PBXBuildFile; fileRef = 300888A21D64BE4900C25802 /* ChatMessagesViewCellMaster.swift */; };
		300888A51D64D48300C25802 /* ChatMessagesViewCellProtocol.swift in Sources */ = {isa = PBXBuildFile; fileRef = 300888A41D64D48300C25802 /* ChatMessagesViewCellProtocol.swift */; };
		30099DCC1D3EDBC400171D56 /* ASAPP.swift in Sources */ = {isa = PBXBuildFile; fileRef = 30099DB11D3EDBC400171D56 /* ASAPP.swift */; };
		30099DE31D3EE40400171D56 /* ASAPP.h in Headers */ = {isa = PBXBuildFile; fileRef = 30099DE11D3EE40400171D56 /* ASAPP.h */; settings = {ATTRIBUTES = (Public, ); }; };
		30099E0F1D3FD1DA00171D56 /* Lato-Black.ttf in Resources */ = {isa = PBXBuildFile; fileRef = 30099E071D3FD1DA00171D56 /* Lato-Black.ttf */; };
		30099E101D3FD1DA00171D56 /* Lato-Bold.ttf in Resources */ = {isa = PBXBuildFile; fileRef = 30099E081D3FD1DA00171D56 /* Lato-Bold.ttf */; };
		30099E111D3FD1DA00171D56 /* Lato-Light.ttf in Resources */ = {isa = PBXBuildFile; fileRef = 30099E091D3FD1DA00171D56 /* Lato-Light.ttf */; };
		30099E121D3FD1DA00171D56 /* Lato-Regular.ttf in Resources */ = {isa = PBXBuildFile; fileRef = 30099E0A1D3FD1DA00171D56 /* Lato-Regular.ttf */; };
		3019F5DA1D58D0810036D74E /* ButtonPresentationAnimator.swift in Sources */ = {isa = PBXBuildFile; fileRef = 3019F5D91D58D0810036D74E /* ButtonPresentationAnimator.swift */; };
		3019F5DD1D5A77B00036D74E /* ChatInfoMessageView.swift in Sources */ = {isa = PBXBuildFile; fileRef = 3019F5DC1D5A77B00036D74E /* ChatInfoMessageView.swift */; };
		3019F5DF1D5B92760036D74E /* ColorExtensions.swift in Sources */ = {isa = PBXBuildFile; fileRef = 3019F5DE1D5B92760036D74E /* ColorExtensions.swift */; };
		3019F5E21D5B935C0036D74E /* temp-icon-x-light@2x.png in Resources */ = {isa = PBXBuildFile; fileRef = 3019F5E01D5B935C0036D74E /* temp-icon-x-light@2x.png */; };
		3019F5E31D5B935C0036D74E /* temp-icon-x-light@3x.png in Resources */ = {isa = PBXBuildFile; fileRef = 3019F5E11D5B935C0036D74E /* temp-icon-x-light@3x.png */; };
		30226CD41D4933F200871453 /* Conversation.swift in Sources */ = {isa = PBXBuildFile; fileRef = 30226CC11D4933F200871453 /* Conversation.swift */; };
		30226CD61D4933F200871453 /* Event.swift in Sources */ = {isa = PBXBuildFile; fileRef = 30226CC31D4933F200871453 /* Event.swift */; };
		30226CD71D4933F200871453 /* IncomingMessageSerializer.swift in Sources */ = {isa = PBXBuildFile; fileRef = 30226CC61D4933F200871453 /* IncomingMessageSerializer.swift */; };
		30226CD81D4933F200871453 /* OutgoingMessageSerializer.swift in Sources */ = {isa = PBXBuildFile; fileRef = 30226CC71D4933F200871453 /* OutgoingMessageSerializer.swift */; };
		30226CD91D4933F200871453 /* SocketConnection.swift in Sources */ = {isa = PBXBuildFile; fileRef = 30226CC81D4933F200871453 /* SocketConnection.swift */; };
		30226CDA1D4933F200871453 /* ConversationManager.swift in Sources */ = {isa = PBXBuildFile; fileRef = 30226CCA1D4933F200871453 /* ConversationManager.swift */; };
		30226CDB1D4933F200871453 /* ConversationStore.swift in Sources */ = {isa = PBXBuildFile; fileRef = 30226CCC1D4933F200871453 /* ConversationStore.swift */; };
		30226CF11D493F5300871453 /* ChatViewController.swift in Sources */ = {isa = PBXBuildFile; fileRef = 30226CE81D493F5300871453 /* ChatViewController.swift */; };
		30226CF21D493F5300871453 /* ChatInputView.swift in Sources */ = {isa = PBXBuildFile; fileRef = 30226CEA1D493F5300871453 /* ChatInputView.swift */; };
		30226CF41D493F5300871453 /* ChatMessagesView.swift in Sources */ = {isa = PBXBuildFile; fileRef = 30226CED1D493F5300871453 /* ChatMessagesView.swift */; };
		30226CF61D493F5300871453 /* BubbleView.swift in Sources */ = {isa = PBXBuildFile; fileRef = 30226CF01D493F5300871453 /* BubbleView.swift */; };
		30226CFC1D49554E00871453 /* temp-icon-paperclip@2x.png in Resources */ = {isa = PBXBuildFile; fileRef = 30226CFB1D49554E00871453 /* temp-icon-paperclip@2x.png */; };
		30226CFE1D49574A00871453 /* temp-icon-paperclip@3x.png in Resources */ = {isa = PBXBuildFile; fileRef = 30226CFD1D49574A00871453 /* temp-icon-paperclip@3x.png */; };
		3029A6AD1D4BDFE4000B6404 /* DateExtensions.swift in Sources */ = {isa = PBXBuildFile; fileRef = 3029A6AC1D4BDFE4000B6404 /* DateExtensions.swift */; };
		3049CD241D42AD8500F0C0E6 /* DebugLogger.swift in Sources */ = {isa = PBXBuildFile; fileRef = 3049CD231D42AD8500F0C0E6 /* DebugLogger.swift */; };
		307C63BF1D501E4300D8BC1B /* FixedSizeImageView.swift in Sources */ = {isa = PBXBuildFile; fileRef = 307C63BE1D501E4300D8BC1B /* FixedSizeImageView.swift */; };
		30883F951D54E0E7002414E9 /* ASAPPButton.swift in Sources */ = {isa = PBXBuildFile; fileRef = 30883F941D54E0E7002414E9 /* ASAPPButton.swift */; };
		308F29701D4164FE00EC7055 /* Colors.swift in Sources */ = {isa = PBXBuildFile; fileRef = 308F296F1D4164FE00EC7055 /* Colors.swift */; };
		308F29721D41665900EC7055 /* Fonts.swift in Sources */ = {isa = PBXBuildFile; fileRef = 308F29711D41665900EC7055 /* Fonts.swift */; };
		308F29741D4168BE00EC7055 /* Images.swift in Sources */ = {isa = PBXBuildFile; fileRef = 308F29731D4168BE00EC7055 /* Images.swift */; };
		308F29761D416D1C00EC7055 /* UIImageExtensions.swift in Sources */ = {isa = PBXBuildFile; fileRef = 308F29751D416D1C00EC7055 /* UIImageExtensions.swift */; };
		309219311D66608C00E70AEB /* SummaryDetailsView.swift in Sources */ = {isa = PBXBuildFile; fileRef = 309219301D66608C00E70AEB /* SummaryDetailsView.swift */; };
		309219331D6666F700E70AEB /* TwoColumnLabelView.swift in Sources */ = {isa = PBXBuildFile; fileRef = 309219321D6666F700E70AEB /* TwoColumnLabelView.swift */; };
		309219351D678FBD00E70AEB /* FrameTrackingInputAccessoryView.swift in Sources */ = {isa = PBXBuildFile; fileRef = 309219341D678FBD00E70AEB /* FrameTrackingInputAccessoryView.swift */; };
		3092193D1D77320600E70AEB /* ASAPPStringLocalization.swift in Sources */ = {isa = PBXBuildFile; fileRef = 3092193C1D77320600E70AEB /* ASAPPStringLocalization.swift */; };
		30A4BB061D5109F700795BA7 /* ImageViewer.swift in Sources */ = {isa = PBXBuildFile; fileRef = 30A4BB051D5109F700795BA7 /* ImageViewer.swift */; };
		30A4BB081D510A2400795BA7 /* ImageViewerControlsView.swift in Sources */ = {isa = PBXBuildFile; fileRef = 30A4BB071D510A2400795BA7 /* ImageViewerControlsView.swift */; };
		30A4BB0A1D510A3600795BA7 /* ImageViewerTransitionAnimator.swift in Sources */ = {isa = PBXBuildFile; fileRef = 30A4BB091D510A3600795BA7 /* ImageViewerTransitionAnimator.swift */; };
		30A4BB0C1D510A8F00795BA7 /* ImageViewerImageView.swift in Sources */ = {isa = PBXBuildFile; fileRef = 30A4BB0B1D510A8F00795BA7 /* ImageViewerImageView.swift */; };
		30A4BB0E1D510A9D00795BA7 /* ImageViewerImageViewController.swift in Sources */ = {isa = PBXBuildFile; fileRef = 30A4BB0D1D510A9D00795BA7 /* ImageViewerImageViewController.swift */; };
		30A4BB101D510AAA00795BA7 /* ImageViewerImage.swift in Sources */ = {isa = PBXBuildFile; fileRef = 30A4BB0F1D510AAA00795BA7 /* ImageViewerImage.swift */; };
		30A4BB131D5139CC00795BA7 /* temp-icon-x@2x.png in Resources */ = {isa = PBXBuildFile; fileRef = 30A4BB111D5139CC00795BA7 /* temp-icon-x@2x.png */; };
		30A4BB141D5139CC00795BA7 /* temp-icon-x@3x.png in Resources */ = {isa = PBXBuildFile; fileRef = 30A4BB121D5139CC00795BA7 /* temp-icon-x@3x.png */; };
		30A4BB1D1D52400D00795BA7 /* ChatBubbleCell.swift in Sources */ = {isa = PBXBuildFile; fileRef = 30A4BB161D52400D00795BA7 /* ChatBubbleCell.swift */; };
		30A4BB1E1D52400D00795BA7 /* ChatPictureMessageCell.swift in Sources */ = {isa = PBXBuildFile; fileRef = 30A4BB171D52400D00795BA7 /* ChatPictureMessageCell.swift */; };
		30A4BB1F1D52400D00795BA7 /* ChatTextMessageCell.swift in Sources */ = {isa = PBXBuildFile; fileRef = 30A4BB181D52400D00795BA7 /* ChatTextMessageCell.swift */; };
		30A4BB201D52400D00795BA7 /* ChatTypingIndicatorCell.swift in Sources */ = {isa = PBXBuildFile; fileRef = 30A4BB191D52400D00795BA7 /* ChatTypingIndicatorCell.swift */; };
		30A4BB211D52400D00795BA7 /* ChatTypingPreviewCell.swift in Sources */ = {isa = PBXBuildFile; fileRef = 30A4BB1A1D52400D00795BA7 /* ChatTypingPreviewCell.swift */; };
		30A4BB251D52402800795BA7 /* ChatMessagesTimeHeaderView.swift in Sources */ = {isa = PBXBuildFile; fileRef = 30A4BB241D52402800795BA7 /* ChatMessagesTimeHeaderView.swift */; };
		30A4BB271D5240B100795BA7 /* ChatInfoTextCell.swift in Sources */ = {isa = PBXBuildFile; fileRef = 30A4BB261D5240B100795BA7 /* ChatInfoTextCell.swift */; };
		30A4BB291D52637200795BA7 /* ASAPPStyles.swift in Sources */ = {isa = PBXBuildFile; fileRef = 30A4BB281D52637200795BA7 /* ASAPPStyles.swift */; };
		30AE79F91D4BC5E900651F09 /* ChatMessagesViewDataSource.swift in Sources */ = {isa = PBXBuildFile; fileRef = 30AE79F81D4BC5E900651F09 /* ChatMessagesViewDataSource.swift */; };
		70320168AD14EF4C7E4C7D24 /* Pods_ASAPP.framework in Frameworks */ = {isa = PBXBuildFile; fileRef = 96F26DD7E105E788FA9D6BCF /* Pods_ASAPP.framework */; };
/* End PBXBuildFile section */

/* Begin PBXFileReference section */
		2840EC981D6A95ED00FA9ED7 /* asapp-logo@2x.png */ = {isa = PBXFileReference; lastKnownFileType = image.png; path = "asapp-logo@2x.png"; sourceTree = "<group>"; };
		2840EC991D6A95ED00FA9ED7 /* asapp-logo@3x.png */ = {isa = PBXFileReference; lastKnownFileType = image.png; path = "asapp-logo@3x.png"; sourceTree = "<group>"; };
		28580A411D4C54DC005C91DF /* BouncingBallsLoadingView.swift */ = {isa = PBXFileReference; fileEncoding = 4; lastKnownFileType = sourcecode.swift; path = BouncingBallsLoadingView.swift; sourceTree = "<group>"; };
		28A99F291D5F8FDA00F9AA84 /* ChatConnectionStatusView.swift */ = {isa = PBXFileReference; fileEncoding = 4; lastKnownFileType = sourcecode.swift; path = ChatConnectionStatusView.swift; sourceTree = "<group>"; };
		28A99F2F1D5F92DE00F9AA84 /* ChatSuggestedRepliesView.swift */ = {isa = PBXFileReference; fileEncoding = 4; lastKnownFileType = sourcecode.swift; path = ChatSuggestedRepliesView.swift; sourceTree = "<group>"; };
		28E9BE551D477CE400ACCF86 /* Dispatcher.swift */ = {isa = PBXFileReference; fileEncoding = 4; lastKnownFileType = sourcecode.swift; path = Dispatcher.swift; sourceTree = "<group>"; };
		28E9BE571D47800600ACCF86 /* KeyboardObserver.swift */ = {isa = PBXFileReference; fileEncoding = 4; lastKnownFileType = sourcecode.swift; path = KeyboardObserver.swift; sourceTree = "<group>"; };
		3008888B1D620D3700C25802 /* Button.swift */ = {isa = PBXFileReference; fileEncoding = 4; lastKnownFileType = sourcecode.swift; path = Button.swift; sourceTree = "<group>"; };
		3008888D1D6258F100C25802 /* ChatSuggestedReplyCell.swift */ = {isa = PBXFileReference; fileEncoding = 4; lastKnownFileType = sourcecode.swift; path = ChatSuggestedReplyCell.swift; sourceTree = "<group>"; };
		300888931D62756D00C25802 /* JSONParser.swift */ = {isa = PBXFileReference; fileEncoding = 4; lastKnownFileType = sourcecode.swift; path = JSONParser.swift; sourceTree = "<group>"; };
		300888971D63B1A200C25802 /* ActionableMessage.swift */ = {isa = PBXFileReference; fileEncoding = 4; lastKnownFileType = sourcecode.swift; path = ActionableMessage.swift; sourceTree = "<group>"; };
		300888981D63B1A200C25802 /* ActionableMessageAction.swift */ = {isa = PBXFileReference; fileEncoding = 4; lastKnownFileType = sourcecode.swift; path = ActionableMessageAction.swift; sourceTree = "<group>"; };
		3008889C1D63C48600C25802 /* StackView.swift */ = {isa = PBXFileReference; fileEncoding = 4; lastKnownFileType = sourcecode.swift; path = StackView.swift; sourceTree = "<group>"; };
		300888A01D64B83900C25802 /* ChatBillSummaryCell.swift */ = {isa = PBXFileReference; fileEncoding = 4; lastKnownFileType = sourcecode.swift; path = ChatBillSummaryCell.swift; sourceTree = "<group>"; };
		300888A21D64BE4900C25802 /* ChatMessagesViewCellMaster.swift */ = {isa = PBXFileReference; fileEncoding = 4; lastKnownFileType = sourcecode.swift; path = ChatMessagesViewCellMaster.swift; sourceTree = "<group>"; };
		300888A41D64D48300C25802 /* ChatMessagesViewCellProtocol.swift */ = {isa = PBXFileReference; fileEncoding = 4; lastKnownFileType = sourcecode.swift; path = ChatMessagesViewCellProtocol.swift; sourceTree = "<group>"; };
		30099DB11D3EDBC400171D56 /* ASAPP.swift */ = {isa = PBXFileReference; fileEncoding = 4; lastKnownFileType = sourcecode.swift; path = ASAPP.swift; sourceTree = "<group>"; };
		30099DE11D3EE40400171D56 /* ASAPP.h */ = {isa = PBXFileReference; fileEncoding = 4; lastKnownFileType = sourcecode.c.h; path = ASAPP.h; sourceTree = "<group>"; };
		30099DE21D3EE40400171D56 /* Info.plist */ = {isa = PBXFileReference; fileEncoding = 4; lastKnownFileType = text.plist.xml; path = Info.plist; sourceTree = "<group>"; };
		30099E071D3FD1DA00171D56 /* Lato-Black.ttf */ = {isa = PBXFileReference; lastKnownFileType = file; path = "Lato-Black.ttf"; sourceTree = "<group>"; };
		30099E081D3FD1DA00171D56 /* Lato-Bold.ttf */ = {isa = PBXFileReference; lastKnownFileType = file; path = "Lato-Bold.ttf"; sourceTree = "<group>"; };
		30099E091D3FD1DA00171D56 /* Lato-Light.ttf */ = {isa = PBXFileReference; lastKnownFileType = file; path = "Lato-Light.ttf"; sourceTree = "<group>"; };
		30099E0A1D3FD1DA00171D56 /* Lato-Regular.ttf */ = {isa = PBXFileReference; lastKnownFileType = file; path = "Lato-Regular.ttf"; sourceTree = "<group>"; };
		3019F5D91D58D0810036D74E /* ButtonPresentationAnimator.swift */ = {isa = PBXFileReference; fileEncoding = 4; lastKnownFileType = sourcecode.swift; path = ButtonPresentationAnimator.swift; sourceTree = "<group>"; };
		3019F5DC1D5A77B00036D74E /* ChatInfoMessageView.swift */ = {isa = PBXFileReference; fileEncoding = 4; lastKnownFileType = sourcecode.swift; path = ChatInfoMessageView.swift; sourceTree = "<group>"; };
		3019F5DE1D5B92760036D74E /* ColorExtensions.swift */ = {isa = PBXFileReference; fileEncoding = 4; lastKnownFileType = sourcecode.swift; path = ColorExtensions.swift; sourceTree = "<group>"; };
		3019F5E01D5B935C0036D74E /* temp-icon-x-light@2x.png */ = {isa = PBXFileReference; lastKnownFileType = image.png; path = "temp-icon-x-light@2x.png"; sourceTree = "<group>"; };
		3019F5E11D5B935C0036D74E /* temp-icon-x-light@3x.png */ = {isa = PBXFileReference; lastKnownFileType = image.png; path = "temp-icon-x-light@3x.png"; sourceTree = "<group>"; };
		30226CC11D4933F200871453 /* Conversation.swift */ = {isa = PBXFileReference; fileEncoding = 4; lastKnownFileType = sourcecode.swift; path = Conversation.swift; sourceTree = "<group>"; };
		30226CC31D4933F200871453 /* Event.swift */ = {isa = PBXFileReference; fileEncoding = 4; lastKnownFileType = sourcecode.swift; path = Event.swift; sourceTree = "<group>"; };
		30226CC61D4933F200871453 /* IncomingMessageSerializer.swift */ = {isa = PBXFileReference; fileEncoding = 4; lastKnownFileType = sourcecode.swift; path = IncomingMessageSerializer.swift; sourceTree = "<group>"; };
		30226CC71D4933F200871453 /* OutgoingMessageSerializer.swift */ = {isa = PBXFileReference; fileEncoding = 4; lastKnownFileType = sourcecode.swift; path = OutgoingMessageSerializer.swift; sourceTree = "<group>"; };
		30226CC81D4933F200871453 /* SocketConnection.swift */ = {isa = PBXFileReference; fileEncoding = 4; lastKnownFileType = sourcecode.swift; path = SocketConnection.swift; sourceTree = "<group>"; };
		30226CCA1D4933F200871453 /* ConversationManager.swift */ = {isa = PBXFileReference; fileEncoding = 4; lastKnownFileType = sourcecode.swift; path = ConversationManager.swift; sourceTree = "<group>"; };
		30226CCC1D4933F200871453 /* ConversationStore.swift */ = {isa = PBXFileReference; fileEncoding = 4; lastKnownFileType = sourcecode.swift; path = ConversationStore.swift; sourceTree = "<group>"; };
		30226CE81D493F5300871453 /* ChatViewController.swift */ = {isa = PBXFileReference; fileEncoding = 4; lastKnownFileType = sourcecode.swift; path = ChatViewController.swift; sourceTree = "<group>"; };
		30226CEA1D493F5300871453 /* ChatInputView.swift */ = {isa = PBXFileReference; fileEncoding = 4; lastKnownFileType = sourcecode.swift; path = ChatInputView.swift; sourceTree = "<group>"; };
		30226CED1D493F5300871453 /* ChatMessagesView.swift */ = {isa = PBXFileReference; fileEncoding = 4; lastKnownFileType = sourcecode.swift; path = ChatMessagesView.swift; sourceTree = "<group>"; };
		30226CF01D493F5300871453 /* BubbleView.swift */ = {isa = PBXFileReference; fileEncoding = 4; lastKnownFileType = sourcecode.swift; path = BubbleView.swift; sourceTree = "<group>"; };
		30226CFB1D49554E00871453 /* temp-icon-paperclip@2x.png */ = {isa = PBXFileReference; lastKnownFileType = image.png; path = "temp-icon-paperclip@2x.png"; sourceTree = "<group>"; };
		30226CFD1D49574A00871453 /* temp-icon-paperclip@3x.png */ = {isa = PBXFileReference; lastKnownFileType = image.png; path = "temp-icon-paperclip@3x.png"; sourceTree = "<group>"; };
		3029A6AC1D4BDFE4000B6404 /* DateExtensions.swift */ = {isa = PBXFileReference; fileEncoding = 4; lastKnownFileType = sourcecode.swift; path = DateExtensions.swift; sourceTree = "<group>"; };
		3049CD231D42AD8500F0C0E6 /* DebugLogger.swift */ = {isa = PBXFileReference; fileEncoding = 4; lastKnownFileType = sourcecode.swift; path = DebugLogger.swift; sourceTree = "<group>"; };
		307C63BE1D501E4300D8BC1B /* FixedSizeImageView.swift */ = {isa = PBXFileReference; fileEncoding = 4; lastKnownFileType = sourcecode.swift; path = FixedSizeImageView.swift; sourceTree = "<group>"; };
		30883F941D54E0E7002414E9 /* ASAPPButton.swift */ = {isa = PBXFileReference; fileEncoding = 4; lastKnownFileType = sourcecode.swift; path = ASAPPButton.swift; sourceTree = "<group>"; };
		308F296F1D4164FE00EC7055 /* Colors.swift */ = {isa = PBXFileReference; fileEncoding = 4; lastKnownFileType = sourcecode.swift; path = Colors.swift; sourceTree = "<group>"; };
		308F29711D41665900EC7055 /* Fonts.swift */ = {isa = PBXFileReference; fileEncoding = 4; lastKnownFileType = sourcecode.swift; path = Fonts.swift; sourceTree = "<group>"; };
		308F29731D4168BE00EC7055 /* Images.swift */ = {isa = PBXFileReference; fileEncoding = 4; lastKnownFileType = sourcecode.swift; path = Images.swift; sourceTree = "<group>"; };
		308F29751D416D1C00EC7055 /* UIImageExtensions.swift */ = {isa = PBXFileReference; fileEncoding = 4; lastKnownFileType = sourcecode.swift; path = UIImageExtensions.swift; sourceTree = "<group>"; };
		309219301D66608C00E70AEB /* SummaryDetailsView.swift */ = {isa = PBXFileReference; fileEncoding = 4; lastKnownFileType = sourcecode.swift; path = SummaryDetailsView.swift; sourceTree = "<group>"; };
		309219321D6666F700E70AEB /* TwoColumnLabelView.swift */ = {isa = PBXFileReference; fileEncoding = 4; lastKnownFileType = sourcecode.swift; path = TwoColumnLabelView.swift; sourceTree = "<group>"; };
		309219341D678FBD00E70AEB /* FrameTrackingInputAccessoryView.swift */ = {isa = PBXFileReference; fileEncoding = 4; lastKnownFileType = sourcecode.swift; path = FrameTrackingInputAccessoryView.swift; sourceTree = "<group>"; };
		309219381D67A3E300E70AEB /* sample_bill_data.json */ = {isa = PBXFileReference; lastKnownFileType = text.json; path = sample_bill_data.json; sourceTree = "<group>"; };
		3092193C1D77320600E70AEB /* ASAPPStringLocalization.swift */ = {isa = PBXFileReference; fileEncoding = 4; lastKnownFileType = sourcecode.swift; path = ASAPPStringLocalization.swift; sourceTree = "<group>"; };
		30A4BB051D5109F700795BA7 /* ImageViewer.swift */ = {isa = PBXFileReference; fileEncoding = 4; lastKnownFileType = sourcecode.swift; path = ImageViewer.swift; sourceTree = "<group>"; };
		30A4BB071D510A2400795BA7 /* ImageViewerControlsView.swift */ = {isa = PBXFileReference; fileEncoding = 4; lastKnownFileType = sourcecode.swift; path = ImageViewerControlsView.swift; sourceTree = "<group>"; };
		30A4BB091D510A3600795BA7 /* ImageViewerTransitionAnimator.swift */ = {isa = PBXFileReference; fileEncoding = 4; lastKnownFileType = sourcecode.swift; path = ImageViewerTransitionAnimator.swift; sourceTree = "<group>"; };
		30A4BB0B1D510A8F00795BA7 /* ImageViewerImageView.swift */ = {isa = PBXFileReference; fileEncoding = 4; lastKnownFileType = sourcecode.swift; path = ImageViewerImageView.swift; sourceTree = "<group>"; };
		30A4BB0D1D510A9D00795BA7 /* ImageViewerImageViewController.swift */ = {isa = PBXFileReference; fileEncoding = 4; lastKnownFileType = sourcecode.swift; path = ImageViewerImageViewController.swift; sourceTree = "<group>"; };
		30A4BB0F1D510AAA00795BA7 /* ImageViewerImage.swift */ = {isa = PBXFileReference; fileEncoding = 4; lastKnownFileType = sourcecode.swift; path = ImageViewerImage.swift; sourceTree = "<group>"; };
		30A4BB111D5139CC00795BA7 /* temp-icon-x@2x.png */ = {isa = PBXFileReference; lastKnownFileType = image.png; path = "temp-icon-x@2x.png"; sourceTree = "<group>"; };
		30A4BB121D5139CC00795BA7 /* temp-icon-x@3x.png */ = {isa = PBXFileReference; lastKnownFileType = image.png; path = "temp-icon-x@3x.png"; sourceTree = "<group>"; };
		30A4BB161D52400D00795BA7 /* ChatBubbleCell.swift */ = {isa = PBXFileReference; fileEncoding = 4; lastKnownFileType = sourcecode.swift; path = ChatBubbleCell.swift; sourceTree = "<group>"; };
		30A4BB171D52400D00795BA7 /* ChatPictureMessageCell.swift */ = {isa = PBXFileReference; fileEncoding = 4; lastKnownFileType = sourcecode.swift; path = ChatPictureMessageCell.swift; sourceTree = "<group>"; };
		30A4BB181D52400D00795BA7 /* ChatTextMessageCell.swift */ = {isa = PBXFileReference; fileEncoding = 4; lastKnownFileType = sourcecode.swift; path = ChatTextMessageCell.swift; sourceTree = "<group>"; };
		30A4BB191D52400D00795BA7 /* ChatTypingIndicatorCell.swift */ = {isa = PBXFileReference; fileEncoding = 4; lastKnownFileType = sourcecode.swift; path = ChatTypingIndicatorCell.swift; sourceTree = "<group>"; };
		30A4BB1A1D52400D00795BA7 /* ChatTypingPreviewCell.swift */ = {isa = PBXFileReference; fileEncoding = 4; lastKnownFileType = sourcecode.swift; path = ChatTypingPreviewCell.swift; sourceTree = "<group>"; };
		30A4BB241D52402800795BA7 /* ChatMessagesTimeHeaderView.swift */ = {isa = PBXFileReference; fileEncoding = 4; lastKnownFileType = sourcecode.swift; path = ChatMessagesTimeHeaderView.swift; sourceTree = "<group>"; };
		30A4BB261D5240B100795BA7 /* ChatInfoTextCell.swift */ = {isa = PBXFileReference; fileEncoding = 4; lastKnownFileType = sourcecode.swift; path = ChatInfoTextCell.swift; sourceTree = "<group>"; };
		30A4BB281D52637200795BA7 /* ASAPPStyles.swift */ = {isa = PBXFileReference; fileEncoding = 4; lastKnownFileType = sourcecode.swift; path = ASAPPStyles.swift; sourceTree = "<group>"; };
		30AE79F81D4BC5E900651F09 /* ChatMessagesViewDataSource.swift */ = {isa = PBXFileReference; fileEncoding = 4; lastKnownFileType = sourcecode.swift; path = ChatMessagesViewDataSource.swift; sourceTree = "<group>"; };
		398862E561A41CE8F8535379 /* Pods-ASAPP.release.xcconfig */ = {isa = PBXFileReference; includeInIndex = 1; lastKnownFileType = text.xcconfig; name = "Pods-ASAPP.release.xcconfig"; path = "Pods/Target Support Files/Pods-ASAPP/Pods-ASAPP.release.xcconfig"; sourceTree = "<group>"; };
		867BB9E9767D8FDC4D42BE45 /* Pods-ASAPP.debug.xcconfig */ = {isa = PBXFileReference; includeInIndex = 1; lastKnownFileType = text.xcconfig; name = "Pods-ASAPP.debug.xcconfig"; path = "Pods/Target Support Files/Pods-ASAPP/Pods-ASAPP.debug.xcconfig"; sourceTree = "<group>"; };
		884AF161CDBE9B1176DFE03A /* Pods-ASAPP.adhoc.xcconfig */ = {isa = PBXFileReference; includeInIndex = 1; lastKnownFileType = text.xcconfig; name = "Pods-ASAPP.adhoc.xcconfig"; path = "Pods/Target Support Files/Pods-ASAPP/Pods-ASAPP.adhoc.xcconfig"; sourceTree = "<group>"; };
		96F26DD7E105E788FA9D6BCF /* Pods_ASAPP.framework */ = {isa = PBXFileReference; explicitFileType = wrapper.framework; includeInIndex = 0; path = Pods_ASAPP.framework; sourceTree = BUILT_PRODUCTS_DIR; };
		FD8D8AFA1D0F6E2A001B420B /* ASAPP.framework */ = {isa = PBXFileReference; explicitFileType = wrapper.framework; includeInIndex = 0; path = ASAPP.framework; sourceTree = BUILT_PRODUCTS_DIR; };
/* End PBXFileReference section */

/* Begin PBXFrameworksBuildPhase section */
		FD8D8AF61D0F6E2A001B420B /* Frameworks */ = {
			isa = PBXFrameworksBuildPhase;
			buildActionMask = 2147483647;
			files = (
				70320168AD14EF4C7E4C7D24 /* Pods_ASAPP.framework in Frameworks */,
			);
			runOnlyForDeploymentPostprocessing = 0;
		};
/* End PBXFrameworksBuildPhase section */

/* Begin PBXGroup section */
		28A99F281D5F8FDA00F9AA84 /* Utility Views */ = {
			isa = PBXGroup;
			children = (
				28A99F291D5F8FDA00F9AA84 /* ChatConnectionStatusView.swift */,
			);
			path = "Utility Views";
			sourceTree = "<group>";
		};
		28A99F2B1D5F900A00F9AA84 /* Suggested Replies Sheet */ = {
			isa = PBXGroup;
			children = (
				28A99F2F1D5F92DE00F9AA84 /* ChatSuggestedRepliesView.swift */,
				3008888D1D6258F100C25802 /* ChatSuggestedReplyCell.swift */,
				309219381D67A3E300E70AEB /* sample_bill_data.json */,
			);
			path = "Suggested Replies Sheet";
			sourceTree = "<group>";
		};
		300888961D63B1A200C25802 /* Event Payload Objects */ = {
			isa = PBXGroup;
			children = (
				300888971D63B1A200C25802 /* ActionableMessage.swift */,
				300888981D63B1A200C25802 /* ActionableMessageAction.swift */,
			);
			path = "Event Payload Objects";
			sourceTree = "<group>";
		};
		3008889B1D63C47900C25802 /* StackView */ = {
			isa = PBXGroup;
			children = (
				3008889C1D63C48600C25802 /* StackView.swift */,
				309219321D6666F700E70AEB /* TwoColumnLabelView.swift */,
			);
			path = StackView;
			sourceTree = "<group>";
		};
		30099DB01D3EDBC400171D56 /* ASAPP */ = {
			isa = PBXGroup;
			children = (
				30099DB11D3EDBC400171D56 /* ASAPP.swift */,
				30226CC01D4933F200871453 /* Data Models */,
				30226CC41D4933F200871453 /* Networking */,
				30226CCD1D4933F200871453 /* UI */,
				30099DBD1D3EDBC400171D56 /* Util */,
			);
			path = ASAPP;
			sourceTree = "<group>";
		};
		30099DBD1D3EDBC400171D56 /* Util */ = {
			isa = PBXGroup;
			children = (
				308F296F1D4164FE00EC7055 /* Colors.swift */,
				3029A6AC1D4BDFE4000B6404 /* DateExtensions.swift */,
				3049CD231D42AD8500F0C0E6 /* DebugLogger.swift */,
				28E9BE551D477CE400ACCF86 /* Dispatcher.swift */,
				308F29711D41665900EC7055 /* Fonts.swift */,
				308F29731D4168BE00EC7055 /* Images.swift */,
				28E9BE571D47800600ACCF86 /* KeyboardObserver.swift */,
				3019F5DE1D5B92760036D74E /* ColorExtensions.swift */,
				308F29751D416D1C00EC7055 /* UIImageExtensions.swift */,
				3092193C1D77320600E70AEB /* ASAPPStringLocalization.swift */,
			);
			path = Util;
			sourceTree = "<group>";
		};
		30099DE01D3EE40400171D56 /* Supporting Files */ = {
			isa = PBXGroup;
			children = (
				30099DE11D3EE40400171D56 /* ASAPP.h */,
				30099DE21D3EE40400171D56 /* Info.plist */,
			);
			path = "Supporting Files";
			sourceTree = "<group>";
		};
		30099E051D3FD1DA00171D56 /* Resources */ = {
			isa = PBXGroup;
			children = (
				30099E061D3FD1DA00171D56 /* Fonts */,
				30099E0B1D3FD1DA00171D56 /* Images */,
				3092193E1D77492F00E70AEB /* Strings */,
			);
			path = Resources;
			sourceTree = "<group>";
		};
		30099E061D3FD1DA00171D56 /* Fonts */ = {
			isa = PBXGroup;
			children = (
				30099E071D3FD1DA00171D56 /* Lato-Black.ttf */,
				30099E081D3FD1DA00171D56 /* Lato-Bold.ttf */,
				30099E091D3FD1DA00171D56 /* Lato-Light.ttf */,
				30099E0A1D3FD1DA00171D56 /* Lato-Regular.ttf */,
			);
			path = Fonts;
			sourceTree = "<group>";
		};
		30099E0B1D3FD1DA00171D56 /* Images */ = {
			isa = PBXGroup;
			children = (
				30226CFB1D49554E00871453 /* temp-icon-paperclip@2x.png */,
				30226CFD1D49574A00871453 /* temp-icon-paperclip@3x.png */,
				30A4BB111D5139CC00795BA7 /* temp-icon-x@2x.png */,
				30A4BB121D5139CC00795BA7 /* temp-icon-x@3x.png */,
				3019F5E01D5B935C0036D74E /* temp-icon-x-light@2x.png */,
				3019F5E11D5B935C0036D74E /* temp-icon-x-light@3x.png */,
				2840EC981D6A95ED00FA9ED7 /* asapp-logo@2x.png */,
				2840EC991D6A95ED00FA9ED7 /* asapp-logo@3x.png */,
			);
			path = Images;
			sourceTree = "<group>";
		};
		3019F5DB1D5A76BD0036D74E /* Info-Loading View */ = {
			isa = PBXGroup;
			children = (
				3019F5DC1D5A77B00036D74E /* ChatInfoMessageView.swift */,
			);
			path = "Info-Loading View";
			sourceTree = "<group>";
		};
		30226CC01D4933F200871453 /* Data Models */ = {
			isa = PBXGroup;
			children = (
				30226CC11D4933F200871453 /* Conversation.swift */,
				30226CC31D4933F200871453 /* Event.swift */,
				300888931D62756D00C25802 /* JSONParser.swift */,
				300888961D63B1A200C25802 /* Event Payload Objects */,
			);
			path = "Data Models";
			sourceTree = "<group>";
		};
		30226CC41D4933F200871453 /* Networking */ = {
			isa = PBXGroup;
			children = (
				30226CC91D4933F200871453 /* Content Managers */,
				30226CC51D4933F200871453 /* API */,
				30226CCB1D4933F200871453 /* Storage */,
			);
			path = Networking;
			sourceTree = "<group>";
		};
		30226CC51D4933F200871453 /* API */ = {
			isa = PBXGroup;
			children = (
				30226CC81D4933F200871453 /* SocketConnection.swift */,
				30226CC71D4933F200871453 /* OutgoingMessageSerializer.swift */,
				30226CC61D4933F200871453 /* IncomingMessageSerializer.swift */,
			);
			path = API;
			sourceTree = "<group>";
		};
		30226CC91D4933F200871453 /* Content Managers */ = {
			isa = PBXGroup;
			children = (
				30226CCA1D4933F200871453 /* ConversationManager.swift */,
			);
			path = "Content Managers";
			sourceTree = "<group>";
		};
		30226CCB1D4933F200871453 /* Storage */ = {
			isa = PBXGroup;
			children = (
				30226CCC1D4933F200871453 /* ConversationStore.swift */,
			);
			path = Storage;
			sourceTree = "<group>";
		};
		30226CCD1D4933F200871453 /* UI */ = {
			isa = PBXGroup;
			children = (
				30A4BB281D52637200795BA7 /* ASAPPStyles.swift */,
				30883F931D54E0CA002414E9 /* ASAPPButton */,
				30226CE71D493F5300871453 /* ChatViewController */,
				30226CEE1D493F5300871453 /* Common */,
			);
			path = UI;
			sourceTree = "<group>";
		};
		30226CE71D493F5300871453 /* ChatViewController */ = {
			isa = PBXGroup;
			children = (
				30226CE81D493F5300871453 /* ChatViewController.swift */,
				30226CEB1D493F5300871453 /* Messages List */,
				30226CE91D493F5300871453 /* Message Input */,
				28A99F2B1D5F900A00F9AA84 /* Suggested Replies Sheet */,
				28A99F281D5F8FDA00F9AA84 /* Utility Views */,
			);
			path = ChatViewController;
			sourceTree = "<group>";
		};
		30226CE91D493F5300871453 /* Message Input */ = {
			isa = PBXGroup;
			children = (
				30226CEA1D493F5300871453 /* ChatInputView.swift */,
				309219341D678FBD00E70AEB /* FrameTrackingInputAccessoryView.swift */,
			);
			path = "Message Input";
			sourceTree = "<group>";
		};
		30226CEB1D493F5300871453 /* Messages List */ = {
			isa = PBXGroup;
			children = (
				30226CED1D493F5300871453 /* ChatMessagesView.swift */,
				30AE79F81D4BC5E900651F09 /* ChatMessagesViewDataSource.swift */,
				300888A21D64BE4900C25802 /* ChatMessagesViewCellMaster.swift */,
				3019F5DB1D5A76BD0036D74E /* Info-Loading View */,
				30A4BB231D52402800795BA7 /* Supplementary Views */,
				30A4BB151D52400D00795BA7 /* Cells */,
			);
			path = "Messages List";
			sourceTree = "<group>";
		};
		30226CEE1D493F5300871453 /* Common */ = {
			isa = PBXGroup;
			children = (
				30226CF01D493F5300871453 /* BubbleView.swift */,
				28580A411D4C54DC005C91DF /* BouncingBallsLoadingView.swift */,
				307C63BE1D501E4300D8BC1B /* FixedSizeImageView.swift */,
				3008889B1D63C47900C25802 /* StackView */,
				30A4BB041D51095400795BA7 /* ImageViewer */,
				3008888B1D620D3700C25802 /* Button.swift */,
			);
			path = Common;
			sourceTree = "<group>";
		};
		30883F931D54E0CA002414E9 /* ASAPPButton */ = {
			isa = PBXGroup;
			children = (
				30883F941D54E0E7002414E9 /* ASAPPButton.swift */,
				3019F5D91D58D0810036D74E /* ButtonPresentationAnimator.swift */,
			);
			path = ASAPPButton;
			sourceTree = "<group>";
		};
		3092192F1D66607C00E70AEB /* Custom Views */ = {
			isa = PBXGroup;
			children = (
				309219301D66608C00E70AEB /* SummaryDetailsView.swift */,
			);
			path = "Custom Views";
			sourceTree = "<group>";
		};
		3092193E1D77492F00E70AEB /* Strings */ = {
			isa = PBXGroup;
			children = (
			);
			path = Strings;
			sourceTree = "<group>";
		};
		30A4BB041D51095400795BA7 /* ImageViewer */ = {
			isa = PBXGroup;
			children = (
				30A4BB051D5109F700795BA7 /* ImageViewer.swift */,
				30A4BB0F1D510AAA00795BA7 /* ImageViewerImage.swift */,
				30A4BB0B1D510A8F00795BA7 /* ImageViewerImageView.swift */,
				30A4BB071D510A2400795BA7 /* ImageViewerControlsView.swift */,
				30A4BB091D510A3600795BA7 /* ImageViewerTransitionAnimator.swift */,
				30A4BB0D1D510A9D00795BA7 /* ImageViewerImageViewController.swift */,
			);
			path = ImageViewer;
			sourceTree = "<group>";
		};
		30A4BB151D52400D00795BA7 /* Cells */ = {
			isa = PBXGroup;
			children = (
				300888A41D64D48300C25802 /* ChatMessagesViewCellProtocol.swift */,
				30A4BB161D52400D00795BA7 /* ChatBubbleCell.swift */,
				30A4BB171D52400D00795BA7 /* ChatPictureMessageCell.swift */,
				30A4BB181D52400D00795BA7 /* ChatTextMessageCell.swift */,
				30A4BB191D52400D00795BA7 /* ChatTypingIndicatorCell.swift */,
				30A4BB1A1D52400D00795BA7 /* ChatTypingPreviewCell.swift */,
				30A4BB261D5240B100795BA7 /* ChatInfoTextCell.swift */,
				300888A01D64B83900C25802 /* ChatBillSummaryCell.swift */,
				3092192F1D66607C00E70AEB /* Custom Views */,
			);
			path = Cells;
			sourceTree = "<group>";
		};
		30A4BB231D52402800795BA7 /* Supplementary Views */ = {
			isa = PBXGroup;
			children = (
				30A4BB241D52402800795BA7 /* ChatMessagesTimeHeaderView.swift */,
			);
			path = "Supplementary Views";
			sourceTree = "<group>";
		};
		5F7B85B6B6F9A7C1B0B5571A /* Pods */ = {
			isa = PBXGroup;
			children = (
				867BB9E9767D8FDC4D42BE45 /* Pods-ASAPP.debug.xcconfig */,
				398862E561A41CE8F8535379 /* Pods-ASAPP.release.xcconfig */,
				884AF161CDBE9B1176DFE03A /* Pods-ASAPP.adhoc.xcconfig */,
			);
			name = Pods;
			sourceTree = "<group>";
		};
		6A10F4CFFA2A2A316A2C20A4 /* Frameworks */ = {
			isa = PBXGroup;
			children = (
				96F26DD7E105E788FA9D6BCF /* Pods_ASAPP.framework */,
			);
			name = Frameworks;
			sourceTree = "<group>";
		};
		FD8D8AF01D0F6E2A001B420B = {
			isa = PBXGroup;
			children = (
				FD8D8AFC1D0F6E2A001B420B /* ASAPP */,
				FD8D8AFB1D0F6E2A001B420B /* Products */,
				5F7B85B6B6F9A7C1B0B5571A /* Pods */,
				6A10F4CFFA2A2A316A2C20A4 /* Frameworks */,
			);
			sourceTree = "<group>";
		};
		FD8D8AFB1D0F6E2A001B420B /* Products */ = {
			isa = PBXGroup;
			children = (
				FD8D8AFA1D0F6E2A001B420B /* ASAPP.framework */,
			);
			name = Products;
			sourceTree = "<group>";
		};
		FD8D8AFC1D0F6E2A001B420B /* ASAPP */ = {
			isa = PBXGroup;
			children = (
				30099DB01D3EDBC400171D56 /* ASAPP */,
				30099E051D3FD1DA00171D56 /* Resources */,
				30099DE01D3EE40400171D56 /* Supporting Files */,
			);
			path = ASAPP;
			sourceTree = "<group>";
		};
/* End PBXGroup section */

/* Begin PBXHeadersBuildPhase section */
		FD8D8AF71D0F6E2A001B420B /* Headers */ = {
			isa = PBXHeadersBuildPhase;
			buildActionMask = 2147483647;
			files = (
				30099DE31D3EE40400171D56 /* ASAPP.h in Headers */,
			);
			runOnlyForDeploymentPostprocessing = 0;
		};
/* End PBXHeadersBuildPhase section */

/* Begin PBXNativeTarget section */
		FD8D8AF91D0F6E2A001B420B /* ASAPP */ = {
			isa = PBXNativeTarget;
			buildConfigurationList = FD8D8B021D0F6E2A001B420B /* Build configuration list for PBXNativeTarget "ASAPP" */;
			buildPhases = (
				D0C3BFEC7A30DC60262E7C21 /* [CP] Check Pods Manifest.lock */,
				FD8D8AF51D0F6E2A001B420B /* Sources */,
				FD8D8AF61D0F6E2A001B420B /* Frameworks */,
				FD8D8AF71D0F6E2A001B420B /* Headers */,
				FD8D8AF81D0F6E2A001B420B /* Resources */,
				78CED34B4A52A587C2DF704B /* [CP] Copy Pods Resources */,
			);
			buildRules = (
			);
			dependencies = (
			);
			name = ASAPP;
			productName = ASAPP;
			productReference = FD8D8AFA1D0F6E2A001B420B /* ASAPP.framework */;
			productType = "com.apple.product-type.framework";
		};
/* End PBXNativeTarget section */

/* Begin PBXProject section */
		FD8D8AF11D0F6E2A001B420B /* Project object */ = {
			isa = PBXProject;
			attributes = {
				LastUpgradeCheck = 0730;
				ORGANIZATIONNAME = asappinc;
				TargetAttributes = {
					FD8D8AF91D0F6E2A001B420B = {
						CreatedOnToolsVersion = 7.3;
						DevelopmentTeam = GHJ79KTB8D;
					};
					FDFCDDD31D243BCD00AEBD2C = {
						CreatedOnToolsVersion = 7.3;
					};
				};
			};
			buildConfigurationList = FD8D8AF41D0F6E2A001B420B /* Build configuration list for PBXProject "ASAPP" */;
			compatibilityVersion = "Xcode 3.2";
			developmentRegion = English;
			hasScannedForEncodings = 0;
			knownRegions = (
				en,
			);
			mainGroup = FD8D8AF01D0F6E2A001B420B;
			productRefGroup = FD8D8AFB1D0F6E2A001B420B /* Products */;
			projectDirPath = "";
			projectRoot = "";
			targets = (
				FD8D8AF91D0F6E2A001B420B /* ASAPP */,
				FDFCDDD31D243BCD00AEBD2C /* ASAPPUniversal */,
			);
		};
/* End PBXProject section */

/* Begin PBXResourcesBuildPhase section */
		FD8D8AF81D0F6E2A001B420B /* Resources */ = {
			isa = PBXResourcesBuildPhase;
			buildActionMask = 2147483647;
			files = (
				3019F5E31D5B935C0036D74E /* temp-icon-x-light@3x.png in Resources */,
				30A4BB131D5139CC00795BA7 /* temp-icon-x@2x.png in Resources */,
				30099E101D3FD1DA00171D56 /* Lato-Bold.ttf in Resources */,
				30099E0F1D3FD1DA00171D56 /* Lato-Black.ttf in Resources */,
				30226CFC1D49554E00871453 /* temp-icon-paperclip@2x.png in Resources */,
				30099E111D3FD1DA00171D56 /* Lato-Light.ttf in Resources */,
				30099E121D3FD1DA00171D56 /* Lato-Regular.ttf in Resources */,
				2840EC9B1D6A95ED00FA9ED7 /* asapp-logo@3x.png in Resources */,
				30226CFE1D49574A00871453 /* temp-icon-paperclip@3x.png in Resources */,
				3019F5E21D5B935C0036D74E /* temp-icon-x-light@2x.png in Resources */,
				30A4BB141D5139CC00795BA7 /* temp-icon-x@3x.png in Resources */,
				2840EC9A1D6A95ED00FA9ED7 /* asapp-logo@2x.png in Resources */,
			);
			runOnlyForDeploymentPostprocessing = 0;
		};
/* End PBXResourcesBuildPhase section */

/* Begin PBXShellScriptBuildPhase section */
		78CED34B4A52A587C2DF704B /* [CP] Copy Pods Resources */ = {
			isa = PBXShellScriptBuildPhase;
			buildActionMask = 2147483647;
			files = (
			);
			inputPaths = (
			);
			name = "[CP] Copy Pods Resources";
			outputPaths = (
			);
			runOnlyForDeploymentPostprocessing = 0;
			shellPath = /bin/sh;
			shellScript = "\"${SRCROOT}/Pods/Target Support Files/Pods-ASAPP/Pods-ASAPP-resources.sh\"\n";
			showEnvVarsInLog = 0;
		};
		D0C3BFEC7A30DC60262E7C21 /* [CP] Check Pods Manifest.lock */ = {
			isa = PBXShellScriptBuildPhase;
			buildActionMask = 2147483647;
			files = (
			);
			inputPaths = (
			);
			name = "[CP] Check Pods Manifest.lock";
			outputPaths = (
			);
			runOnlyForDeploymentPostprocessing = 0;
			shellPath = /bin/sh;
			shellScript = "diff \"${PODS_ROOT}/../Podfile.lock\" \"${PODS_ROOT}/Manifest.lock\" > /dev/null\nif [[ $? != 0 ]] ; then\n    cat << EOM\nerror: The sandbox is not in sync with the Podfile.lock. Run 'pod install' or update your CocoaPods installation.\nEOM\n    exit 1\nfi\n";
			showEnvVarsInLog = 0;
		};
		FDFCDDD91D24419E00AEBD2C /* ShellScript */ = {
			isa = PBXShellScriptBuildPhase;
			buildActionMask = 2147483647;
			files = (
			);
			inputPaths = (
			);
			outputPaths = (
			);
			runOnlyForDeploymentPostprocessing = 0;
			shellPath = /bin/sh;
			shellScript = "\nREVEAL_ARCHIVE_IN_FINDER=true\n\nFRAMEWORK_NAME=\"${PROJECT_NAME}\"\n\nSIMULATOR_LIBRARY_PATH=\"${BUILD_DIR}/${CONFIGURATION}-iphonesimulator/${FRAMEWORK_NAME}.framework\"\n\nDEVICE_LIBRARY_PATH=\"${BUILD_DIR}/${CONFIGURATION}-iphoneos/${FRAMEWORK_NAME}.framework\"\n\nUNIVERSAL_LIBRARY_DIR=\"${BUILD_DIR}/${CONFIGURATION}-iphoneuniversal\"\n\nFRAMEWORK=\"${UNIVERSAL_LIBRARY_DIR}/${FRAMEWORK_NAME}.framework\"\n\n\n######################\n# Build Frameworks\n######################\n\nxcodebuild -workspace ${PROJECT_NAME}.xcworkspace -scheme ${PROJECT_NAME} -sdk iphonesimulator -configuration ${CONFIGURATION} clean build CONFIGURATION_BUILD_DIR=${BUILD_DIR}/${CONFIGURATION}-iphonesimulator 2>&1\n\nxcodebuild -workspace ${PROJECT_NAME}.xcworkspace -scheme ${PROJECT_NAME} -sdk iphoneos -configuration ${CONFIGURATION} clean build CONFIGURATION_BUILD_DIR=${BUILD_DIR}/${CONFIGURATION}-iphoneos 2>&1\n\n######################\n# Create directory for universal\n######################\n\nrm -rf \"${UNIVERSAL_LIBRARY_DIR}\"\n\nmkdir \"${UNIVERSAL_LIBRARY_DIR}\"\n\nmkdir \"${FRAMEWORK}\"\n\n\n######################\n# Copy files Framework\n######################\n\ncp -r \"${DEVICE_LIBRARY_PATH}/.\" \"${FRAMEWORK}\"\n\n\n######################\n# Make an universal binary\n######################\n\nlipo \"${SIMULATOR_LIBRARY_PATH}/${FRAMEWORK_NAME}\" \"${DEVICE_LIBRARY_PATH}/${FRAMEWORK_NAME}\" -create -output \"${FRAMEWORK}/${FRAMEWORK_NAME}\" | echo\n\n# For Swift framework, Swiftmodule needs to be copied in the universal framework\nif [ -d \"${SIMULATOR_LIBRARY_PATH}/Modules/${FRAMEWORK_NAME}.swiftmodule/\" ]; then\ncp -f ${SIMULATOR_LIBRARY_PATH}/Modules/${FRAMEWORK_NAME}.swiftmodule/* \"${FRAMEWORK}/Modules/${FRAMEWORK_NAME}.swiftmodule/\" | echo\n                                                                      fi\n                                                                      \n                                                                      if [ -d \"${DEVICE_LIBRARY_PATH}/Modules/${FRAMEWORK_NAME}.swiftmodule/\" ]; then\n                                                                      cp -f ${DEVICE_LIBRARY_PATH}/Modules/${FRAMEWORK_NAME}.swiftmodule/* \"${FRAMEWORK}/Modules/${FRAMEWORK_NAME}.swiftmodule/\" | echo\n                                                                      fi\n                                                                      \n                                                                      ######################\n                                                                      # On Release, copy the result to release directory\n                                                                      ######################\n                                                                      OUTPUT_DIR=\"${PROJECT_DIR}/Output/${FRAMEWORK_NAME}-${CONFIGURATION}-iphoneuniversal/\"\n                                                                      \n                                                                      rm -rf \"$OUTPUT_DIR\"\n                                                                      mkdir -p \"$OUTPUT_DIR\"\n                                                                      \n                                                                      cp -r \"${FRAMEWORK}\" \"$OUTPUT_DIR\"\n                                                                      \n                                                                      if [ ${REVEAL_ARCHIVE_IN_FINDER} = true ]; then\n                                                                      open \"${OUTPUT_DIR}/\"\n                                                                      fi";
		};
/* End PBXShellScriptBuildPhase section */

/* Begin PBXSourcesBuildPhase section */
		FD8D8AF51D0F6E2A001B420B /* Sources */ = {
			isa = PBXSourcesBuildPhase;
			buildActionMask = 2147483647;
			files = (
				309219351D678FBD00E70AEB /* FrameTrackingInputAccessoryView.swift in Sources */,
				300888A31D64BE4900C25802 /* ChatMessagesViewCellMaster.swift in Sources */,
				30A4BB0E1D510A9D00795BA7 /* ImageViewerImageViewController.swift in Sources */,
				30A4BB271D5240B100795BA7 /* ChatInfoTextCell.swift in Sources */,
				309219331D6666F700E70AEB /* TwoColumnLabelView.swift in Sources */,
				28E9BE561D477CE400ACCF86 /* Dispatcher.swift in Sources */,
				30A4BB0A1D510A3600795BA7 /* ImageViewerTransitionAnimator.swift in Sources */,
				30A4BB0C1D510A8F00795BA7 /* ImageViewerImageView.swift in Sources */,
				30226CF61D493F5300871453 /* BubbleView.swift in Sources */,
				30A4BB061D5109F700795BA7 /* ImageViewer.swift in Sources */,
				30226CF41D493F5300871453 /* ChatMessagesView.swift in Sources */,
				308F29761D416D1C00EC7055 /* UIImageExtensions.swift in Sources */,
				28E9BE581D47800600ACCF86 /* KeyboardObserver.swift in Sources */,
				28A99F2A1D5F8FDA00F9AA84 /* ChatConnectionStatusView.swift in Sources */,
				30226CD91D4933F200871453 /* SocketConnection.swift in Sources */,
				309219311D66608C00E70AEB /* SummaryDetailsView.swift in Sources */,
				30A4BB201D52400D00795BA7 /* ChatTypingIndicatorCell.swift in Sources */,
				30A4BB251D52402800795BA7 /* ChatMessagesTimeHeaderView.swift in Sources */,
				30226CD41D4933F200871453 /* Conversation.swift in Sources */,
				308F29701D4164FE00EC7055 /* Colors.swift in Sources */,
				3049CD241D42AD8500F0C0E6 /* DebugLogger.swift in Sources */,
				300888991D63B1A200C25802 /* ActionableMessage.swift in Sources */,
				3008889D1D63C48600C25802 /* StackView.swift in Sources */,
				30226CD71D4933F200871453 /* IncomingMessageSerializer.swift in Sources */,
				3029A6AD1D4BDFE4000B6404 /* DateExtensions.swift in Sources */,
				30A4BB101D510AAA00795BA7 /* ImageViewerImage.swift in Sources */,
				30A4BB211D52400D00795BA7 /* ChatTypingPreviewCell.swift in Sources */,
				3008888E1D6258F100C25802 /* ChatSuggestedReplyCell.swift in Sources */,
				30099DCC1D3EDBC400171D56 /* ASAPP.swift in Sources */,
				3092193D1D77320600E70AEB /* ASAPPStringLocalization.swift in Sources */,
				30226CD61D4933F200871453 /* Event.swift in Sources */,
				308F29721D41665900EC7055 /* Fonts.swift in Sources */,
				3008888C1D620D3700C25802 /* Button.swift in Sources */,
				307C63BF1D501E4300D8BC1B /* FixedSizeImageView.swift in Sources */,
				3019F5DD1D5A77B00036D74E /* ChatInfoMessageView.swift in Sources */,
				300888A11D64B83900C25802 /* ChatBillSummaryCell.swift in Sources */,
				3019F5DF1D5B92760036D74E /* ColorExtensions.swift in Sources */,
				308F29741D4168BE00EC7055 /* Images.swift in Sources */,
				30226CDB1D4933F200871453 /* ConversationStore.swift in Sources */,
				3019F5DA1D58D0810036D74E /* ButtonPresentationAnimator.swift in Sources */,
				28580A421D4C54DC005C91DF /* BouncingBallsLoadingView.swift in Sources */,
				30A4BB1E1D52400D00795BA7 /* ChatPictureMessageCell.swift in Sources */,
				30226CD81D4933F200871453 /* OutgoingMessageSerializer.swift in Sources */,
				30226CF11D493F5300871453 /* ChatViewController.swift in Sources */,
				28A99F301D5F92DE00F9AA84 /* ChatSuggestedRepliesView.swift in Sources */,
				30226CF21D493F5300871453 /* ChatInputView.swift in Sources */,
				300888941D62756D00C25802 /* JSONParser.swift in Sources */,
				30883F951D54E0E7002414E9 /* ASAPPButton.swift in Sources */,
				30A4BB1F1D52400D00795BA7 /* ChatTextMessageCell.swift in Sources */,
				30A4BB1D1D52400D00795BA7 /* ChatBubbleCell.swift in Sources */,
				30AE79F91D4BC5E900651F09 /* ChatMessagesViewDataSource.swift in Sources */,
				3008889A1D63B1A200C25802 /* ActionableMessageAction.swift in Sources */,
				30A4BB291D52637200795BA7 /* ASAPPStyles.swift in Sources */,
				30226CDA1D4933F200871453 /* ConversationManager.swift in Sources */,
				300888A51D64D48300C25802 /* ChatMessagesViewCellProtocol.swift in Sources */,
				30A4BB081D510A2400795BA7 /* ImageViewerControlsView.swift in Sources */,
			);
			runOnlyForDeploymentPostprocessing = 0;
		};
/* End PBXSourcesBuildPhase section */

/* Begin XCBuildConfiguration section */
		30A4BB2A1D52B57E00795BA7 /* AdHoc */ = {
			isa = XCBuildConfiguration;
			buildSettings = {
				ALWAYS_SEARCH_USER_PATHS = NO;
				CLANG_ANALYZER_NONNULL = YES;
				CLANG_CXX_LANGUAGE_STANDARD = "gnu++0x";
				CLANG_CXX_LIBRARY = "libc++";
				CLANG_ENABLE_MODULES = YES;
				CLANG_ENABLE_OBJC_ARC = YES;
				CLANG_WARN_BOOL_CONVERSION = YES;
				CLANG_WARN_CONSTANT_CONVERSION = YES;
				CLANG_WARN_DIRECT_OBJC_ISA_USAGE = YES_ERROR;
				CLANG_WARN_EMPTY_BODY = YES;
				CLANG_WARN_ENUM_CONVERSION = YES;
				CLANG_WARN_INT_CONVERSION = YES;
				CLANG_WARN_OBJC_ROOT_CLASS = YES_ERROR;
				CLANG_WARN_UNREACHABLE_CODE = YES;
				CLANG_WARN__DUPLICATE_METHOD_MATCH = YES;
				"CODE_SIGN_IDENTITY[sdk=iphoneos*]" = "";
				COPY_PHASE_STRIP = NO;
				CURRENT_PROJECT_VERSION = 1;
				DEBUG_INFORMATION_FORMAT = "dwarf-with-dsym";
				ENABLE_NS_ASSERTIONS = NO;
				ENABLE_STRICT_OBJC_MSGSEND = YES;
				GCC_C_LANGUAGE_STANDARD = gnu99;
				GCC_NO_COMMON_BLOCKS = YES;
				GCC_WARN_64_TO_32_BIT_CONVERSION = YES;
				GCC_WARN_ABOUT_RETURN_TYPE = YES_ERROR;
				GCC_WARN_UNDECLARED_SELECTOR = YES;
				GCC_WARN_UNINITIALIZED_AUTOS = YES_AGGRESSIVE;
				GCC_WARN_UNUSED_FUNCTION = YES;
				GCC_WARN_UNUSED_VARIABLE = YES;
				IPHONEOS_DEPLOYMENT_TARGET = 8.0;
				MTL_ENABLE_DEBUG_INFO = NO;
				SDKROOT = iphoneos;
				TARGETED_DEVICE_FAMILY = "1,2";
				VALIDATE_PRODUCT = YES;
				VERSIONING_SYSTEM = "apple-generic";
				VERSION_INFO_PREFIX = "";
			};
			name = AdHoc;
		};
		30A4BB2B1D52B57E00795BA7 /* AdHoc */ = {
			isa = XCBuildConfiguration;
			baseConfigurationReference = 884AF161CDBE9B1176DFE03A /* Pods-ASAPP.adhoc.xcconfig */;
			buildSettings = {
				CLANG_ENABLE_MODULES = YES;
				CODE_SIGN_IDENTITY = "iPhone Developer";
				DEFINES_MODULE = YES;
				DYLIB_COMPATIBILITY_VERSION = 1;
				DYLIB_CURRENT_VERSION = 1;
				DYLIB_INSTALL_NAME_BASE = "@rpath";
				INFOPLIST_FILE = "ASAPP/Supporting Files/Info.plist";
				INSTALL_PATH = "$(LOCAL_LIBRARY_DIR)/Frameworks";
				IPHONEOS_DEPLOYMENT_TARGET = 8.0;
				LD_RUNPATH_SEARCH_PATHS = "$(inherited) @executable_path/Frameworks @loader_path/Frameworks";
				PRODUCT_BUNDLE_IDENTIFIER = com.asappinc.ASAPPtest;
				PRODUCT_NAME = "$(TARGET_NAME)";
				PROVISIONING_PROFILE = "1230933c-4aff-42cd-8b6f-539e181c8712";
				SKIP_INSTALL = YES;
			};
			name = AdHoc;
		};
		30A4BB2C1D52B57E00795BA7 /* AdHoc */ = {
			isa = XCBuildConfiguration;
			buildSettings = {
				CODE_SIGN_IDENTITY = "iPhone Developer: Mitchell S Morgan (S444KZ7Z7F)";
				PRODUCT_NAME = "$(TARGET_NAME)";
				PROVISIONING_PROFILE = "1230933c-4aff-42cd-8b6f-539e181c8712";
			};
			name = AdHoc;
		};
		FD8D8B001D0F6E2A001B420B /* Debug */ = {
			isa = XCBuildConfiguration;
			buildSettings = {
				ALWAYS_SEARCH_USER_PATHS = NO;
				CLANG_ANALYZER_NONNULL = YES;
				CLANG_CXX_LANGUAGE_STANDARD = "gnu++0x";
				CLANG_CXX_LIBRARY = "libc++";
				CLANG_ENABLE_MODULES = YES;
				CLANG_ENABLE_OBJC_ARC = YES;
				CLANG_WARN_BOOL_CONVERSION = YES;
				CLANG_WARN_CONSTANT_CONVERSION = YES;
				CLANG_WARN_DIRECT_OBJC_ISA_USAGE = YES_ERROR;
				CLANG_WARN_EMPTY_BODY = YES;
				CLANG_WARN_ENUM_CONVERSION = YES;
				CLANG_WARN_INT_CONVERSION = YES;
				CLANG_WARN_OBJC_ROOT_CLASS = YES_ERROR;
				CLANG_WARN_UNREACHABLE_CODE = YES;
				CLANG_WARN__DUPLICATE_METHOD_MATCH = YES;
				"CODE_SIGN_IDENTITY[sdk=iphoneos*]" = "";
				COPY_PHASE_STRIP = NO;
				CURRENT_PROJECT_VERSION = 1;
				DEBUG_INFORMATION_FORMAT = dwarf;
				ENABLE_STRICT_OBJC_MSGSEND = YES;
				ENABLE_TESTABILITY = YES;
				GCC_C_LANGUAGE_STANDARD = gnu99;
				GCC_DYNAMIC_NO_PIC = NO;
				GCC_NO_COMMON_BLOCKS = YES;
				GCC_OPTIMIZATION_LEVEL = 0;
				GCC_PREPROCESSOR_DEFINITIONS = (
					"DEBUG=1",
					"$(inherited)",
				);
				GCC_WARN_64_TO_32_BIT_CONVERSION = YES;
				GCC_WARN_ABOUT_RETURN_TYPE = YES_ERROR;
				GCC_WARN_UNDECLARED_SELECTOR = YES;
				GCC_WARN_UNINITIALIZED_AUTOS = YES_AGGRESSIVE;
				GCC_WARN_UNUSED_FUNCTION = YES;
				GCC_WARN_UNUSED_VARIABLE = YES;
				IPHONEOS_DEPLOYMENT_TARGET = 8.0;
				MTL_ENABLE_DEBUG_INFO = YES;
				ONLY_ACTIVE_ARCH = YES;
				SDKROOT = iphoneos;
				SWIFT_OPTIMIZATION_LEVEL = "-Onone";
				TARGETED_DEVICE_FAMILY = "1,2";
				VERSIONING_SYSTEM = "apple-generic";
				VERSION_INFO_PREFIX = "";
			};
			name = Debug;
		};
		FD8D8B011D0F6E2A001B420B /* Release */ = {
			isa = XCBuildConfiguration;
			buildSettings = {
				ALWAYS_SEARCH_USER_PATHS = NO;
				CLANG_ANALYZER_NONNULL = YES;
				CLANG_CXX_LANGUAGE_STANDARD = "gnu++0x";
				CLANG_CXX_LIBRARY = "libc++";
				CLANG_ENABLE_MODULES = YES;
				CLANG_ENABLE_OBJC_ARC = YES;
				CLANG_WARN_BOOL_CONVERSION = YES;
				CLANG_WARN_CONSTANT_CONVERSION = YES;
				CLANG_WARN_DIRECT_OBJC_ISA_USAGE = YES_ERROR;
				CLANG_WARN_EMPTY_BODY = YES;
				CLANG_WARN_ENUM_CONVERSION = YES;
				CLANG_WARN_INT_CONVERSION = YES;
				CLANG_WARN_OBJC_ROOT_CLASS = YES_ERROR;
				CLANG_WARN_UNREACHABLE_CODE = YES;
				CLANG_WARN__DUPLICATE_METHOD_MATCH = YES;
				"CODE_SIGN_IDENTITY[sdk=iphoneos*]" = "";
				COPY_PHASE_STRIP = NO;
				CURRENT_PROJECT_VERSION = 1;
				DEBUG_INFORMATION_FORMAT = "dwarf-with-dsym";
				ENABLE_NS_ASSERTIONS = NO;
				ENABLE_STRICT_OBJC_MSGSEND = YES;
				GCC_C_LANGUAGE_STANDARD = gnu99;
				GCC_NO_COMMON_BLOCKS = YES;
				GCC_WARN_64_TO_32_BIT_CONVERSION = YES;
				GCC_WARN_ABOUT_RETURN_TYPE = YES_ERROR;
				GCC_WARN_UNDECLARED_SELECTOR = YES;
				GCC_WARN_UNINITIALIZED_AUTOS = YES_AGGRESSIVE;
				GCC_WARN_UNUSED_FUNCTION = YES;
				GCC_WARN_UNUSED_VARIABLE = YES;
				IPHONEOS_DEPLOYMENT_TARGET = 8.0;
				MTL_ENABLE_DEBUG_INFO = NO;
				SDKROOT = iphoneos;
				TARGETED_DEVICE_FAMILY = "1,2";
				VALIDATE_PRODUCT = YES;
				VERSIONING_SYSTEM = "apple-generic";
				VERSION_INFO_PREFIX = "";
			};
			name = Release;
		};
		FD8D8B031D0F6E2A001B420B /* Debug */ = {
			isa = XCBuildConfiguration;
			baseConfigurationReference = 867BB9E9767D8FDC4D42BE45 /* Pods-ASAPP.debug.xcconfig */;
			buildSettings = {
				CLANG_ENABLE_MODULES = YES;
				CODE_SIGN_IDENTITY = "iPhone Developer";
				DEFINES_MODULE = YES;
				DYLIB_COMPATIBILITY_VERSION = 1;
				DYLIB_CURRENT_VERSION = 1;
				DYLIB_INSTALL_NAME_BASE = "@rpath";
				INFOPLIST_FILE = "ASAPP/Supporting Files/Info.plist";
				INSTALL_PATH = "$(LOCAL_LIBRARY_DIR)/Frameworks";
				IPHONEOS_DEPLOYMENT_TARGET = 8.0;
				LD_RUNPATH_SEARCH_PATHS = "$(inherited) @executable_path/Frameworks @loader_path/Frameworks";
				ONLY_ACTIVE_ARCH = NO;
				PRODUCT_BUNDLE_IDENTIFIER = com.asappinc.ASAPPtest;
				PRODUCT_NAME = "$(TARGET_NAME)";
				PROVISIONING_PROFILE = "1230933c-4aff-42cd-8b6f-539e181c8712";
				SKIP_INSTALL = YES;
				SWIFT_OPTIMIZATION_LEVEL = "-Onone";
			};
			name = Debug;
		};
		FD8D8B041D0F6E2A001B420B /* Release */ = {
			isa = XCBuildConfiguration;
			baseConfigurationReference = 398862E561A41CE8F8535379 /* Pods-ASAPP.release.xcconfig */;
			buildSettings = {
				CLANG_ENABLE_MODULES = YES;
				CODE_SIGN_IDENTITY = "iPhone Developer";
				DEFINES_MODULE = YES;
				DYLIB_COMPATIBILITY_VERSION = 1;
				DYLIB_CURRENT_VERSION = 1;
				DYLIB_INSTALL_NAME_BASE = "@rpath";
				INFOPLIST_FILE = "ASAPP/Supporting Files/Info.plist";
				INSTALL_PATH = "$(LOCAL_LIBRARY_DIR)/Frameworks";
				IPHONEOS_DEPLOYMENT_TARGET = 8.0;
				LD_RUNPATH_SEARCH_PATHS = "$(inherited) @executable_path/Frameworks @loader_path/Frameworks";
				PRODUCT_BUNDLE_IDENTIFIER = com.asappinc.ASAPPtest;
				PRODUCT_NAME = "$(TARGET_NAME)";
				PROVISIONING_PROFILE = "1230933c-4aff-42cd-8b6f-539e181c8712";
				SKIP_INSTALL = YES;
			};
			name = Release;
		};
		FDFCDDD41D243BCD00AEBD2C /* Debug */ = {
			isa = XCBuildConfiguration;
			buildSettings = {
				CODE_SIGN_IDENTITY = "iPhone Developer: Mitchell S Morgan (S444KZ7Z7F)";
				ONLY_ACTIVE_ARCH = NO;
				PRODUCT_NAME = "$(TARGET_NAME)";
				PROVISIONING_PROFILE = "1230933c-4aff-42cd-8b6f-539e181c8712";
			};
			name = Debug;
		};
		FDFCDDD51D243BCD00AEBD2C /* Release */ = {
			isa = XCBuildConfiguration;
			buildSettings = {
				CODE_SIGN_IDENTITY = "iPhone Developer: Mitchell S Morgan (S444KZ7Z7F)";
				PRODUCT_NAME = "$(TARGET_NAME)";
				PROVISIONING_PROFILE = "1230933c-4aff-42cd-8b6f-539e181c8712";
			};
			name = Release;
		};
/* End XCBuildConfiguration section */

/* Begin XCConfigurationList section */
		FD8D8AF41D0F6E2A001B420B /* Build configuration list for PBXProject "ASAPP" */ = {
			isa = XCConfigurationList;
			buildConfigurations = (
				FD8D8B001D0F6E2A001B420B /* Debug */,
				FD8D8B011D0F6E2A001B420B /* Release */,
				30A4BB2A1D52B57E00795BA7 /* AdHoc */,
			);
			defaultConfigurationIsVisible = 0;
			defaultConfigurationName = Release;
		};
		FD8D8B021D0F6E2A001B420B /* Build configuration list for PBXNativeTarget "ASAPP" */ = {
			isa = XCConfigurationList;
			buildConfigurations = (
				FD8D8B031D0F6E2A001B420B /* Debug */,
				FD8D8B041D0F6E2A001B420B /* Release */,
				30A4BB2B1D52B57E00795BA7 /* AdHoc */,
			);
			defaultConfigurationIsVisible = 0;
			defaultConfigurationName = Release;
		};
		FDFCDDD61D243BCD00AEBD2C /* Build configuration list for PBXAggregateTarget "ASAPPUniversal" */ = {
			isa = XCConfigurationList;
			buildConfigurations = (
				FDFCDDD41D243BCD00AEBD2C /* Debug */,
				FDFCDDD51D243BCD00AEBD2C /* Release */,
				30A4BB2C1D52B57E00795BA7 /* AdHoc */,
			);
			defaultConfigurationIsVisible = 0;
			defaultConfigurationName = Release;
		};
/* End XCConfigurationList section */
	};
	rootObject = FD8D8AF11D0F6E2A001B420B /* Project object */;
}
