<?xml version="1.0" encoding="UTF-8"?>
<Scheme
   LastUpgradeVersion = "0910"
   version = "1.3">
   <BuildAction
      parallelizeBuildables = "YES"
      buildImplicitDependencies = "YES">
      <BuildActionEntries>
         <BuildActionEntry
            buildForTesting = "YES"
            buildForRunning = "YES"
            buildForProfiling = "YES"
            buildForArchiving = "YES"
            buildForAnalyzing = "YES">
            <BuildableReference
               BuildableIdentifier = "primary"
               BlueprintIdentifier = "3A797B691F97A29D00883ABF"
               BuildableName = "Tests.app"
               BlueprintName = "Tests"
               ReferencedContainer = "container:Tests.xcodeproj">
            </BuildableReference>
         </BuildActionEntry>
         <BuildActionEntry
            buildForTesting = "NO"
            buildForRunning = "NO"
            buildForProfiling = "NO"
            buildForArchiving = "NO"
            buildForAnalyzing = "NO">
            <BuildableReference
               BuildableIdentifier = "primary"
               BlueprintIdentifier = "3AA0D3BE20AA448100A04206"
               BuildableName = "Interaction Tests.xctest"
               BlueprintName = "Interaction Tests"
               ReferencedContainer = "container:Tests.xcodeproj">
            </BuildableReference>
         </BuildActionEntry>
      </BuildActionEntries>
   </BuildAction>
   <TestAction
      buildConfiguration = "Debug"
      selectedDebuggerIdentifier = "Xcode.DebuggerFoundation.Debugger.LLDB"
      selectedLauncherIdentifier = "Xcode.DebuggerFoundation.Launcher.LLDB"
      codeCoverageEnabled = "YES"
      shouldUseLaunchSchemeArgsEnv = "NO">
      <Testables>
         <TestableReference
            skipped = "NO">
            <BuildableReference
               BuildableIdentifier = "primary"
               BlueprintIdentifier = "3A797B7D1F97A29D00883ABF"
               BuildableName = "Unit Tests.xctest"
               BlueprintName = "Unit Tests"
               ReferencedContainer = "container:Tests.xcodeproj">
            </BuildableReference>
         </TestableReference>
         <TestableReference
            skipped = "NO">
            <BuildableReference
               BuildableIdentifier = "primary"
               BlueprintIdentifier = "3A797B881F97A29D00883ABF"
               BuildableName = "UI Tests.xctest"
               BlueprintName = "UI Tests"
               ReferencedContainer = "container:Tests.xcodeproj">
            </BuildableReference>
         </TestableReference>
      </Testables>
      <MacroExpansion>
         <BuildableReference
            BuildableIdentifier = "primary"
            BlueprintIdentifier = "3A797B691F97A29D00883ABF"
            BuildableName = "Tests.app"
            BlueprintName = "Tests"
            ReferencedContainer = "container:Tests.xcodeproj">
         </BuildableReference>
      </MacroExpansion>
      <EnvironmentVariables>
         <EnvironmentVariable
            key = "IMAGE_DIFF_DIR"
            value = "$(SRCROOT)/UI Tests/FailureDiffs"
            isEnabled = "YES">
         </EnvironmentVariable>
         <EnvironmentVariable
            key = "FB_REFERENCE_IMAGE_DIR"
            value = "$(SRCROOT)/UI Tests/ReferenceImages"
            isEnabled = "YES">
         </EnvironmentVariable>
      </EnvironmentVariables>
      <AdditionalOptions>
      </AdditionalOptions>
   </TestAction>
   <LaunchAction
      buildConfiguration = "Debug"
      selectedDebuggerIdentifier = "Xcode.DebuggerFoundation.Debugger.LLDB"
      selectedLauncherIdentifier = "Xcode.DebuggerFoundation.Launcher.LLDB"
      launchStyle = "0"
      useCustomWorkingDirectory = "NO"
      ignoresPersistentStateOnLaunch = "NO"
      debugDocumentVersioning = "YES"
      debugServiceExtension = "internal"
      allowLocationSimulation = "YES">
      <BuildableProductRunnable
         runnableDebuggingMode = "0">
         <BuildableReference
            BuildableIdentifier = "primary"
            BlueprintIdentifier = "3A797B691F97A29D00883ABF"
            BuildableName = "Tests.app"
            BlueprintName = "Tests"
            ReferencedContainer = "container:Tests.xcodeproj">
         </BuildableReference>
      </BuildableProductRunnable>
      <CommandLineArguments>
         <CommandLineArgument
            argument = "form:feedback-form"
            isEnabled = "NO">
         </CommandLineArgument>
         <CommandLineArgument
            argument = "form:tab-view"
            isEnabled = "NO">
         </CommandLineArgument>
         <CommandLineArgument
            argument = "form:ultimate-collection"
            isEnabled = "NO">
         </CommandLineArgument>
         <CommandLineArgument
            argument = "form:data-usage"
            isEnabled = "NO">
         </CommandLineArgument>
         <CommandLineArgument
            argument = "formWithScale"
            isEnabled = "NO">
         </CommandLineArgument>
         <CommandLineArgument
            argument = "formWithRadio"
            isEnabled = "NO">
         </CommandLineArgument>
         <CommandLineArgument
            argument = "formValidation"
            isEnabled = "NO">
         </CommandLineArgument>
         <CommandLineArgument
            argument = "message:image-and-buttons"
            isEnabled = "NO">
         </CommandLineArgument>
         <CommandLineArgument
            argument = "message:card-and-buttons"
            isEnabled = "NO">
         </CommandLineArgument>
         <CommandLineArgument
            argument = "message:cancelled-auto-pay"
            isEnabled = "YES">
         </CommandLineArgument>
         <CommandLineArgument
            argument = "message:carousel-uneven"
            isEnabled = "NO">
         </CommandLineArgument>
      </CommandLineArguments>
      <AdditionalOptions>
      </AdditionalOptions>
   </LaunchAction>
   <ProfileAction
      buildConfiguration = "Release"
      shouldUseLaunchSchemeArgsEnv = "YES"
      savedToolIdentifier = ""
      useCustomWorkingDirectory = "NO"
      debugDocumentVersioning = "YES">
      <BuildableProductRunnable
         runnableDebuggingMode = "0">
         <BuildableReference
            BuildableIdentifier = "primary"
            BlueprintIdentifier = "3A797B691F97A29D00883ABF"
            BuildableName = "Tests.app"
            BlueprintName = "Tests"
            ReferencedContainer = "container:Tests.xcodeproj">
         </BuildableReference>
      </BuildableProductRunnable>
   </ProfileAction>
   <AnalyzeAction
      buildConfiguration = "Debug">
   </AnalyzeAction>
   <ArchiveAction
      buildConfiguration = "Release"
      revealArchiveInOrganizer = "YES">
   </ArchiveAction>
</Scheme>
