PODS:
  - Realm (1.0.2):
    - Realm/Headers (= 1.0.2)
  - Realm/Headers (1.0.2)
  - RealmSwift (1.0.2):
    - Realm (= 1.0.2)
  - SnapKit (0.21.1)
  - SocketRocket (0.5.1)

DEPENDENCIES:
  - RealmSwift (~> 1.0.2)
  - SnapKit (~> 0.21.1)
  - SocketRocket (~> 0.5.1)

SPEC CHECKSUMS:
  Realm: 9d5c46a4d7d27958530a8dfc58f63a99e5c2cba3
  RealmSwift: 82f3ac5e24530143dddfde2033acc0d308f27d96
  SnapKit: bbad04cb016c7cead63965f16b00c09318d271ee
  SocketRocket: d57c7159b83c3c6655745cd15302aa24b6bae531

PODFILE CHECKSUM: 1ce007255eb11ccaaa88a3b10104a6d44362cf6f

COCOAPODS: 1.0.1
