// !$*UTF8*$!
{
	archiveVersion = 1;
	classes = {
	};
	objectVersion = 46;
	objects = {

/* Begin PBXBuildFile section */
		307022B81DBE531F0027908C /* BaseTableViewController.swift in Sources */ = {isa = PBXBuildFile; fileRef = 307022B71DBE531F0027908C /* BaseTableViewController.swift */; };
		307022BA1DBE554D0027908C /* BaseViewController.swift in Sources */ = {isa = PBXBuildFile; fileRef = 307022B91DBE554D0027908C /* BaseViewController.swift */; };
		307022C61DBE592F0027908C /* DemoFonts.swift in Sources */ = {isa = PBXBuildFile; fileRef = 307022C51DBE592F0027908C /* DemoFonts.swift */; };
		307301BD1DAE949B0002CF3B /* ASAPP.framework in Frameworks */ = {isa = PBXBuildFile; fileRef = 307301BC1DAE949B0002CF3B /* ASAPP.framework */; };
		307301BE1DAE949B0002CF3B /* ASAPP.framework in Embed Frameworks */ = {isa = PBXBuildFile; fileRef = 307301BC1DAE949B0002CF3B /* ASAPP.framework */; settings = {ATTRIBUTES = (CodeSignOnCopy, RemoveHeadersOnCopy, ); }; };
		307301CF1DAE9BAA0002CF3B /* LaunchScreen-Sprint.storyboard in Resources */ = {isa = PBXBuildFile; fileRef = 307301C71DAE9BAA0002CF3B /* LaunchScreen-Sprint.storyboard */; };
		307301D01DAE9BAA0002CF3B /* LaunchScreen.storyboard in Resources */ = {isa = PBXBuildFile; fileRef = 307301C91DAE9BAA0002CF3B /* LaunchScreen.storyboard */; };
		307301DF1DAE9C750002CF3B /* TwoWayChatViewController.swift in Sources */ = {isa = PBXBuildFile; fileRef = 307301D41DAE9C750002CF3B /* TwoWayChatViewController.swift */; };
		307301E01DAE9C750002CF3B /* ImageBackgroundViewController.swift in Sources */ = {isa = PBXBuildFile; fileRef = 307301D61DAE9C750002CF3B /* ImageBackgroundViewController.swift */; };
		307301E11DAE9C750002CF3B /* NavigationController.swift in Sources */ = {isa = PBXBuildFile; fileRef = 307301D71DAE9C750002CF3B /* NavigationController.swift */; };
		307301F31DAEAFB70002CF3B /* LaunchScreen-Comcast.storyboard in Resources */ = {isa = PBXBuildFile; fileRef = 307301F11DAEAFB70002CF3B /* LaunchScreen-Comcast.storyboard */; };
		30988E951DC7B69A00470E09 /* DemoSettings.swift in Sources */ = {isa = PBXBuildFile; fileRef = 30988E891DC7B69A00470E09 /* DemoSettings.swift */; };
		30988EAB1DC7BA8700470E09 /* BillDetailsHeaderView.swift in Sources */ = {isa = PBXBuildFile; fileRef = 30988EA21DC7BA8700470E09 /* BillDetailsHeaderView.swift */; };
		30988EAC1DC7BA8700470E09 /* BillDetailsLineItemCell.swift in Sources */ = {isa = PBXBuildFile; fileRef = 30988EA31DC7BA8700470E09 /* BillDetailsLineItemCell.swift */; };
		30988EAD1DC7BA8700470E09 /* BillDetailsViewController.swift in Sources */ = {isa = PBXBuildFile; fileRef = 30988EA41DC7BA8700470E09 /* BillDetailsViewController.swift */; };
		30988EAE1DC7BA8700470E09 /* HomeSettingsBanner.swift in Sources */ = {isa = PBXBuildFile; fileRef = 30988EA61DC7BA8700470E09 /* HomeSettingsBanner.swift */; };
		30988EAF1DC7BA8700470E09 /* HomeViewController.swift in Sources */ = {isa = PBXBuildFile; fileRef = 30988EA71DC7BA8700470E09 /* HomeViewController.swift */; };
		30988EB01DC7BA8700470E09 /* DemoSettingsTableViewCell.swift in Sources */ = {isa = PBXBuildFile; fileRef = 30988EA91DC7BA8700470E09 /* DemoSettingsTableViewCell.swift */; };
		30988EB11DC7BA8700470E09 /* DemoSettingsViewController.swift in Sources */ = {isa = PBXBuildFile; fileRef = 30988EAA1DC7BA8700470E09 /* DemoSettingsViewController.swift */; };
		30988EB31DC7BD7E00470E09 /* AppSettings.swift in Sources */ = {isa = PBXBuildFile; fileRef = 30988EB21DC7BD7E00470E09 /* AppSettings.swift */; };
		30A003551DC3EFBA00CFA4CD /* LaunchScreen-ASAPP.storyboard in Resources */ = {isa = PBXBuildFile; fileRef = 30A003531DC3EFBA00CFA4CD /* LaunchScreen-ASAPP.storyboard */; };
		30AE79D91D4AB83100651F09 /* Fabric.framework in Frameworks */ = {isa = PBXBuildFile; fileRef = 30AE79D71D4AB83100651F09 /* Fabric.framework */; };
		30AE79DA1D4AB83100651F09 /* Crashlytics.framework in Frameworks */ = {isa = PBXBuildFile; fileRef = 30AE79D81D4AB83100651F09 /* Crashlytics.framework */; };
		FD8D8B1D1D107A19001B420B /* AppDelegate.swift in Sources */ = {isa = PBXBuildFile; fileRef = FD8D8B1C1D107A19001B420B /* AppDelegate.swift */; };
		FD8D8B241D107A19001B420B /* Assets.xcassets in Resources */ = {isa = PBXBuildFile; fileRef = FD8D8B231D107A19001B420B /* Assets.xcassets */; };
/* End PBXBuildFile section */

/* Begin PBXCopyFilesBuildPhase section */
		30F0F3B01D8B3DCC00704E91 /* Embed Frameworks */ = {
			isa = PBXCopyFilesBuildPhase;
			buildActionMask = 2147483647;
			dstPath = "";
			dstSubfolderSpec = 10;
			files = (
				307301BE1DAE949B0002CF3B /* ASAPP.framework in Embed Frameworks */,
			);
			name = "Embed Frameworks";
			runOnlyForDeploymentPostprocessing = 0;
		};
/* End PBXCopyFilesBuildPhase section */

/* Begin PBXFileReference section */
		307022B71DBE531F0027908C /* BaseTableViewController.swift */ = {isa = PBXFileReference; fileEncoding = 4; lastKnownFileType = sourcecode.swift; path = BaseTableViewController.swift; sourceTree = "<group>"; };
		307022B91DBE554D0027908C /* BaseViewController.swift */ = {isa = PBXFileReference; fileEncoding = 4; lastKnownFileType = sourcecode.swift; path = BaseViewController.swift; sourceTree = "<group>"; };
		307022C51DBE592F0027908C /* DemoFonts.swift */ = {isa = PBXFileReference; fileEncoding = 4; lastKnownFileType = sourcecode.swift; path = DemoFonts.swift; sourceTree = "<group>"; };
		307301BC1DAE949B0002CF3B /* ASAPP.framework */ = {isa = PBXFileReference; explicitFileType = wrapper.framework; path = ASAPP.framework; sourceTree = BUILT_PRODUCTS_DIR; };
		307301C81DAE9BAA0002CF3B /* Base */ = {isa = PBXFileReference; lastKnownFileType = file.storyboard; name = Base; path = "Base.lproj/LaunchScreen-Sprint.storyboard"; sourceTree = "<group>"; };
		307301CA1DAE9BAA0002CF3B /* Base */ = {isa = PBXFileReference; lastKnownFileType = file.storyboard; name = Base; path = Base.lproj/LaunchScreen.storyboard; sourceTree = "<group>"; };
		307301CD1DAE9BAA0002CF3B /* Info.plist */ = {isa = PBXFileReference; fileEncoding = 4; lastKnownFileType = text.plist.xml; path = Info.plist; sourceTree = "<group>"; };
		307301D41DAE9C750002CF3B /* TwoWayChatViewController.swift */ = {isa = PBXFileReference; fileEncoding = 4; lastKnownFileType = sourcecode.swift; path = TwoWayChatViewController.swift; sourceTree = "<group>"; };
		307301D61DAE9C750002CF3B /* ImageBackgroundViewController.swift */ = {isa = PBXFileReference; fileEncoding = 4; lastKnownFileType = sourcecode.swift; path = ImageBackgroundViewController.swift; sourceTree = "<group>"; };
		307301D71DAE9C750002CF3B /* NavigationController.swift */ = {isa = PBXFileReference; fileEncoding = 4; lastKnownFileType = sourcecode.swift; path = NavigationController.swift; sourceTree = "<group>"; };
		307301F21DAEAFB70002CF3B /* Base */ = {isa = PBXFileReference; lastKnownFileType = file.storyboard; name = Base; path = "Base.lproj/LaunchScreen-Comcast.storyboard"; sourceTree = "<group>"; };
		30988E891DC7B69A00470E09 /* DemoSettings.swift */ = {isa = PBXFileReference; fileEncoding = 4; lastKnownFileType = sourcecode.swift; path = DemoSettings.swift; sourceTree = "<group>"; };
		30988EA21DC7BA8700470E09 /* BillDetailsHeaderView.swift */ = {isa = PBXFileReference; fileEncoding = 4; lastKnownFileType = sourcecode.swift; path = BillDetailsHeaderView.swift; sourceTree = "<group>"; };
		30988EA31DC7BA8700470E09 /* BillDetailsLineItemCell.swift */ = {isa = PBXFileReference; fileEncoding = 4; lastKnownFileType = sourcecode.swift; path = BillDetailsLineItemCell.swift; sourceTree = "<group>"; };
		30988EA41DC7BA8700470E09 /* BillDetailsViewController.swift */ = {isa = PBXFileReference; fileEncoding = 4; lastKnownFileType = sourcecode.swift; path = BillDetailsViewController.swift; sourceTree = "<group>"; };
		30988EA61DC7BA8700470E09 /* HomeSettingsBanner.swift */ = {isa = PBXFileReference; fileEncoding = 4; lastKnownFileType = sourcecode.swift; path = HomeSettingsBanner.swift; sourceTree = "<group>"; };
		30988EA71DC7BA8700470E09 /* HomeViewController.swift */ = {isa = PBXFileReference; fileEncoding = 4; lastKnownFileType = sourcecode.swift; path = HomeViewController.swift; sourceTree = "<group>"; };
		30988EA91DC7BA8700470E09 /* DemoSettingsTableViewCell.swift */ = {isa = PBXFileReference; fileEncoding = 4; lastKnownFileType = sourcecode.swift; path = DemoSettingsTableViewCell.swift; sourceTree = "<group>"; };
		30988EAA1DC7BA8700470E09 /* DemoSettingsViewController.swift */ = {isa = PBXFileReference; fileEncoding = 4; lastKnownFileType = sourcecode.swift; path = DemoSettingsViewController.swift; sourceTree = "<group>"; };
		30988EB21DC7BD7E00470E09 /* AppSettings.swift */ = {isa = PBXFileReference; fileEncoding = 4; lastKnownFileType = sourcecode.swift; path = AppSettings.swift; sourceTree = "<group>"; };
		30A003541DC3EFBA00CFA4CD /* Base */ = {isa = PBXFileReference; lastKnownFileType = file.storyboard; name = Base; path = "Base.lproj/LaunchScreen-ASAPP.storyboard"; sourceTree = "<group>"; };
		30AE79D71D4AB83100651F09 /* Fabric.framework */ = {isa = PBXFileReference; lastKnownFileType = wrapper.framework; path = Fabric.framework; sourceTree = "<group>"; };
		30AE79D81D4AB83100651F09 /* Crashlytics.framework */ = {isa = PBXFileReference; lastKnownFileType = wrapper.framework; path = Crashlytics.framework; sourceTree = "<group>"; };
		30E87C591D93138D00B5EF9E /* Security.framework */ = {isa = PBXFileReference; lastKnownFileType = wrapper.framework; name = Security.framework; path = System/Library/Frameworks/Security.framework; sourceTree = SDKROOT; };
		30E87C5D1D9313E900B5EF9E /* CFNetwork.framework */ = {isa = PBXFileReference; lastKnownFileType = wrapper.framework; name = CFNetwork.framework; path = System/Library/Frameworks/CFNetwork.framework; sourceTree = SDKROOT; };
		FD8D8B191D107A19001B420B /* ASAPPTest.app */ = {isa = PBXFileReference; explicitFileType = wrapper.application; includeInIndex = 0; path = ASAPPTest.app; sourceTree = BUILT_PRODUCTS_DIR; };
		FD8D8B1C1D107A19001B420B /* AppDelegate.swift */ = {isa = PBXFileReference; lastKnownFileType = sourcecode.swift; path = AppDelegate.swift; sourceTree = "<group>"; };
		FD8D8B231D107A19001B420B /* Assets.xcassets */ = {isa = PBXFileReference; lastKnownFileType = folder.assetcatalog; path = Assets.xcassets; sourceTree = "<group>"; };
/* End PBXFileReference section */

/* Begin PBXFrameworksBuildPhase section */
		FD8D8B161D107A19001B420B /* Frameworks */ = {
			isa = PBXFrameworksBuildPhase;
			buildActionMask = 2147483647;
			files = (
				30AE79DA1D4AB83100651F09 /* Crashlytics.framework in Frameworks */,
				30AE79D91D4AB83100651F09 /* Fabric.framework in Frameworks */,
				307301BD1DAE949B0002CF3B /* ASAPP.framework in Frameworks */,
			);
			runOnlyForDeploymentPostprocessing = 0;
		};
/* End PBXFrameworksBuildPhase section */

/* Begin PBXGroup section */
		307301C61DAE9BAA0002CF3B /* Supporting Files */ = {
			isa = PBXGroup;
			children = (
				307301C91DAE9BAA0002CF3B /* LaunchScreen.storyboard */,
				307301C71DAE9BAA0002CF3B /* LaunchScreen-Sprint.storyboard */,
				307301F11DAEAFB70002CF3B /* LaunchScreen-Comcast.storyboard */,
				30A003531DC3EFBA00CFA4CD /* LaunchScreen-ASAPP.storyboard */,
				307301CD1DAE9BAA0002CF3B /* Info.plist */,
			);
			path = "Supporting Files";
			sourceTree = "<group>";
		};
		307301D31DAE9C750002CF3B /* Chat */ = {
			isa = PBXGroup;
			children = (
				307301D41DAE9C750002CF3B /* TwoWayChatViewController.swift */,
			);
			path = Chat;
			sourceTree = "<group>";
		};
		307301D51DAE9C750002CF3B /* Common */ = {
			isa = PBXGroup;
			children = (
				307301D61DAE9C750002CF3B /* ImageBackgroundViewController.swift */,
				307301D71DAE9C750002CF3B /* NavigationController.swift */,
				307022B91DBE554D0027908C /* BaseViewController.swift */,
				307022B71DBE531F0027908C /* BaseTableViewController.swift */,
				307022C51DBE592F0027908C /* DemoFonts.swift */,
			);
			path = Common;
			sourceTree = "<group>";
		};
		307301D81DAE9C750002CF3B /* Demo */ = {
			isa = PBXGroup;
			children = (
				30988E881DC7B69A00470E09 /* Data Models */,
				30988EA01DC7BA8700470E09 /* UI */,
			);
			path = Demo;
			sourceTree = "<group>";
		};
		30988E881DC7B69A00470E09 /* Data Models */ = {
			isa = PBXGroup;
			children = (
				30988EB21DC7BD7E00470E09 /* AppSettings.swift */,
				30988E891DC7B69A00470E09 /* DemoSettings.swift */,
			);
			path = "Data Models";
			sourceTree = "<group>";
		};
		30988EA01DC7BA8700470E09 /* UI */ = {
			isa = PBXGroup;
			children = (
				30988EA51DC7BA8700470E09 /* Home */,
				30988EA81DC7BA8700470E09 /* Settings */,
				30988EA11DC7BA8700470E09 /* Bill Details */,
			);
			path = UI;
			sourceTree = "<group>";
		};
		30988EA11DC7BA8700470E09 /* Bill Details */ = {
			isa = PBXGroup;
			children = (
				30988EA21DC7BA8700470E09 /* BillDetailsHeaderView.swift */,
				30988EA31DC7BA8700470E09 /* BillDetailsLineItemCell.swift */,
				30988EA41DC7BA8700470E09 /* BillDetailsViewController.swift */,
			);
			path = "Bill Details";
			sourceTree = "<group>";
		};
		30988EA51DC7BA8700470E09 /* Home */ = {
			isa = PBXGroup;
			children = (
				30988EA71DC7BA8700470E09 /* HomeViewController.swift */,
				30988EA61DC7BA8700470E09 /* HomeSettingsBanner.swift */,
			);
			path = Home;
			sourceTree = "<group>";
		};
		30988EA81DC7BA8700470E09 /* Settings */ = {
			isa = PBXGroup;
			children = (
				30988EA91DC7BA8700470E09 /* DemoSettingsTableViewCell.swift */,
				30988EAA1DC7BA8700470E09 /* DemoSettingsViewController.swift */,
			);
			path = Settings;
			sourceTree = "<group>";
		};
		30AE79DB1D4AB83700651F09 /* Third-Party */ = {
			isa = PBXGroup;
			children = (
				30AE79D71D4AB83100651F09 /* Fabric.framework */,
				30AE79D81D4AB83100651F09 /* Crashlytics.framework */,
			);
			name = "Third-Party";
			sourceTree = "<group>";
		};
		DC9BA702B8E37367ED44E868 /* Frameworks */ = {
			isa = PBXGroup;
			children = (
				30E87C5D1D9313E900B5EF9E /* CFNetwork.framework */,
				30E87C591D93138D00B5EF9E /* Security.framework */,
			);
			name = Frameworks;
			sourceTree = "<group>";
		};
		FD8D8B101D107A19001B420B = {
			isa = PBXGroup;
			children = (
				307301BC1DAE949B0002CF3B /* ASAPP.framework */,
				FD8D8B1B1D107A19001B420B /* ASAPPTest */,
				30AE79DB1D4AB83700651F09 /* Third-Party */,
				FD8D8B1A1D107A19001B420B /* Products */,
				DC9BA702B8E37367ED44E868 /* Frameworks */,
			);
			sourceTree = "<group>";
		};
		FD8D8B1A1D107A19001B420B /* Products */ = {
			isa = PBXGroup;
			children = (
				FD8D8B191D107A19001B420B /* ASAPPTest.app */,
			);
			name = Products;
			sourceTree = "<group>";
		};
		FD8D8B1B1D107A19001B420B /* ASAPPTest */ = {
			isa = PBXGroup;
			children = (
				FD8D8B1C1D107A19001B420B /* AppDelegate.swift */,
				307301D81DAE9C750002CF3B /* Demo */,
				307301D31DAE9C750002CF3B /* Chat */,
				307301D51DAE9C750002CF3B /* Common */,
				FD8D8B231D107A19001B420B /* Assets.xcassets */,
				307301C61DAE9BAA0002CF3B /* Supporting Files */,
			);
			path = ASAPPTest;
			sourceTree = "<group>";
		};
/* End PBXGroup section */

/* Begin PBXNativeTarget section */
		FD8D8B181D107A19001B420B /* ASAPPTest */ = {
			isa = PBXNativeTarget;
			buildConfigurationList = FD8D8B2B1D107A19001B420B /* Build configuration list for PBXNativeTarget "ASAPPTest" */;
			buildPhases = (
				FD8D8B151D107A19001B420B /* Sources */,
				FD8D8B161D107A19001B420B /* Frameworks */,
				FD8D8B171D107A19001B420B /* Resources */,
				30AE79D61D4AB7FA00651F09 /* ShellScript */,
				30F0F3B01D8B3DCC00704E91 /* Embed Frameworks */,
			);
			buildRules = (
			);
			dependencies = (
			);
			name = ASAPPTest;
			productName = ASAPPTest;
			productReference = FD8D8B191D107A19001B420B /* ASAPPTest.app */;
			productType = "com.apple.product-type.application";
		};
/* End PBXNativeTarget section */

/* Begin PBXProject section */
		FD8D8B111D107A19001B420B /* Project object */ = {
			isa = PBXProject;
			attributes = {
				LastSwiftUpdateCheck = 0730;
				LastUpgradeCheck = 0800;
				ORGANIZATIONNAME = asappinc;
				TargetAttributes = {
					FD8D8B181D107A19001B420B = {
						CreatedOnToolsVersion = 7.3;
						DevelopmentTeam = GHJ79KTB8D;
						LastSwiftMigration = 0800;
					};
				};
			};
			buildConfigurationList = FD8D8B141D107A19001B420B /* Build configuration list for PBXProject "ASAPPTest" */;
			compatibilityVersion = "Xcode 3.2";
			developmentRegion = English;
			hasScannedForEncodings = 0;
			knownRegions = (
				en,
				Base,
				es,
				ko,
			);
			mainGroup = FD8D8B101D107A19001B420B;
			productRefGroup = FD8D8B1A1D107A19001B420B /* Products */;
			projectDirPath = "";
			projectRoot = "";
			targets = (
				FD8D8B181D107A19001B420B /* ASAPPTest */,
			);
		};
/* End PBXProject section */

/* Begin PBXResourcesBuildPhase section */
		FD8D8B171D107A19001B420B /* Resources */ = {
			isa = PBXResourcesBuildPhase;
			buildActionMask = 2147483647;
			files = (
				307301F31DAEAFB70002CF3B /* LaunchScreen-Comcast.storyboard in Resources */,
				307301D01DAE9BAA0002CF3B /* LaunchScreen.storyboard in Resources */,
				30A003551DC3EFBA00CFA4CD /* LaunchScreen-ASAPP.storyboard in Resources */,
				FD8D8B241D107A19001B420B /* Assets.xcassets in Resources */,
				307301CF1DAE9BAA0002CF3B /* LaunchScreen-Sprint.storyboard in Resources */,
			);
			runOnlyForDeploymentPostprocessing = 0;
		};
/* End PBXResourcesBuildPhase section */

/* Begin PBXShellScriptBuildPhase section */
		30AE79D61D4AB7FA00651F09 /* ShellScript */ = {
			isa = PBXShellScriptBuildPhase;
			buildActionMask = 2147483647;
			files = (
			);
			inputPaths = (
			);
			outputPaths = (
			);
			runOnlyForDeploymentPostprocessing = 0;
			shellPath = /bin/sh;
			shellScript = "./Fabric.framework/run 2cfc5c83c2f6a6414a09cd762fd06d58b4689c6f 157bf3e2d5414d94b30a777ec842e2d80a55799ac93d09548555a9f2e59b1039    ./Fabric.framework/run 2cfc5c83c2f6a6414a09cd762fd06d58b4689c6f 157bf3e2d5414d94b30a777ec842e2d80a55799ac93d09548555a9f2e59b1039";
		};
/* End PBXShellScriptBuildPhase section */

/* Begin PBXSourcesBuildPhase section */
		FD8D8B151D107A19001B420B /* Sources */ = {
			isa = PBXSourcesBuildPhase;
			buildActionMask = 2147483647;
			files = (
				307022BA1DBE554D0027908C /* BaseViewController.swift in Sources */,
				30988E951DC7B69A00470E09 /* DemoSettings.swift in Sources */,
				307301E01DAE9C750002CF3B /* ImageBackgroundViewController.swift in Sources */,
				30988EB01DC7BA8700470E09 /* DemoSettingsTableViewCell.swift in Sources */,
				307301E11DAE9C750002CF3B /* NavigationController.swift in Sources */,
				30988EAC1DC7BA8700470E09 /* BillDetailsLineItemCell.swift in Sources */,
				30988EAD1DC7BA8700470E09 /* BillDetailsViewController.swift in Sources */,
				30988EB11DC7BA8700470E09 /* DemoSettingsViewController.swift in Sources */,
				307022B81DBE531F0027908C /* BaseTableViewController.swift in Sources */,
				30988EAB1DC7BA8700470E09 /* BillDetailsHeaderView.swift in Sources */,
				30988EAF1DC7BA8700470E09 /* HomeViewController.swift in Sources */,
				307022C61DBE592F0027908C /* DemoFonts.swift in Sources */,
				FD8D8B1D1D107A19001B420B /* AppDelegate.swift in Sources */,
				30988EB31DC7BD7E00470E09 /* AppSettings.swift in Sources */,
				307301DF1DAE9C750002CF3B /* TwoWayChatViewController.swift in Sources */,
				30988EAE1DC7BA8700470E09 /* HomeSettingsBanner.swift in Sources */,
			);
			runOnlyForDeploymentPostprocessing = 0;
		};
/* End PBXSourcesBuildPhase section */

/* Begin PBXVariantGroup section */
		307301C71DAE9BAA0002CF3B /* LaunchScreen-Sprint.storyboard */ = {
			isa = PBXVariantGroup;
			children = (
				307301C81DAE9BAA0002CF3B /* Base */,
			);
			name = "LaunchScreen-Sprint.storyboard";
			sourceTree = "<group>";
		};
		307301C91DAE9BAA0002CF3B /* LaunchScreen.storyboard */ = {
			isa = PBXVariantGroup;
			children = (
				307301CA1DAE9BAA0002CF3B /* Base */,
			);
			name = LaunchScreen.storyboard;
			sourceTree = "<group>";
		};
		307301F11DAEAFB70002CF3B /* LaunchScreen-Comcast.storyboard */ = {
			isa = PBXVariantGroup;
			children = (
				307301F21DAEAFB70002CF3B /* Base */,
			);
			name = "LaunchScreen-Comcast.storyboard";
			sourceTree = "<group>";
		};
		30A003531DC3EFBA00CFA4CD /* LaunchScreen-ASAPP.storyboard */ = {
			isa = PBXVariantGroup;
			children = (
				30A003541DC3EFBA00CFA4CD /* Base */,
			);
			name = "LaunchScreen-ASAPP.storyboard";
			sourceTree = "<group>";
		};
/* End PBXVariantGroup section */

/* Begin XCBuildConfiguration section */
		307301B41DAE8EC00002CF3B /* Sprint Debug */ = {
			isa = XCBuildConfiguration;
			buildSettings = {
				ALWAYS_SEARCH_USER_PATHS = NO;
				CLANG_ANALYZER_LOCALIZABILITY_NONLOCALIZED = YES;
				CLANG_ANALYZER_NONNULL = YES;
				CLANG_CXX_LANGUAGE_STANDARD = "gnu++0x";
				CLANG_CXX_LIBRARY = "libc++";
				CLANG_ENABLE_MODULES = YES;
				CLANG_ENABLE_OBJC_ARC = YES;
				CLANG_WARN_BOOL_CONVERSION = YES;
				CLANG_WARN_CONSTANT_CONVERSION = YES;
				CLANG_WARN_DIRECT_OBJC_ISA_USAGE = YES_ERROR;
				CLANG_WARN_EMPTY_BODY = YES;
				CLANG_WARN_ENUM_CONVERSION = YES;
				CLANG_WARN_INFINITE_RECURSION = YES;
				CLANG_WARN_INT_CONVERSION = YES;
				CLANG_WARN_OBJC_ROOT_CLASS = YES_ERROR;
				CLANG_WARN_SUSPICIOUS_MOVE = YES;
				CLANG_WARN_UNREACHABLE_CODE = YES;
				CLANG_WARN__DUPLICATE_METHOD_MATCH = YES;
				"CODE_SIGN_IDENTITY[sdk=iphoneos*]" = "iPhone Developer";
				COPY_PHASE_STRIP = NO;
				DEBUG_INFORMATION_FORMAT = dwarf;
				ENABLE_STRICT_OBJC_MSGSEND = YES;
				ENABLE_TESTABILITY = YES;
				FRAMEWORK_SEARCH_PATHS = "";
				GCC_C_LANGUAGE_STANDARD = gnu99;
				GCC_DYNAMIC_NO_PIC = NO;
				GCC_NO_COMMON_BLOCKS = YES;
				GCC_OPTIMIZATION_LEVEL = 0;
				GCC_PREPROCESSOR_DEFINITIONS = (
					"DEBUG=1",
					"$(inherited)",
				);
				GCC_WARN_64_TO_32_BIT_CONVERSION = YES;
				GCC_WARN_ABOUT_RETURN_TYPE = YES_ERROR;
				GCC_WARN_UNDECLARED_SELECTOR = YES;
				GCC_WARN_UNINITIALIZED_AUTOS = YES_AGGRESSIVE;
				GCC_WARN_UNUSED_FUNCTION = YES;
				GCC_WARN_UNUSED_VARIABLE = YES;
				IPHONEOS_DEPLOYMENT_TARGET = 9.0;
				MTL_ENABLE_DEBUG_INFO = YES;
				ONLY_ACTIVE_ARCH = YES;
				SDKROOT = iphoneos;
				SWIFT_OPTIMIZATION_LEVEL = "-Onone";
			};
			name = "Sprint Debug";
		};
		307301B51DAE8EC00002CF3B /* Sprint Debug */ = {
			isa = XCBuildConfiguration;
			buildSettings = {
				ALWAYS_EMBED_SWIFT_STANDARD_LIBRARIES = YES;
				ASAPP_BUNDLE_DISPLAY_NAME = "Sprint Debug";
				ASAPP_BUNDLE_ID = com.asappinc.SprintDemoDebug;
				ASSETCATALOG_COMPILER_APPICON_NAME = "AppIcon-Sprint";
				CODE_SIGN_IDENTITY = "iPhone Developer: Mitchell S Morgan (S444KZ7Z7F)";
				COMPANY_CHANGING_DISABLED = YES;
				CONFIGURATION_BUILD_DIR = "$(BUILD_DIR)/$(CONFIGURATION)$(EFFECTIVE_PLATFORM_NAME)";
				DEBUG_INFORMATION_FORMAT = "dwarf-with-dsym";
				DEFAULT_DEMO_COMPANY = sprint;
				DEMO_CONTENT_ENABLED = NO;
				DEMO_LIVE_CHAT = NO;
				FRAMEWORK_SEARCH_PATHS = (
					"$(inherited)",
					"$(PROJECT_DIR)",
				);
				INFOPLIST_FILE = "ASAPPTest/Supporting Files/Info.plist";
				IPHONEOS_DEPLOYMENT_TARGET = 8.0;
				LAUNCH_SCREEN = "LaunchScreen-Sprint";
				LD_RUNPATH_SEARCH_PATHS = "$(inherited) @executable_path/Frameworks";
				ONLY_ACTIVE_ARCH = YES;
				PRODUCT_BUNDLE_IDENTIFIER = com.asappinc.SprintDemoDebug;
				PRODUCT_NAME = "$(TARGET_NAME)";
				PROVISIONING_PROFILE = "f56388d1-7874-4e5b-81dc-9e41e325c810";
				SWIFT_VERSION = 3.0;
				TARGETED_DEVICE_FAMILY = "1,2";
			};
			name = "Sprint Debug";
		};
		307301B61DAE8EC90002CF3B /* Sprint AdHoc */ = {
			isa = XCBuildConfiguration;
			buildSettings = {
				ALWAYS_SEARCH_USER_PATHS = NO;
				CLANG_ANALYZER_LOCALIZABILITY_NONLOCALIZED = YES;
				CLANG_ANALYZER_NONNULL = YES;
				CLANG_CXX_LANGUAGE_STANDARD = "gnu++0x";
				CLANG_CXX_LIBRARY = "libc++";
				CLANG_ENABLE_MODULES = YES;
				CLANG_ENABLE_OBJC_ARC = YES;
				CLANG_WARN_BOOL_CONVERSION = YES;
				CLANG_WARN_CONSTANT_CONVERSION = YES;
				CLANG_WARN_DIRECT_OBJC_ISA_USAGE = YES_ERROR;
				CLANG_WARN_EMPTY_BODY = YES;
				CLANG_WARN_ENUM_CONVERSION = YES;
				CLANG_WARN_INFINITE_RECURSION = YES;
				CLANG_WARN_INT_CONVERSION = YES;
				CLANG_WARN_OBJC_ROOT_CLASS = YES_ERROR;
				CLANG_WARN_SUSPICIOUS_MOVE = YES;
				CLANG_WARN_UNREACHABLE_CODE = YES;
				CLANG_WARN__DUPLICATE_METHOD_MATCH = YES;
				"CODE_SIGN_IDENTITY[sdk=iphoneos*]" = "iPhone Developer";
				COPY_PHASE_STRIP = NO;
				DEBUG_INFORMATION_FORMAT = "dwarf-with-dsym";
				ENABLE_NS_ASSERTIONS = NO;
				ENABLE_STRICT_OBJC_MSGSEND = YES;
				FRAMEWORK_SEARCH_PATHS = "";
				GCC_C_LANGUAGE_STANDARD = gnu99;
				GCC_NO_COMMON_BLOCKS = YES;
				GCC_WARN_64_TO_32_BIT_CONVERSION = YES;
				GCC_WARN_ABOUT_RETURN_TYPE = YES_ERROR;
				GCC_WARN_UNDECLARED_SELECTOR = YES;
				GCC_WARN_UNINITIALIZED_AUTOS = YES_AGGRESSIVE;
				GCC_WARN_UNUSED_FUNCTION = YES;
				GCC_WARN_UNUSED_VARIABLE = YES;
				IPHONEOS_DEPLOYMENT_TARGET = 9.0;
				MTL_ENABLE_DEBUG_INFO = NO;
				SDKROOT = iphoneos;
				VALIDATE_PRODUCT = YES;
			};
			name = "Sprint AdHoc";
		};
		307301B71DAE8EC90002CF3B /* Sprint AdHoc */ = {
			isa = XCBuildConfiguration;
			buildSettings = {
				ALWAYS_EMBED_SWIFT_STANDARD_LIBRARIES = YES;
				ASAPP_BUNDLE_DISPLAY_NAME = Sprint;
				ASAPP_BUNDLE_ID = com.asappinc.SprintDemo;
				ASSETCATALOG_COMPILER_APPICON_NAME = "AppIcon-Sprint";
				CODE_SIGN_IDENTITY = "iPhone Distribution: ASAPP Inc.";
				"CODE_SIGN_IDENTITY[sdk=iphoneos*]" = "iPhone Distribution: ASAPP Inc.";
				COMPANY_CHANGING_DISABLED = YES;
				CONFIGURATION_BUILD_DIR = "$(BUILD_DIR)/$(CONFIGURATION)$(EFFECTIVE_PLATFORM_NAME)";
				DEFAULT_DEMO_COMPANY = sprint;
				DEMO_CONTENT_ENABLED = NO;
				DEMO_LIVE_CHAT = NO;
				FRAMEWORK_SEARCH_PATHS = (
					"$(inherited)",
					"$(PROJECT_DIR)",
					"$(SRCROOT)/**",
				);
				INFOPLIST_FILE = "ASAPPTest/Supporting Files/Info.plist";
				IPHONEOS_DEPLOYMENT_TARGET = 8.0;
				LAUNCH_SCREEN = "LaunchScreen-Sprint";
				LD_RUNPATH_SEARCH_PATHS = "$(inherited) @executable_path/Frameworks";
				PRODUCT_BUNDLE_IDENTIFIER = com.asappinc.SprintDemo;
				PRODUCT_NAME = "$(TARGET_NAME)";
				PROVISIONING_PROFILE = "11ae24c8-c705-4d44-8fcf-fbf393c5dea8";
				PROVISIONING_PROFILE_SPECIFIER = "Sprint Demo Enterprise Provisioning Profile";
				SWIFT_VERSION = 3.0;
				TARGETED_DEVICE_FAMILY = "1,2";
			};
			name = "Sprint AdHoc";
		};
		307301ED1DAEAF300002CF3B /* Comcast Debug */ = {
			isa = XCBuildConfiguration;
			buildSettings = {
				ALWAYS_SEARCH_USER_PATHS = NO;
				CLANG_ANALYZER_LOCALIZABILITY_NONLOCALIZED = YES;
				CLANG_ANALYZER_NONNULL = YES;
				CLANG_CXX_LANGUAGE_STANDARD = "gnu++0x";
				CLANG_CXX_LIBRARY = "libc++";
				CLANG_ENABLE_MODULES = YES;
				CLANG_ENABLE_OBJC_ARC = YES;
				CLANG_WARN_BOOL_CONVERSION = YES;
				CLANG_WARN_CONSTANT_CONVERSION = YES;
				CLANG_WARN_DIRECT_OBJC_ISA_USAGE = YES_ERROR;
				CLANG_WARN_EMPTY_BODY = YES;
				CLANG_WARN_ENUM_CONVERSION = YES;
				CLANG_WARN_INFINITE_RECURSION = YES;
				CLANG_WARN_INT_CONVERSION = YES;
				CLANG_WARN_OBJC_ROOT_CLASS = YES_ERROR;
				CLANG_WARN_SUSPICIOUS_MOVE = YES;
				CLANG_WARN_UNREACHABLE_CODE = YES;
				CLANG_WARN__DUPLICATE_METHOD_MATCH = YES;
				"CODE_SIGN_IDENTITY[sdk=iphoneos*]" = "iPhone Developer";
				COPY_PHASE_STRIP = NO;
				DEBUG_INFORMATION_FORMAT = dwarf;
				ENABLE_STRICT_OBJC_MSGSEND = YES;
				ENABLE_TESTABILITY = YES;
				FRAMEWORK_SEARCH_PATHS = "";
				GCC_C_LANGUAGE_STANDARD = gnu99;
				GCC_DYNAMIC_NO_PIC = NO;
				GCC_NO_COMMON_BLOCKS = YES;
				GCC_OPTIMIZATION_LEVEL = 0;
				GCC_PREPROCESSOR_DEFINITIONS = (
					"DEBUG=1",
					"$(inherited)",
				);
				GCC_WARN_64_TO_32_BIT_CONVERSION = YES;
				GCC_WARN_ABOUT_RETURN_TYPE = YES_ERROR;
				GCC_WARN_UNDECLARED_SELECTOR = YES;
				GCC_WARN_UNINITIALIZED_AUTOS = YES_AGGRESSIVE;
				GCC_WARN_UNUSED_FUNCTION = YES;
				GCC_WARN_UNUSED_VARIABLE = YES;
				IPHONEOS_DEPLOYMENT_TARGET = 9.0;
				MTL_ENABLE_DEBUG_INFO = YES;
				ONLY_ACTIVE_ARCH = YES;
				SDKROOT = iphoneos;
				SWIFT_OPTIMIZATION_LEVEL = "-Onone";
			};
			name = "Comcast Debug";
		};
		307301EE1DAEAF300002CF3B /* Comcast Debug */ = {
			isa = XCBuildConfiguration;
			buildSettings = {
				ALWAYS_EMBED_SWIFT_STANDARD_LIBRARIES = YES;
				ASAPP_BUNDLE_DISPLAY_NAME = "Comcast Debug";
				ASAPP_BUNDLE_ID = com.asappinc.ComcastDemoDebug;
				ASSETCATALOG_COMPILER_APPICON_NAME = "AppIcon-Comcast";
				CODE_SIGN_IDENTITY = "iPhone Developer: Mitchell S Morgan (S444KZ7Z7F)";
				COMPANY_CHANGING_DISABLED = YES;
				CONFIGURATION_BUILD_DIR = "$(BUILD_DIR)/$(CONFIGURATION)$(EFFECTIVE_PLATFORM_NAME)";
				DEBUG_INFORMATION_FORMAT = "dwarf-with-dsym";
				DEFAULT_DEMO_COMPANY = comcast;
				DEMO_CONTENT_ENABLED = NO;
				DEMO_LIVE_CHAT = YES;
				FRAMEWORK_SEARCH_PATHS = (
					"$(inherited)",
					"$(PROJECT_DIR)",
				);
				INFOPLIST_FILE = "ASAPPTest/Supporting Files/Info.plist";
				IPHONEOS_DEPLOYMENT_TARGET = 8.0;
				LAUNCH_SCREEN = "LaunchScreen-Comcast";
				LD_RUNPATH_SEARCH_PATHS = "$(inherited) @executable_path/Frameworks";
				ONLY_ACTIVE_ARCH = YES;
				PRODUCT_BUNDLE_IDENTIFIER = com.asappinc.ComcastDemoDebug;
				PRODUCT_NAME = "$(TARGET_NAME)";
				PROVISIONING_PROFILE = "f56388d1-7874-4e5b-81dc-9e41e325c810";
				SWIFT_VERSION = 3.0;
				TARGETED_DEVICE_FAMILY = "1,2";
			};
			name = "Comcast Debug";
		};
		307301EF1DAEAF370002CF3B /* Comcast AdHoc */ = {
			isa = XCBuildConfiguration;
			buildSettings = {
				ALWAYS_SEARCH_USER_PATHS = NO;
				CLANG_ANALYZER_LOCALIZABILITY_NONLOCALIZED = YES;
				CLANG_ANALYZER_NONNULL = YES;
				CLANG_CXX_LANGUAGE_STANDARD = "gnu++0x";
				CLANG_CXX_LIBRARY = "libc++";
				CLANG_ENABLE_MODULES = YES;
				CLANG_ENABLE_OBJC_ARC = YES;
				CLANG_WARN_BOOL_CONVERSION = YES;
				CLANG_WARN_CONSTANT_CONVERSION = YES;
				CLANG_WARN_DIRECT_OBJC_ISA_USAGE = YES_ERROR;
				CLANG_WARN_EMPTY_BODY = YES;
				CLANG_WARN_ENUM_CONVERSION = YES;
				CLANG_WARN_INFINITE_RECURSION = YES;
				CLANG_WARN_INT_CONVERSION = YES;
				CLANG_WARN_OBJC_ROOT_CLASS = YES_ERROR;
				CLANG_WARN_SUSPICIOUS_MOVE = YES;
				CLANG_WARN_UNREACHABLE_CODE = YES;
				CLANG_WARN__DUPLICATE_METHOD_MATCH = YES;
				"CODE_SIGN_IDENTITY[sdk=iphoneos*]" = "iPhone Developer";
				COPY_PHASE_STRIP = NO;
				DEBUG_INFORMATION_FORMAT = "dwarf-with-dsym";
				ENABLE_NS_ASSERTIONS = NO;
				ENABLE_STRICT_OBJC_MSGSEND = YES;
				FRAMEWORK_SEARCH_PATHS = "";
				GCC_C_LANGUAGE_STANDARD = gnu99;
				GCC_NO_COMMON_BLOCKS = YES;
				GCC_WARN_64_TO_32_BIT_CONVERSION = YES;
				GCC_WARN_ABOUT_RETURN_TYPE = YES_ERROR;
				GCC_WARN_UNDECLARED_SELECTOR = YES;
				GCC_WARN_UNINITIALIZED_AUTOS = YES_AGGRESSIVE;
				GCC_WARN_UNUSED_FUNCTION = YES;
				GCC_WARN_UNUSED_VARIABLE = YES;
				IPHONEOS_DEPLOYMENT_TARGET = 9.0;
				MTL_ENABLE_DEBUG_INFO = NO;
				SDKROOT = iphoneos;
				VALIDATE_PRODUCT = YES;
			};
			name = "Comcast AdHoc";
		};
		307301F01DAEAF370002CF3B /* Comcast AdHoc */ = {
			isa = XCBuildConfiguration;
			buildSettings = {
				ALWAYS_EMBED_SWIFT_STANDARD_LIBRARIES = YES;
				ASAPP_BUNDLE_DISPLAY_NAME = Comcast;
				ASAPP_BUNDLE_ID = com.asappinc.ComcastDemo;
				ASSETCATALOG_COMPILER_APPICON_NAME = "AppIcon-Comcast";
				CODE_SIGN_IDENTITY = "iPhone Distribution: ASAPP Inc.";
				"CODE_SIGN_IDENTITY[sdk=iphoneos*]" = "iPhone Distribution: ASAPP Inc.";
				COMPANY_CHANGING_DISABLED = YES;
				CONFIGURATION_BUILD_DIR = "$(BUILD_DIR)/$(CONFIGURATION)$(EFFECTIVE_PLATFORM_NAME)";
				DEFAULT_DEMO_COMPANY = comcast;
				DEMO_CONTENT_ENABLED = NO;
				DEMO_LIVE_CHAT = YES;
				DEVELOPMENT_TEAM = GHJ79KTB8D;
				FRAMEWORK_SEARCH_PATHS = (
					"$(inherited)",
					"$(PROJECT_DIR)",
					"$(SRCROOT)/**",
				);
				INFOPLIST_FILE = "ASAPPTest/Supporting Files/Info.plist";
				IPHONEOS_DEPLOYMENT_TARGET = 8.0;
				LAUNCH_SCREEN = "LaunchScreen-Comcast";
				LD_RUNPATH_SEARCH_PATHS = "$(inherited) @executable_path/Frameworks";
				PRODUCT_BUNDLE_IDENTIFIER = com.asappinc.ComcastDemo;
				PRODUCT_NAME = "$(TARGET_NAME)";
				PROVISIONING_PROFILE = "c17253dd-5def-4eae-948c-7290fdfe9cce";
				PROVISIONING_PROFILE_SPECIFIER = "Comcast Demo Enterprise Provisioning Profile";
				SWIFT_VERSION = 3.0;
				TARGETED_DEVICE_FAMILY = "1,2";
			};
			name = "Comcast AdHoc";
		};
		30A0034F1DC3E14100CFA4CD /* Live Chat Demo Debug */ = {
			isa = XCBuildConfiguration;
			buildSettings = {
				ALWAYS_SEARCH_USER_PATHS = NO;
				CLANG_ANALYZER_LOCALIZABILITY_NONLOCALIZED = YES;
				CLANG_ANALYZER_NONNULL = YES;
				CLANG_CXX_LANGUAGE_STANDARD = "gnu++0x";
				CLANG_CXX_LIBRARY = "libc++";
				CLANG_ENABLE_MODULES = YES;
				CLANG_ENABLE_OBJC_ARC = YES;
				CLANG_WARN_BOOL_CONVERSION = YES;
				CLANG_WARN_CONSTANT_CONVERSION = YES;
				CLANG_WARN_DIRECT_OBJC_ISA_USAGE = YES_ERROR;
				CLANG_WARN_EMPTY_BODY = YES;
				CLANG_WARN_ENUM_CONVERSION = YES;
				CLANG_WARN_INFINITE_RECURSION = YES;
				CLANG_WARN_INT_CONVERSION = YES;
				CLANG_WARN_OBJC_ROOT_CLASS = YES_ERROR;
				CLANG_WARN_SUSPICIOUS_MOVE = YES;
				CLANG_WARN_UNREACHABLE_CODE = YES;
				CLANG_WARN__DUPLICATE_METHOD_MATCH = YES;
				"CODE_SIGN_IDENTITY[sdk=iphoneos*]" = "iPhone Developer";
				COPY_PHASE_STRIP = NO;
				DEBUG_INFORMATION_FORMAT = dwarf;
				ENABLE_STRICT_OBJC_MSGSEND = YES;
				ENABLE_TESTABILITY = YES;
				FRAMEWORK_SEARCH_PATHS = "";
				GCC_C_LANGUAGE_STANDARD = gnu99;
				GCC_DYNAMIC_NO_PIC = NO;
				GCC_NO_COMMON_BLOCKS = YES;
				GCC_OPTIMIZATION_LEVEL = 0;
				GCC_PREPROCESSOR_DEFINITIONS = (
					"DEBUG=1",
					"$(inherited)",
				);
				GCC_WARN_64_TO_32_BIT_CONVERSION = YES;
				GCC_WARN_ABOUT_RETURN_TYPE = YES_ERROR;
				GCC_WARN_UNDECLARED_SELECTOR = YES;
				GCC_WARN_UNINITIALIZED_AUTOS = YES_AGGRESSIVE;
				GCC_WARN_UNUSED_FUNCTION = YES;
				GCC_WARN_UNUSED_VARIABLE = YES;
				IPHONEOS_DEPLOYMENT_TARGET = 9.0;
				MTL_ENABLE_DEBUG_INFO = YES;
				ONLY_ACTIVE_ARCH = YES;
				SDKROOT = iphoneos;
				SWIFT_OPTIMIZATION_LEVEL = "-Onone";
			};
			name = "Live Chat Demo Debug";
		};
		30A003501DC3E14100CFA4CD /* Live Chat Demo Debug */ = {
			isa = XCBuildConfiguration;
			buildSettings = {
				ALWAYS_EMBED_SWIFT_STANDARD_LIBRARIES = YES;
				ASAPP_BUNDLE_DISPLAY_NAME = "ASAPP Chat Debug";
				ASAPP_BUNDLE_ID = com.asappinc.LiveChatDemoDebug;
				ASSETCATALOG_COMPILER_APPICON_NAME = "AppIcon-ASAPP";
				CODE_SIGN_IDENTITY = "iPhone Developer: Mitchell S Morgan (S444KZ7Z7F)";
				COMPANY_CHANGING_DISABLED = YES;
				CONFIGURATION_BUILD_DIR = "$(BUILD_DIR)/$(CONFIGURATION)$(EFFECTIVE_PLATFORM_NAME)";
				DEBUG_INFORMATION_FORMAT = "dwarf-with-dsym";
				DEFAULT_DEMO_COMPANY = asapp;
				DEMO_CONTENT_ENABLED = NO;
				DEMO_LIVE_CHAT = YES;
				FRAMEWORK_SEARCH_PATHS = (
					"$(inherited)",
					"$(PROJECT_DIR)",
				);
				INFOPLIST_FILE = "ASAPPTest/Supporting Files/Info.plist";
				IPHONEOS_DEPLOYMENT_TARGET = 8.0;
				LAUNCH_SCREEN = "LaunchScreen-ASAPP";
				LD_RUNPATH_SEARCH_PATHS = "$(inherited) @executable_path/Frameworks";
				ONLY_ACTIVE_ARCH = YES;
				PRODUCT_BUNDLE_IDENTIFIER = com.asappinc.LiveChatDemoDebug;
				PRODUCT_NAME = "$(TARGET_NAME)";
				PROVISIONING_PROFILE = "f56388d1-7874-4e5b-81dc-9e41e325c810";
				SWIFT_VERSION = 3.0;
				TARGETED_DEVICE_FAMILY = "1,2";
			};
			name = "Live Chat Demo Debug";
		};
		30A003511DC3E14600CFA4CD /* Live Chat Demo AdHoc */ = {
			isa = XCBuildConfiguration;
			buildSettings = {
				ALWAYS_SEARCH_USER_PATHS = NO;
				CLANG_ANALYZER_LOCALIZABILITY_NONLOCALIZED = YES;
				CLANG_ANALYZER_NONNULL = YES;
				CLANG_CXX_LANGUAGE_STANDARD = "gnu++0x";
				CLANG_CXX_LIBRARY = "libc++";
				CLANG_ENABLE_MODULES = YES;
				CLANG_ENABLE_OBJC_ARC = YES;
				CLANG_WARN_BOOL_CONVERSION = YES;
				CLANG_WARN_CONSTANT_CONVERSION = YES;
				CLANG_WARN_DIRECT_OBJC_ISA_USAGE = YES_ERROR;
				CLANG_WARN_EMPTY_BODY = YES;
				CLANG_WARN_ENUM_CONVERSION = YES;
				CLANG_WARN_INFINITE_RECURSION = YES;
				CLANG_WARN_INT_CONVERSION = YES;
				CLANG_WARN_OBJC_ROOT_CLASS = YES_ERROR;
				CLANG_WARN_SUSPICIOUS_MOVE = YES;
				CLANG_WARN_UNREACHABLE_CODE = YES;
				CLANG_WARN__DUPLICATE_METHOD_MATCH = YES;
				"CODE_SIGN_IDENTITY[sdk=iphoneos*]" = "iPhone Developer";
				COPY_PHASE_STRIP = NO;
				DEBUG_INFORMATION_FORMAT = "dwarf-with-dsym";
				ENABLE_NS_ASSERTIONS = NO;
				ENABLE_STRICT_OBJC_MSGSEND = YES;
				FRAMEWORK_SEARCH_PATHS = "";
				GCC_C_LANGUAGE_STANDARD = gnu99;
				GCC_NO_COMMON_BLOCKS = YES;
				GCC_WARN_64_TO_32_BIT_CONVERSION = YES;
				GCC_WARN_ABOUT_RETURN_TYPE = YES_ERROR;
				GCC_WARN_UNDECLARED_SELECTOR = YES;
				GCC_WARN_UNINITIALIZED_AUTOS = YES_AGGRESSIVE;
				GCC_WARN_UNUSED_FUNCTION = YES;
				GCC_WARN_UNUSED_VARIABLE = YES;
				IPHONEOS_DEPLOYMENT_TARGET = 9.0;
				MTL_ENABLE_DEBUG_INFO = NO;
				SDKROOT = iphoneos;
				VALIDATE_PRODUCT = YES;
			};
			name = "Live Chat Demo AdHoc";
		};
		30A003521DC3E14600CFA4CD /* Live Chat Demo AdHoc */ = {
			isa = XCBuildConfiguration;
			buildSettings = {
				ALWAYS_EMBED_SWIFT_STANDARD_LIBRARIES = YES;
				ASAPP_BUNDLE_DISPLAY_NAME = "ASAPP Chat";
				ASAPP_BUNDLE_ID = com.asappinc.LiveChatDemo;
				ASSETCATALOG_COMPILER_APPICON_NAME = "AppIcon-ASAPP";
				CODE_SIGN_IDENTITY = "iPhone Distribution: ASAPP Inc.";
				"CODE_SIGN_IDENTITY[sdk=iphoneos*]" = "iPhone Distribution: ASAPP Inc.";
				COMPANY_CHANGING_DISABLED = YES;
				CONFIGURATION_BUILD_DIR = "$(BUILD_DIR)/$(CONFIGURATION)$(EFFECTIVE_PLATFORM_NAME)";
				DEFAULT_DEMO_COMPANY = asapp;
				DEMO_CONTENT_ENABLED = NO;
				DEMO_LIVE_CHAT = YES;
				DEVELOPMENT_TEAM = GHJ79KTB8D;
				FRAMEWORK_SEARCH_PATHS = (
					"$(inherited)",
					"$(PROJECT_DIR)",
					"$(SRCROOT)/**",
				);
				INFOPLIST_FILE = "ASAPPTest/Supporting Files/Info.plist";
				IPHONEOS_DEPLOYMENT_TARGET = 8.0;
				LAUNCH_SCREEN = "LaunchScreen-ASAPP";
				LD_RUNPATH_SEARCH_PATHS = "$(inherited) @executable_path/Frameworks";
				PRODUCT_BUNDLE_IDENTIFIER = com.asappinc.LiveChatDemo;
				PRODUCT_NAME = "$(TARGET_NAME)";
				PROVISIONING_PROFILE = "d9bcf262-fd86-4815-ade9-c432af41931d";
				PROVISIONING_PROFILE_SPECIFIER = "Live Chat Demo Enterprise Provisioning Profile";
				SWIFT_VERSION = 3.0;
				TARGETED_DEVICE_FAMILY = "1,2";
			};
			name = "Live Chat Demo AdHoc";
		};
		30AE79F41D4BACD800651F09 /* AdHoc */ = {
			isa = XCBuildConfiguration;
			buildSettings = {
				ALWAYS_SEARCH_USER_PATHS = NO;
				CLANG_ANALYZER_LOCALIZABILITY_NONLOCALIZED = YES;
				CLANG_ANALYZER_NONNULL = YES;
				CLANG_CXX_LANGUAGE_STANDARD = "gnu++0x";
				CLANG_CXX_LIBRARY = "libc++";
				CLANG_ENABLE_MODULES = YES;
				CLANG_ENABLE_OBJC_ARC = YES;
				CLANG_WARN_BOOL_CONVERSION = YES;
				CLANG_WARN_CONSTANT_CONVERSION = YES;
				CLANG_WARN_DIRECT_OBJC_ISA_USAGE = YES_ERROR;
				CLANG_WARN_EMPTY_BODY = YES;
				CLANG_WARN_ENUM_CONVERSION = YES;
				CLANG_WARN_INFINITE_RECURSION = YES;
				CLANG_WARN_INT_CONVERSION = YES;
				CLANG_WARN_OBJC_ROOT_CLASS = YES_ERROR;
				CLANG_WARN_SUSPICIOUS_MOVE = YES;
				CLANG_WARN_UNREACHABLE_CODE = YES;
				CLANG_WARN__DUPLICATE_METHOD_MATCH = YES;
				"CODE_SIGN_IDENTITY[sdk=iphoneos*]" = "iPhone Developer";
				COPY_PHASE_STRIP = NO;
				DEBUG_INFORMATION_FORMAT = "dwarf-with-dsym";
				ENABLE_NS_ASSERTIONS = NO;
				ENABLE_STRICT_OBJC_MSGSEND = YES;
				FRAMEWORK_SEARCH_PATHS = "";
				GCC_C_LANGUAGE_STANDARD = gnu99;
				GCC_NO_COMMON_BLOCKS = YES;
				GCC_WARN_64_TO_32_BIT_CONVERSION = YES;
				GCC_WARN_ABOUT_RETURN_TYPE = YES_ERROR;
				GCC_WARN_UNDECLARED_SELECTOR = YES;
				GCC_WARN_UNINITIALIZED_AUTOS = YES_AGGRESSIVE;
				GCC_WARN_UNUSED_FUNCTION = YES;
				GCC_WARN_UNUSED_VARIABLE = YES;
				IPHONEOS_DEPLOYMENT_TARGET = 9.0;
				MTL_ENABLE_DEBUG_INFO = NO;
				SDKROOT = iphoneos;
				VALIDATE_PRODUCT = YES;
			};
			name = AdHoc;
		};
		30AE79F51D4BACD800651F09 /* AdHoc */ = {
			isa = XCBuildConfiguration;
			buildSettings = {
				ALWAYS_EMBED_SWIFT_STANDARD_LIBRARIES = YES;
				ASAPP_BUNDLE_DISPLAY_NAME = "ASAPP AdHoc";
				ASAPP_BUNDLE_ID = com.asappinc.TestApp;
				ASSETCATALOG_COMPILER_APPICON_NAME = AppIcon;
				CODE_SIGN_IDENTITY = "iPhone Distribution: ASAPP Inc.";
				"CODE_SIGN_IDENTITY[sdk=iphoneos*]" = "iPhone Distribution: ASAPP Inc.";
				COMPANY_CHANGING_DISABLED = NO;
				DEFAULT_DEMO_COMPANY = comcast;
				DEMO_CONTENT_ENABLED = NO;
				DEMO_LIVE_CHAT = NO;
				FRAMEWORK_SEARCH_PATHS = (
					"$(inherited)",
					"$(PROJECT_DIR)",
					"$(SRCROOT)/**",
				);
				INFOPLIST_FILE = "ASAPPTest/Supporting Files/Info.plist";
				IPHONEOS_DEPLOYMENT_TARGET = 8.0;
				LAUNCH_SCREEN = LaunchScreen;
				LD_RUNPATH_SEARCH_PATHS = "$(inherited) @executable_path/Frameworks";
				PRODUCT_BUNDLE_IDENTIFIER = com.asappinc.TestApp;
				PRODUCT_NAME = "$(TARGET_NAME)";
				PROVISIONING_PROFILE = "439ffd2d-438b-451f-bf90-0c4156fa0b94";
				SWIFT_VERSION = 3.0;
				TARGETED_DEVICE_FAMILY = "1,2";
			};
			name = AdHoc;
		};
		FD8D8B291D107A19001B420B /* Debug */ = {
			isa = XCBuildConfiguration;
			buildSettings = {
				ALWAYS_SEARCH_USER_PATHS = NO;
				CLANG_ANALYZER_LOCALIZABILITY_NONLOCALIZED = YES;
				CLANG_ANALYZER_NONNULL = YES;
				CLANG_CXX_LANGUAGE_STANDARD = "gnu++0x";
				CLANG_CXX_LIBRARY = "libc++";
				CLANG_ENABLE_MODULES = YES;
				CLANG_ENABLE_OBJC_ARC = YES;
				CLANG_WARN_BOOL_CONVERSION = YES;
				CLANG_WARN_CONSTANT_CONVERSION = YES;
				CLANG_WARN_DIRECT_OBJC_ISA_USAGE = YES_ERROR;
				CLANG_WARN_EMPTY_BODY = YES;
				CLANG_WARN_ENUM_CONVERSION = YES;
				CLANG_WARN_INFINITE_RECURSION = YES;
				CLANG_WARN_INT_CONVERSION = YES;
				CLANG_WARN_OBJC_ROOT_CLASS = YES_ERROR;
				CLANG_WARN_SUSPICIOUS_MOVE = YES;
				CLANG_WARN_UNREACHABLE_CODE = YES;
				CLANG_WARN__DUPLICATE_METHOD_MATCH = YES;
				"CODE_SIGN_IDENTITY[sdk=iphoneos*]" = "iPhone Developer";
				COPY_PHASE_STRIP = NO;
				DEBUG_INFORMATION_FORMAT = dwarf;
				ENABLE_STRICT_OBJC_MSGSEND = YES;
				ENABLE_TESTABILITY = YES;
				FRAMEWORK_SEARCH_PATHS = "";
				GCC_C_LANGUAGE_STANDARD = gnu99;
				GCC_DYNAMIC_NO_PIC = NO;
				GCC_NO_COMMON_BLOCKS = YES;
				GCC_OPTIMIZATION_LEVEL = 0;
				GCC_PREPROCESSOR_DEFINITIONS = (
					"DEBUG=1",
					"$(inherited)",
				);
				GCC_WARN_64_TO_32_BIT_CONVERSION = YES;
				GCC_WARN_ABOUT_RETURN_TYPE = YES_ERROR;
				GCC_WARN_UNDECLARED_SELECTOR = YES;
				GCC_WARN_UNINITIALIZED_AUTOS = YES_AGGRESSIVE;
				GCC_WARN_UNUSED_FUNCTION = YES;
				GCC_WARN_UNUSED_VARIABLE = YES;
				IPHONEOS_DEPLOYMENT_TARGET = 9.0;
				MTL_ENABLE_DEBUG_INFO = YES;
				ONLY_ACTIVE_ARCH = YES;
				SDKROOT = iphoneos;
				SWIFT_OPTIMIZATION_LEVEL = "-Onone";
			};
			name = Debug;
		};
		FD8D8B2A1D107A19001B420B /* Release */ = {
			isa = XCBuildConfiguration;
			buildSettings = {
				ALWAYS_SEARCH_USER_PATHS = NO;
				CLANG_ANALYZER_LOCALIZABILITY_NONLOCALIZED = YES;
				CLANG_ANALYZER_NONNULL = YES;
				CLANG_CXX_LANGUAGE_STANDARD = "gnu++0x";
				CLANG_CXX_LIBRARY = "libc++";
				CLANG_ENABLE_MODULES = YES;
				CLANG_ENABLE_OBJC_ARC = YES;
				CLANG_WARN_BOOL_CONVERSION = YES;
				CLANG_WARN_CONSTANT_CONVERSION = YES;
				CLANG_WARN_DIRECT_OBJC_ISA_USAGE = YES_ERROR;
				CLANG_WARN_EMPTY_BODY = YES;
				CLANG_WARN_ENUM_CONVERSION = YES;
				CLANG_WARN_INFINITE_RECURSION = YES;
				CLANG_WARN_INT_CONVERSION = YES;
				CLANG_WARN_OBJC_ROOT_CLASS = YES_ERROR;
				CLANG_WARN_SUSPICIOUS_MOVE = YES;
				CLANG_WARN_UNREACHABLE_CODE = YES;
				CLANG_WARN__DUPLICATE_METHOD_MATCH = YES;
				"CODE_SIGN_IDENTITY[sdk=iphoneos*]" = "iPhone Developer";
				COPY_PHASE_STRIP = NO;
				DEBUG_INFORMATION_FORMAT = "dwarf-with-dsym";
				ENABLE_NS_ASSERTIONS = NO;
				ENABLE_STRICT_OBJC_MSGSEND = YES;
				FRAMEWORK_SEARCH_PATHS = "";
				GCC_C_LANGUAGE_STANDARD = gnu99;
				GCC_NO_COMMON_BLOCKS = YES;
				GCC_WARN_64_TO_32_BIT_CONVERSION = YES;
				GCC_WARN_ABOUT_RETURN_TYPE = YES_ERROR;
				GCC_WARN_UNDECLARED_SELECTOR = YES;
				GCC_WARN_UNINITIALIZED_AUTOS = YES_AGGRESSIVE;
				GCC_WARN_UNUSED_FUNCTION = YES;
				GCC_WARN_UNUSED_VARIABLE = YES;
				IPHONEOS_DEPLOYMENT_TARGET = 9.0;
				MTL_ENABLE_DEBUG_INFO = NO;
				SDKROOT = iphoneos;
				SWIFT_OPTIMIZATION_LEVEL = "-Owholemodule";
				VALIDATE_PRODUCT = YES;
			};
			name = Release;
		};
		FD8D8B2C1D107A19001B420B /* Debug */ = {
			isa = XCBuildConfiguration;
			buildSettings = {
				ALWAYS_EMBED_SWIFT_STANDARD_LIBRARIES = YES;
				ASAPP_BUNDLE_DISPLAY_NAME = "ASAPP Debug";
				ASAPP_BUNDLE_ID = com.asappinc.TestAppDebug;
				ASSETCATALOG_COMPILER_APPICON_NAME = AppIcon;
				CODE_SIGN_IDENTITY = "iPhone Developer: Mitchell S Morgan (S444KZ7Z7F)";
				COMPANY_CHANGING_DISABLED = NO;
				DEBUG_INFORMATION_FORMAT = "dwarf-with-dsym";
				DEFAULT_DEMO_COMPANY = comcast;
				DEMO_CONTENT_ENABLED = NO;
				DEMO_LIVE_CHAT = NO;
				FRAMEWORK_SEARCH_PATHS = (
					"$(inherited)",
					"$(PROJECT_DIR)",
				);
				INFOPLIST_FILE = "ASAPPTest/Supporting Files/Info.plist";
				IPHONEOS_DEPLOYMENT_TARGET = 8.0;
				LAUNCH_SCREEN = LaunchScreen;
				LD_RUNPATH_SEARCH_PATHS = "$(inherited) @executable_path/Frameworks";
				ONLY_ACTIVE_ARCH = YES;
				PRODUCT_BUNDLE_IDENTIFIER = com.asappinc.TestAppDebug;
				PRODUCT_NAME = "$(TARGET_NAME)";
				PROVISIONING_PROFILE = "f56388d1-7874-4e5b-81dc-9e41e325c810";
				SWIFT_VERSION = 3.0;
				TARGETED_DEVICE_FAMILY = "1,2";
			};
			name = Debug;
		};
		FD8D8B2D1D107A19001B420B /* Release */ = {
			isa = XCBuildConfiguration;
			buildSettings = {
				ALWAYS_EMBED_SWIFT_STANDARD_LIBRARIES = YES;
				ASAPP_BUNDLE_DISPLAY_NAME = ASAPP;
				ASAPP_BUNDLE_ID = com.asappinc.TestApp;
				ASSETCATALOG_COMPILER_APPICON_NAME = AppIcon;
				CODE_SIGN_IDENTITY = "iPhone Distribution: Asapp, Inc. (DEGEC37KNQ)";
				"CODE_SIGN_IDENTITY[sdk=iphoneos*]" = "iPhone Distribution: Asapp, Inc. (DEGEC37KNQ)";
				COMPANY_CHANGING_DISABLED = NO;
				DEFAULT_DEMO_COMPANY = sprint;
				DEMO_CONTENT_ENABLED = NO;
				DEMO_LIVE_CHAT = NO;
				FRAMEWORK_SEARCH_PATHS = (
					"$(inherited)",
					"$(PROJECT_DIR)",
				);
				INFOPLIST_FILE = "ASAPPTest/Supporting Files/Info.plist";
				IPHONEOS_DEPLOYMENT_TARGET = 8.0;
				LAUNCH_SCREEN = LaunchScreen;
				LD_RUNPATH_SEARCH_PATHS = "$(inherited) @executable_path/Frameworks";
				PRODUCT_BUNDLE_IDENTIFIER = com.asappinc.ASAPPSDKApp;
				PRODUCT_NAME = "$(TARGET_NAME)";
				PROVISIONING_PROFILE = "70fa41ed-17d5-403a-bf44-349dd8855431";
				PROVISIONING_PROFILE_SPECIFIER = "ASAPP SDK App Distribution Profile";
				SWIFT_VERSION = 3.0;
				TARGETED_DEVICE_FAMILY = "1,2";
			};
			name = Release;
		};
/* End XCBuildConfiguration section */

/* Begin XCConfigurationList section */
		FD8D8B141D107A19001B420B /* Build configuration list for PBXProject "ASAPPTest" */ = {
			isa = XCConfigurationList;
			buildConfigurations = (
				FD8D8B291D107A19001B420B /* Debug */,
				307301B41DAE8EC00002CF3B /* Sprint Debug */,
				307301ED1DAEAF300002CF3B /* Comcast Debug */,
				30A0034F1DC3E14100CFA4CD /* Live Chat Demo Debug */,
				FD8D8B2A1D107A19001B420B /* Release */,
				30AE79F41D4BACD800651F09 /* AdHoc */,
				307301B61DAE8EC90002CF3B /* Sprint AdHoc */,
				307301EF1DAEAF370002CF3B /* Comcast AdHoc */,
				30A003511DC3E14600CFA4CD /* Live Chat Demo AdHoc */,
			);
			defaultConfigurationIsVisible = 0;
			defaultConfigurationName = Release;
		};
		FD8D8B2B1D107A19001B420B /* Build configuration list for PBXNativeTarget "ASAPPTest" */ = {
			isa = XCConfigurationList;
			buildConfigurations = (
				FD8D8B2C1D107A19001B420B /* Debug */,
				307301B51DAE8EC00002CF3B /* Sprint Debug */,
				307301EE1DAEAF300002CF3B /* Comcast Debug */,
				30A003501DC3E14100CFA4CD /* Live Chat Demo Debug */,
				FD8D8B2D1D107A19001B420B /* Release */,
				30AE79F51D4BACD800651F09 /* AdHoc */,
				307301B71DAE8EC90002CF3B /* Sprint AdHoc */,
				307301F01DAEAF370002CF3B /* Comcast AdHoc */,
				30A003521DC3E14600CFA4CD /* Live Chat Demo AdHoc */,
			);
			defaultConfigurationIsVisible = 0;
			defaultConfigurationName = Release;
		};
/* End XCConfigurationList section */
	};
	rootObject = FD8D8B111D107A19001B420B /* Project object */;
}
