// !$*UTF8*$!
{
	archiveVersion = 1;
	classes = {
	};
	objectVersion = 46;
	objects = {

/* Begin PBXBuildFile section */
		28282C9C1EC08EBA006CC055 /* AppDelegate.swift in Sources */ = {isa = PBXBuildFile; fileRef = 28282C9B1EC08EBA006CC055 /* AppDelegate.swift */; };
		28282C9E1EC08EBA006CC055 /* ViewController.swift in Sources */ = {isa = PBXBuildFile; fileRef = 28282C9D1EC08EBA006CC055 /* ViewController.swift */; };
		28282CA31EC08EBA006CC055 /* Assets.xcassets in Resources */ = {isa = PBXBuildFile; fileRef = 28282CA21EC08EBA006CC055 /* Assets.xcassets */; };
		28282CA61EC08EBA006CC055 /* LaunchScreen.storyboard in Resources */ = {isa = PBXBuildFile; fileRef = 28282CA41EC08EBA006CC055 /* LaunchScreen.storyboard */; };
		28282CB51EC0912F006CC055 /* ASAPP.framework in Frameworks */ = {isa = PBXBuildFile; fileRef = 28282CB41EC0912F006CC055 /* ASAPP.framework */; };
		28282CB61EC0912F006CC055 /* ASAPP.framework in Embed Frameworks */ = {isa = PBXBuildFile; fileRef = 28282CB41EC0912F006CC055 /* ASAPP.framework */; settings = {ATTRIBUTES = (CodeSignOnCopy, RemoveHeadersOnCopy, ); }; };
/* End PBXBuildFile section */

/* Begin PBXCopyFilesBuildPhase section */
		28282CB71EC0912F006CC055 /* Embed Frameworks */ = {
			isa = PBXCopyFilesBuildPhase;
			buildActionMask = 2147483647;
			dstPath = "";
			dstSubfolderSpec = 10;
			files = (
				28282CB61EC0912F006CC055 /* ASAPP.framework in Embed Frameworks */,
			);
			name = "Embed Frameworks";
			runOnlyForDeploymentPostprocessing = 0;
		};
/* End PBXCopyFilesBuildPhase section */

/* Begin PBXFileReference section */
		28282C981EC08EBA006CC055 /* ComponentUIPreviewer.app */ = {isa = PBXFileReference; explicitFileType = wrapper.application; includeInIndex = 0; path = ComponentUIPreviewer.app; sourceTree = BUILT_PRODUCTS_DIR; };
		28282C9B1EC08EBA006CC055 /* AppDelegate.swift */ = {isa = PBXFileReference; lastKnownFileType = sourcecode.swift; path = AppDelegate.swift; sourceTree = "<group>"; };
		28282C9D1EC08EBA006CC055 /* ViewController.swift */ = {isa = PBXFileReference; lastKnownFileType = sourcecode.swift; path = ViewController.swift; sourceTree = "<group>"; };
		28282CA21EC08EBA006CC055 /* Assets.xcassets */ = {isa = PBXFileReference; lastKnownFileType = folder.assetcatalog; path = Assets.xcassets; sourceTree = "<group>"; };
		28282CA51EC08EBA006CC055 /* Base */ = {isa = PBXFileReference; lastKnownFileType = file.storyboard; name = Base; path = Base.lproj/LaunchScreen.storyboard; sourceTree = "<group>"; };
		28282CA71EC08EBA006CC055 /* Info.plist */ = {isa = PBXFileReference; lastKnownFileType = text.plist.xml; path = Info.plist; sourceTree = "<group>"; };
		28282CB41EC0912F006CC055 /* ASAPP.framework */ = {isa = PBXFileReference; explicitFileType = wrapper.framework; path = ASAPP.framework; sourceTree = BUILT_PRODUCTS_DIR; };
/* End PBXFileReference section */

/* Begin PBXFrameworksBuildPhase section */
		28282C951EC08EBA006CC055 /* Frameworks */ = {
			isa = PBXFrameworksBuildPhase;
			buildActionMask = 2147483647;
			files = (
				28282CB51EC0912F006CC055 /* ASAPP.framework in Frameworks */,
			);
			runOnlyForDeploymentPostprocessing = 0;
		};
/* End PBXFrameworksBuildPhase section */

/* Begin PBXGroup section */
		28282C8F1EC08EBA006CC055 = {
			isa = PBXGroup;
			children = (
				28282CB41EC0912F006CC055 /* ASAPP.framework */,
				28282C9A1EC08EBA006CC055 /* ComponentUIPreviewer */,
				28282C991EC08EBA006CC055 /* Products */,
			);
			sourceTree = "<group>";
		};
		28282C991EC08EBA006CC055 /* Products */ = {
			isa = PBXGroup;
			children = (
				28282C981EC08EBA006CC055 /* ComponentUIPreviewer.app */,
			);
			name = Products;
			sourceTree = "<group>";
		};
		28282C9A1EC08EBA006CC055 /* ComponentUIPreviewer */ = {
			isa = PBXGroup;
			children = (
				28282C9B1EC08EBA006CC055 /* AppDelegate.swift */,
				28282C9D1EC08EBA006CC055 /* ViewController.swift */,
				28282CA21EC08EBA006CC055 /* Assets.xcassets */,
				28282CA41EC08EBA006CC055 /* LaunchScreen.storyboard */,
				28282CA71EC08EBA006CC055 /* Info.plist */,
			);
			path = ComponentUIPreviewer;
			sourceTree = "<group>";
		};
/* End PBXGroup section */

/* Begin PBXNativeTarget section */
		28282C971EC08EBA006CC055 /* ComponentUIPreviewer */ = {
			isa = PBXNativeTarget;
			buildConfigurationList = 28282CAA1EC08EBA006CC055 /* Build configuration list for PBXNativeTarget "ComponentUIPreviewer" */;
			buildPhases = (
				28282C941EC08EBA006CC055 /* Sources */,
				28282C951EC08EBA006CC055 /* Frameworks */,
				28282C961EC08EBA006CC055 /* Resources */,
				28282CB71EC0912F006CC055 /* Embed Frameworks */,
			);
			buildRules = (
			);
			dependencies = (
			);
			name = ComponentUIPreviewer;
			productName = ComponentUIPreviewer;
			productReference = 28282C981EC08EBA006CC055 /* ComponentUIPreviewer.app */;
			productType = "com.apple.product-type.application";
		};
/* End PBXNativeTarget section */

/* Begin PBXProject section */
		28282C901EC08EBA006CC055 /* Project object */ = {
			isa = PBXProject;
			attributes = {
				LastSwiftUpdateCheck = 0820;
				LastUpgradeCheck = 0900;
				ORGANIZATIONNAME = "ASAPP, Inc";
				TargetAttributes = {
					28282C971EC08EBA006CC055 = {
						CreatedOnToolsVersion = 8.2.1;
						DevelopmentTeam = DEGEC37KNQ;
						ProvisioningStyle = Automatic;
					};
				};
			};
			buildConfigurationList = 28282C931EC08EBA006CC055 /* Build configuration list for PBXProject "ComponentUIPreviewer" */;
			compatibilityVersion = "Xcode 3.2";
			developmentRegion = English;
			hasScannedForEncodings = 0;
			knownRegions = (
				en,
				Base,
			);
			mainGroup = 28282C8F1EC08EBA006CC055;
			productRefGroup = 28282C991EC08EBA006CC055 /* Products */;
			projectDirPath = "";
			projectRoot = "";
			targets = (
				28282C971EC08EBA006CC055 /* ComponentUIPreviewer */,
			);
		};
/* End PBXProject section */

/* Begin PBXResourcesBuildPhase section */
		28282C961EC08EBA006CC055 /* Resources */ = {
			isa = PBXResourcesBuildPhase;
			buildActionMask = 2147483647;
			files = (
				28282CA61EC08EBA006CC055 /* LaunchScreen.storyboard in Resources */,
				28282CA31EC08EBA006CC055 /* Assets.xcassets in Resources */,
			);
			runOnlyForDeploymentPostprocessing = 0;
		};
/* End PBXResourcesBuildPhase section */

/* Begin PBXSourcesBuildPhase section */
		28282C941EC08EBA006CC055 /* Sources */ = {
			isa = PBXSourcesBuildPhase;
			buildActionMask = 2147483647;
			files = (
				28282C9E1EC08EBA006CC055 /* ViewController.swift in Sources */,
				28282C9C1EC08EBA006CC055 /* AppDelegate.swift in Sources */,
			);
			runOnlyForDeploymentPostprocessing = 0;
		};
/* End PBXSourcesBuildPhase section */

/* Begin PBXVariantGroup section */
		28282CA41EC08EBA006CC055 /* LaunchScreen.storyboard */ = {
			isa = PBXVariantGroup;
			children = (
				28282CA51EC08EBA006CC055 /* Base */,
			);
			name = LaunchScreen.storyboard;
			sourceTree = "<group>";
		};
/* End PBXVariantGroup section */

/* Begin XCBuildConfiguration section */
		28282CA81EC08EBA006CC055 /* Debug */ = {
			isa = XCBuildConfiguration;
			buildSettings = {
				ALWAYS_SEARCH_USER_PATHS = NO;
				CLANG_ANALYZER_NONNULL = YES;
				CLANG_CXX_LANGUAGE_STANDARD = "gnu++0x";
				CLANG_CXX_LIBRARY = "libc++";
				CLANG_ENABLE_MODULES = YES;
				CLANG_ENABLE_OBJC_ARC = YES;
				CLANG_WARN_BLOCK_CAPTURE_AUTORELEASING = YES;
				CLANG_WARN_BOOL_CONVERSION = YES;
				CLANG_WARN_COMMA = YES;
				CLANG_WARN_CONSTANT_CONVERSION = YES;
				CLANG_WARN_DIRECT_OBJC_ISA_USAGE = YES_ERROR;
				CLANG_WARN_DOCUMENTATION_COMMENTS = YES;
				CLANG_WARN_EMPTY_BODY = YES;
				CLANG_WARN_ENUM_CONVERSION = YES;
				CLANG_WARN_INFINITE_RECURSION = YES;
				CLANG_WARN_INT_CONVERSION = YES;
				CLANG_WARN_NON_LITERAL_NULL_CONVERSION = YES;
				CLANG_WARN_OBJC_LITERAL_CONVERSION = YES;
				CLANG_WARN_OBJC_ROOT_CLASS = YES_ERROR;
				CLANG_WARN_RANGE_LOOP_ANALYSIS = YES;
				CLANG_WARN_STRICT_PROTOTYPES = YES;
				CLANG_WARN_SUSPICIOUS_MOVE = YES;
				CLANG_WARN_UNREACHABLE_CODE = YES;
				CLANG_WARN__DUPLICATE_METHOD_MATCH = YES;
				"CODE_SIGN_IDENTITY[sdk=iphoneos*]" = "iPhone Developer";
				COPY_PHASE_STRIP = NO;
				DEBUG_INFORMATION_FORMAT = dwarf;
				ENABLE_STRICT_OBJC_MSGSEND = YES;
				ENABLE_TESTABILITY = YES;
				GCC_C_LANGUAGE_STANDARD = gnu99;
				GCC_DYNAMIC_NO_PIC = NO;
				GCC_NO_COMMON_BLOCKS = YES;
				GCC_OPTIMIZATION_LEVEL = 0;
				GCC_PREPROCESSOR_DEFINITIONS = (
					"DEBUG=1",
					"$(inherited)",
				);
				GCC_WARN_64_TO_32_BIT_CONVERSION = YES;
				GCC_WARN_ABOUT_RETURN_TYPE = YES_ERROR;
				GCC_WARN_UNDECLARED_SELECTOR = YES;
				GCC_WARN_UNINITIALIZED_AUTOS = YES_AGGRESSIVE;
				GCC_WARN_UNUSED_FUNCTION = YES;
				GCC_WARN_UNUSED_VARIABLE = YES;
				IPHONEOS_DEPLOYMENT_TARGET = 10.2;
				MTL_ENABLE_DEBUG_INFO = YES;
				ONLY_ACTIVE_ARCH = YES;
				SDKROOT = iphoneos;
				SWIFT_ACTIVE_COMPILATION_CONDITIONS = DEBUG;
				SWIFT_OPTIMIZATION_LEVEL = "-Onone";
				TARGETED_DEVICE_FAMILY = "1,2";
			};
			name = Debug;
		};
		28282CA91EC08EBA006CC055 /* Release */ = {
			isa = XCBuildConfiguration;
			buildSettings = {
				ALWAYS_SEARCH_USER_PATHS = NO;
				CLANG_ANALYZER_NONNULL = YES;
				CLANG_CXX_LANGUAGE_STANDARD = "gnu++0x";
				CLANG_CXX_LIBRARY = "libc++";
				CLANG_ENABLE_MODULES = YES;
				CLANG_ENABLE_OBJC_ARC = YES;
				CLANG_WARN_BLOCK_CAPTURE_AUTORELEASING = YES;
				CLANG_WARN_BOOL_CONVERSION = YES;
				CLANG_WARN_COMMA = YES;
				CLANG_WARN_CONSTANT_CONVERSION = YES;
				CLANG_WARN_DIRECT_OBJC_ISA_USAGE = YES_ERROR;
				CLANG_WARN_DOCUMENTATION_COMMENTS = YES;
				CLANG_WARN_EMPTY_BODY = YES;
				CLANG_WARN_ENUM_CONVERSION = YES;
				CLANG_WARN_INFINITE_RECURSION = YES;
				CLANG_WARN_INT_CONVERSION = YES;
				CLANG_WARN_NON_LITERAL_NULL_CONVERSION = YES;
				CLANG_WARN_OBJC_LITERAL_CONVERSION = YES;
				CLANG_WARN_OBJC_ROOT_CLASS = YES_ERROR;
				CLANG_WARN_RANGE_LOOP_ANALYSIS = YES;
				CLANG_WARN_STRICT_PROTOTYPES = YES;
				CLANG_WARN_SUSPICIOUS_MOVE = YES;
				CLANG_WARN_UNREACHABLE_CODE = YES;
				CLANG_WARN__DUPLICATE_METHOD_MATCH = YES;
				"CODE_SIGN_IDENTITY[sdk=iphoneos*]" = "iPhone Developer";
				COPY_PHASE_STRIP = NO;
				DEBUG_INFORMATION_FORMAT = "dwarf-with-dsym";
				ENABLE_NS_ASSERTIONS = NO;
				ENABLE_STRICT_OBJC_MSGSEND = YES;
				GCC_C_LANGUAGE_STANDARD = gnu99;
				GCC_NO_COMMON_BLOCKS = YES;
				GCC_WARN_64_TO_32_BIT_CONVERSION = YES;
				GCC_WARN_ABOUT_RETURN_TYPE = YES_ERROR;
				GCC_WARN_UNDECLARED_SELECTOR = YES;
				GCC_WARN_UNINITIALIZED_AUTOS = YES_AGGRESSIVE;
				GCC_WARN_UNUSED_FUNCTION = YES;
				GCC_WARN_UNUSED_VARIABLE = YES;
				IPHONEOS_DEPLOYMENT_TARGET = 10.2;
				MTL_ENABLE_DEBUG_INFO = NO;
				SDKROOT = iphoneos;
				SWIFT_OPTIMIZATION_LEVEL = "-Owholemodule";
				TARGETED_DEVICE_FAMILY = "1,2";
				VALIDATE_PRODUCT = YES;
			};
			name = Release;
		};
		28282CAB1EC08EBA006CC055 /* Debug */ = {
			isa = XCBuildConfiguration;
			buildSettings = {
				ALWAYS_EMBED_SWIFT_STANDARD_LIBRARIES = YES;
				ASSETCATALOG_COMPILER_APPICON_NAME = AppIcon;
				DEVELOPMENT_TEAM = DEGEC37KNQ;
				INFOPLIST_FILE = ComponentUIPreviewer/Info.plist;
				IPHONEOS_DEPLOYMENT_TARGET = 8.1;
				LD_RUNPATH_SEARCH_PATHS = "$(inherited) @executable_path/Frameworks";
				PRODUCT_BUNDLE_IDENTIFIER = com.asappinc.ComponentUIPreviewer;
				PRODUCT_NAME = "$(TARGET_NAME)";
				SWIFT_VERSION = 3.0;
			};
			name = Debug;
		};
		28282CAC1EC08EBA006CC055 /* Release */ = {
			isa = XCBuildConfiguration;
			buildSettings = {
				ALWAYS_EMBED_SWIFT_STANDARD_LIBRARIES = YES;
				ASSETCATALOG_COMPILER_APPICON_NAME = AppIcon;
				DEVELOPMENT_TEAM = DEGEC37KNQ;
				INFOPLIST_FILE = ComponentUIPreviewer/Info.plist;
				IPHONEOS_DEPLOYMENT_TARGET = 8.1;
				LD_RUNPATH_SEARCH_PATHS = "$(inherited) @executable_path/Frameworks";
				PRODUCT_BUNDLE_IDENTIFIER = com.asappinc.ComponentUIPreviewer;
				PRODUCT_NAME = "$(TARGET_NAME)";
				SWIFT_VERSION = 3.0;
			};
			name = Release;
		};
/* End XCBuildConfiguration section */

/* Begin XCConfigurationList section */
		28282C931EC08EBA006CC055 /* Build configuration list for PBXProject "ComponentUIPreviewer" */ = {
			isa = XCConfigurationList;
			buildConfigurations = (
				28282CA81EC08EBA006CC055 /* Debug */,
				28282CA91EC08EBA006CC055 /* Release */,
			);
			defaultConfigurationIsVisible = 0;
			defaultConfigurationName = Release;
		};
		28282CAA1EC08EBA006CC055 /* Build configuration list for PBXNativeTarget "ComponentUIPreviewer" */ = {
			isa = XCConfigurationList;
			buildConfigurations = (
				28282CAB1EC08EBA006CC055 /* Debug */,
				28282CAC1EC08EBA006CC055 /* Release */,
			);
			defaultConfigurationIsVisible = 0;
			defaultConfigurationName = Release;
		};
/* End XCConfigurationList section */
	};
	rootObject = 28282C901EC08EBA006CC055 /* Project object */;
}
