// !$*UTF8*$!
{
	archiveVersion = 1;
	classes = {
	};
	objectVersion = 46;
	objects = {

/* Begin PBXBuildFile section */
		E89D9A8272A25011F75A2217 /* Pods_ComcastTech.framework in Frameworks */ = {isa = PBXBuildFile; fileRef = 8ED29A8F24E415F15750C86B /* Pods_ComcastTech.framework */; };
		FD06190E1CF4F8DF00CA9E9D /* ASAPPCheckController.swift in Sources */ = {isa = PBXBuildFile; fileRef = FD06190D1CF4F8DF00CA9E9D /* ASAPPCheckController.swift */; };
		FD0619101CF4F92700CA9E9D /* ChatViewController.swift in Sources */ = {isa = PBXBuildFile; fileRef = FD06190F1CF4F92700CA9E9D /* ChatViewController.swift */; };
		FD17822C1CF352A80093232A /* Lato-Black.ttf in Resources */ = {isa = PBXBuildFile; fileRef = FD1782271CF352A80093232A /* Lato-Black.ttf */; };
		FD17822D1CF352A80093232A /* Lato-Bold.ttf in Resources */ = {isa = PBXBuildFile; fileRef = FD1782281CF352A80093232A /* Lato-Bold.ttf */; };
		FD17822E1CF352A80093232A /* Lato-Hairline.ttf in Resources */ = {isa = PBXBuildFile; fileRef = FD1782291CF352A80093232A /* Lato-Hairline.ttf */; };
		FD17822F1CF352A80093232A /* Lato-Light.ttf in Resources */ = {isa = PBXBuildFile; fileRef = FD17822A1CF352A80093232A /* Lato-Light.ttf */; };
		FD1782301CF352A80093232A /* Lato-Regular.ttf in Resources */ = {isa = PBXBuildFile; fileRef = FD17822B1CF352A80093232A /* Lato-Regular.ttf */; };
		FD1782331CF355420093232A /* ASAPPNavButton.swift in Sources */ = {isa = PBXBuildFile; fileRef = FD1782321CF355420093232A /* ASAPPNavButton.swift */; };
		FD1782391CF3AE4D0093232A /* ASAPPNavBar.swift in Sources */ = {isa = PBXBuildFile; fileRef = FD1782381CF3AE4D0093232A /* ASAPPNavBar.swift */; };
		FD17823C1CF3AF110093232A /* ASAPPColor.swift in Sources */ = {isa = PBXBuildFile; fileRef = FD17823B1CF3AF110093232A /* ASAPPColor.swift */; };
		FD686E511CF61B69006681B3 /* StepView.swift in Sources */ = {isa = PBXBuildFile; fileRef = FD686E501CF61B69006681B3 /* StepView.swift */; };
		FD686E551CF664CB006681B3 /* StepTableViewCell.swift in Sources */ = {isa = PBXBuildFile; fileRef = FD686E541CF664CB006681B3 /* StepTableViewCell.swift */; };
		FD686E571CF66541006681B3 /* StepSummaryTableViewCell.swift in Sources */ = {isa = PBXBuildFile; fileRef = FD686E561CF66541006681B3 /* StepSummaryTableViewCell.swift */; };
		FD75821C1D06395B00076464 /* MultiChoiceOptionViewController.swift in Sources */ = {isa = PBXBuildFile; fileRef = FD75821B1D06395B00076464 /* MultiChoiceOptionViewController.swift */; };
		FD75821E1D0641B600076464 /* MultiChoiceTopBar.swift in Sources */ = {isa = PBXBuildFile; fileRef = FD75821D1D0641B600076464 /* MultiChoiceTopBar.swift */; };
		FD7582461D08906300076464 /* Model.swift in Sources */ = {isa = PBXBuildFile; fileRef = FD7582451D08906300076464 /* Model.swift */; };
		FD98D0D11D18A04A001C6E47 /* TimelineTabViewController.swift in Sources */ = {isa = PBXBuildFile; fileRef = FD98D0D01D18A04A001C6E47 /* TimelineTabViewController.swift */; };
		FDA5F7C41CADB3F400ED9369 /* AppDelegate.swift in Sources */ = {isa = PBXBuildFile; fileRef = FDA5F7C31CADB3F400ED9369 /* AppDelegate.swift */; };
		FDA5F7C61CADB3F400ED9369 /* ASAPPTabBarController.swift in Sources */ = {isa = PBXBuildFile; fileRef = FDA5F7C51CADB3F400ED9369 /* ASAPPTabBarController.swift */; };
		FDA5F7CB1CADB3F400ED9369 /* Assets.xcassets in Resources */ = {isa = PBXBuildFile; fileRef = FDA5F7CA1CADB3F400ED9369 /* Assets.xcassets */; };
		FDA5F7CE1CADB3F400ED9369 /* LaunchScreen.storyboard in Resources */ = {isa = PBXBuildFile; fileRef = FDA5F7CC1CADB3F400ED9369 /* LaunchScreen.storyboard */; };
		FDE7863C1CF4FCF800DB5D5C /* icon_camera-dark.png in Resources */ = {isa = PBXBuildFile; fileRef = FDE7862A1CF4FCF800DB5D5C /* icon_camera-dark.png */; };
		FDE7863D1CF4FCF800DB5D5C /* icon_camera-dark@2x.png in Resources */ = {isa = PBXBuildFile; fileRef = FDE7862B1CF4FCF800DB5D5C /* icon_camera-dark@2x.png */; };
		FDE7863E1CF4FCF800DB5D5C /* icon_camera-dark@3x.png in Resources */ = {isa = PBXBuildFile; fileRef = FDE7862C1CF4FCF800DB5D5C /* icon_camera-dark@3x.png */; };
		FDE7863F1CF4FCF800DB5D5C /* icon_chat-white.png in Resources */ = {isa = PBXBuildFile; fileRef = FDE7862D1CF4FCF800DB5D5C /* icon_chat-white.png */; };
		FDE786401CF4FCF800DB5D5C /* icon_chat-white@2x.png in Resources */ = {isa = PBXBuildFile; fileRef = FDE7862E1CF4FCF800DB5D5C /* icon_chat-white@2x.png */; };
		FDE786411CF4FCF800DB5D5C /* icon_chat-white@3x.png in Resources */ = {isa = PBXBuildFile; fileRef = FDE7862F1CF4FCF800DB5D5C /* icon_chat-white@3x.png */; };
		FDE786421CF4FCF800DB5D5C /* icon_logout-white.png in Resources */ = {isa = PBXBuildFile; fileRef = FDE786301CF4FCF800DB5D5C /* icon_logout-white.png */; };
		FDE786431CF4FCF800DB5D5C /* icon_logout-white@2x.png in Resources */ = {isa = PBXBuildFile; fileRef = FDE786311CF4FCF800DB5D5C /* icon_logout-white@2x.png */; };
		FDE786441CF4FCF800DB5D5C /* icon_logout-white@3x.png in Resources */ = {isa = PBXBuildFile; fileRef = FDE786321CF4FCF800DB5D5C /* icon_logout-white@3x.png */; };
		FDE786451CF4FCF800DB5D5C /* icon_map-dark.png in Resources */ = {isa = PBXBuildFile; fileRef = FDE786331CF4FCF800DB5D5C /* icon_map-dark.png */; };
		FDE786461CF4FCF800DB5D5C /* icon_map-dark@2x.png in Resources */ = {isa = PBXBuildFile; fileRef = FDE786341CF4FCF800DB5D5C /* icon_map-dark@2x.png */; };
		FDE786471CF4FCF800DB5D5C /* icon_map-dark@3x.png in Resources */ = {isa = PBXBuildFile; fileRef = FDE786351CF4FCF800DB5D5C /* icon_map-dark@3x.png */; };
		FDE786481CF4FCF800DB5D5C /* icon_map-white.png in Resources */ = {isa = PBXBuildFile; fileRef = FDE786361CF4FCF800DB5D5C /* icon_map-white.png */; };
		FDE786491CF4FCF800DB5D5C /* icon_map-white@2x.png in Resources */ = {isa = PBXBuildFile; fileRef = FDE786371CF4FCF800DB5D5C /* icon_map-white@2x.png */; };
		FDE7864A1CF4FCF800DB5D5C /* icon_map-white@3x.png in Resources */ = {isa = PBXBuildFile; fileRef = FDE786381CF4FCF800DB5D5C /* icon_map-white@3x.png */; };
		FDE7864B1CF4FCF800DB5D5C /* icon_settings-white.png in Resources */ = {isa = PBXBuildFile; fileRef = FDE786391CF4FCF800DB5D5C /* icon_settings-white.png */; };
		FDE7864C1CF4FCF800DB5D5C /* icon_settings-white@2x.png in Resources */ = {isa = PBXBuildFile; fileRef = FDE7863A1CF4FCF800DB5D5C /* icon_settings-white@2x.png */; };
		FDE7864D1CF4FCF800DB5D5C /* icon_settings-white@3x.png in Resources */ = {isa = PBXBuildFile; fileRef = FDE7863B1CF4FCF800DB5D5C /* icon_settings-white@3x.png */; };
		FDE786531CF51DD300DB5D5C /* StepModel.swift in Sources */ = {isa = PBXBuildFile; fileRef = FDE786521CF51DD300DB5D5C /* StepModel.swift */; };
/* End PBXBuildFile section */

/* Begin PBXFileReference section */
		43CFBF8641DBA3F3F97F7092 /* Pods-ComcastTech.debug.xcconfig */ = {isa = PBXFileReference; includeInIndex = 1; lastKnownFileType = text.xcconfig; name = "Pods-ComcastTech.debug.xcconfig"; path = "Pods/Target Support Files/Pods-ComcastTech/Pods-ComcastTech.debug.xcconfig"; sourceTree = "<group>"; };
		72B49D480816F458F7700CA6 /* Pods-ComcastTech.release.xcconfig */ = {isa = PBXFileReference; includeInIndex = 1; lastKnownFileType = text.xcconfig; name = "Pods-ComcastTech.release.xcconfig"; path = "Pods/Target Support Files/Pods-ComcastTech/Pods-ComcastTech.release.xcconfig"; sourceTree = "<group>"; };
		8ED29A8F24E415F15750C86B /* Pods_ComcastTech.framework */ = {isa = PBXFileReference; explicitFileType = wrapper.framework; includeInIndex = 0; path = Pods_ComcastTech.framework; sourceTree = BUILT_PRODUCTS_DIR; };
		FD06190D1CF4F8DF00CA9E9D /* ASAPPCheckController.swift */ = {isa = PBXFileReference; fileEncoding = 4; lastKnownFileType = sourcecode.swift; path = ASAPPCheckController.swift; sourceTree = "<group>"; };
		FD06190F1CF4F92700CA9E9D /* ChatViewController.swift */ = {isa = PBXFileReference; fileEncoding = 4; lastKnownFileType = sourcecode.swift; path = ChatViewController.swift; sourceTree = "<group>"; };
		FD1782271CF352A80093232A /* Lato-Black.ttf */ = {isa = PBXFileReference; lastKnownFileType = file; path = "Lato-Black.ttf"; sourceTree = "<group>"; };
		FD1782281CF352A80093232A /* Lato-Bold.ttf */ = {isa = PBXFileReference; lastKnownFileType = file; path = "Lato-Bold.ttf"; sourceTree = "<group>"; };
		FD1782291CF352A80093232A /* Lato-Hairline.ttf */ = {isa = PBXFileReference; lastKnownFileType = file; path = "Lato-Hairline.ttf"; sourceTree = "<group>"; };
		FD17822A1CF352A80093232A /* Lato-Light.ttf */ = {isa = PBXFileReference; lastKnownFileType = file; path = "Lato-Light.ttf"; sourceTree = "<group>"; };
		FD17822B1CF352A80093232A /* Lato-Regular.ttf */ = {isa = PBXFileReference; lastKnownFileType = file; path = "Lato-Regular.ttf"; sourceTree = "<group>"; };
		FD1782321CF355420093232A /* ASAPPNavButton.swift */ = {isa = PBXFileReference; fileEncoding = 4; lastKnownFileType = sourcecode.swift; name = ASAPPNavButton.swift; path = Views/ASAPPNavButton.swift; sourceTree = "<group>"; };
		FD1782381CF3AE4D0093232A /* ASAPPNavBar.swift */ = {isa = PBXFileReference; fileEncoding = 4; lastKnownFileType = sourcecode.swift; name = ASAPPNavBar.swift; path = Views/ASAPPNavBar.swift; sourceTree = "<group>"; };
		FD17823B1CF3AF110093232A /* ASAPPColor.swift */ = {isa = PBXFileReference; fileEncoding = 4; lastKnownFileType = sourcecode.swift; name = ASAPPColor.swift; path = Views/ASAPPColor.swift; sourceTree = "<group>"; };
		FD686E501CF61B69006681B3 /* StepView.swift */ = {isa = PBXFileReference; fileEncoding = 4; lastKnownFileType = sourcecode.swift; path = StepView.swift; sourceTree = "<group>"; };
		FD686E541CF664CB006681B3 /* StepTableViewCell.swift */ = {isa = PBXFileReference; fileEncoding = 4; lastKnownFileType = sourcecode.swift; path = StepTableViewCell.swift; sourceTree = "<group>"; };
		FD686E561CF66541006681B3 /* StepSummaryTableViewCell.swift */ = {isa = PBXFileReference; fileEncoding = 4; lastKnownFileType = sourcecode.swift; path = StepSummaryTableViewCell.swift; sourceTree = "<group>"; };
		FD75821B1D06395B00076464 /* MultiChoiceOptionViewController.swift */ = {isa = PBXFileReference; fileEncoding = 4; lastKnownFileType = sourcecode.swift; path = MultiChoiceOptionViewController.swift; sourceTree = "<group>"; };
		FD75821D1D0641B600076464 /* MultiChoiceTopBar.swift */ = {isa = PBXFileReference; fileEncoding = 4; lastKnownFileType = sourcecode.swift; path = MultiChoiceTopBar.swift; sourceTree = "<group>"; };
		FD7582451D08906300076464 /* Model.swift */ = {isa = PBXFileReference; fileEncoding = 4; lastKnownFileType = sourcecode.swift; path = Model.swift; sourceTree = "<group>"; };
		FD98D0D01D18A04A001C6E47 /* TimelineTabViewController.swift */ = {isa = PBXFileReference; fileEncoding = 4; lastKnownFileType = sourcecode.swift; path = TimelineTabViewController.swift; sourceTree = "<group>"; };
		FDA5F7C01CADB3F400ED9369 /* ComcastTech.app */ = {isa = PBXFileReference; explicitFileType = wrapper.application; includeInIndex = 0; path = ComcastTech.app; sourceTree = BUILT_PRODUCTS_DIR; };
		FDA5F7C31CADB3F400ED9369 /* AppDelegate.swift */ = {isa = PBXFileReference; lastKnownFileType = sourcecode.swift; path = AppDelegate.swift; sourceTree = "<group>"; };
		FDA5F7C51CADB3F400ED9369 /* ASAPPTabBarController.swift */ = {isa = PBXFileReference; lastKnownFileType = sourcecode.swift; path = ASAPPTabBarController.swift; sourceTree = "<group>"; };
		FDA5F7CA1CADB3F400ED9369 /* Assets.xcassets */ = {isa = PBXFileReference; lastKnownFileType = folder.assetcatalog; path = Assets.xcassets; sourceTree = "<group>"; };
		FDA5F7CD1CADB3F400ED9369 /* Base */ = {isa = PBXFileReference; lastKnownFileType = file.storyboard; name = Base; path = Base.lproj/LaunchScreen.storyboard; sourceTree = "<group>"; };
		FDA5F7CF1CADB3F400ED9369 /* Info.plist */ = {isa = PBXFileReference; lastKnownFileType = text.plist.xml; path = Info.plist; sourceTree = "<group>"; };
		FDE7862A1CF4FCF800DB5D5C /* icon_camera-dark.png */ = {isa = PBXFileReference; lastKnownFileType = image.png; path = "icon_camera-dark.png"; sourceTree = "<group>"; };
		FDE7862B1CF4FCF800DB5D5C /* icon_camera-dark@2x.png */ = {isa = PBXFileReference; lastKnownFileType = image.png; path = "icon_camera-dark@2x.png"; sourceTree = "<group>"; };
		FDE7862C1CF4FCF800DB5D5C /* icon_camera-dark@3x.png */ = {isa = PBXFileReference; lastKnownFileType = image.png; path = "icon_camera-dark@3x.png"; sourceTree = "<group>"; };
		FDE7862D1CF4FCF800DB5D5C /* icon_chat-white.png */ = {isa = PBXFileReference; lastKnownFileType = image.png; path = "icon_chat-white.png"; sourceTree = "<group>"; };
		FDE7862E1CF4FCF800DB5D5C /* icon_chat-white@2x.png */ = {isa = PBXFileReference; lastKnownFileType = image.png; path = "icon_chat-white@2x.png"; sourceTree = "<group>"; };
		FDE7862F1CF4FCF800DB5D5C /* icon_chat-white@3x.png */ = {isa = PBXFileReference; lastKnownFileType = image.png; path = "icon_chat-white@3x.png"; sourceTree = "<group>"; };
		FDE786301CF4FCF800DB5D5C /* icon_logout-white.png */ = {isa = PBXFileReference; lastKnownFileType = image.png; path = "icon_logout-white.png"; sourceTree = "<group>"; };
		FDE786311CF4FCF800DB5D5C /* icon_logout-white@2x.png */ = {isa = PBXFileReference; lastKnownFileType = image.png; path = "icon_logout-white@2x.png"; sourceTree = "<group>"; };
		FDE786321CF4FCF800DB5D5C /* icon_logout-white@3x.png */ = {isa = PBXFileReference; lastKnownFileType = image.png; path = "icon_logout-white@3x.png"; sourceTree = "<group>"; };
		FDE786331CF4FCF800DB5D5C /* icon_map-dark.png */ = {isa = PBXFileReference; lastKnownFileType = image.png; path = "icon_map-dark.png"; sourceTree = "<group>"; };
		FDE786341CF4FCF800DB5D5C /* icon_map-dark@2x.png */ = {isa = PBXFileReference; lastKnownFileType = image.png; path = "icon_map-dark@2x.png"; sourceTree = "<group>"; };
		FDE786351CF4FCF800DB5D5C /* icon_map-dark@3x.png */ = {isa = PBXFileReference; lastKnownFileType = image.png; path = "icon_map-dark@3x.png"; sourceTree = "<group>"; };
		FDE786361CF4FCF800DB5D5C /* icon_map-white.png */ = {isa = PBXFileReference; lastKnownFileType = image.png; path = "icon_map-white.png"; sourceTree = "<group>"; };
		FDE786371CF4FCF800DB5D5C /* icon_map-white@2x.png */ = {isa = PBXFileReference; lastKnownFileType = image.png; path = "icon_map-white@2x.png"; sourceTree = "<group>"; };
		FDE786381CF4FCF800DB5D5C /* icon_map-white@3x.png */ = {isa = PBXFileReference; lastKnownFileType = image.png; path = "icon_map-white@3x.png"; sourceTree = "<group>"; };
		FDE786391CF4FCF800DB5D5C /* icon_settings-white.png */ = {isa = PBXFileReference; lastKnownFileType = image.png; path = "icon_settings-white.png"; sourceTree = "<group>"; };
		FDE7863A1CF4FCF800DB5D5C /* icon_settings-white@2x.png */ = {isa = PBXFileReference; lastKnownFileType = image.png; path = "icon_settings-white@2x.png"; sourceTree = "<group>"; };
		FDE7863B1CF4FCF800DB5D5C /* icon_settings-white@3x.png */ = {isa = PBXFileReference; lastKnownFileType = image.png; path = "icon_settings-white@3x.png"; sourceTree = "<group>"; };
		FDE786521CF51DD300DB5D5C /* StepModel.swift */ = {isa = PBXFileReference; fileEncoding = 4; lastKnownFileType = sourcecode.swift; path = StepModel.swift; sourceTree = "<group>"; };
/* End PBXFileReference section */

/* Begin PBXFrameworksBuildPhase section */
		FDA5F7BD1CADB3F400ED9369 /* Frameworks */ = {
			isa = PBXFrameworksBuildPhase;
			buildActionMask = 2147483647;
			files = (
				E89D9A8272A25011F75A2217 /* Pods_ComcastTech.framework in Frameworks */,
			);
			runOnlyForDeploymentPostprocessing = 0;
		};
/* End PBXFrameworksBuildPhase section */

/* Begin PBXGroup section */
		06D2FCBABF723DC81FE28734 /* Frameworks */ = {
			isa = PBXGroup;
			children = (
				8ED29A8F24E415F15750C86B /* Pods_ComcastTech.framework */,
			);
			name = Frameworks;
			sourceTree = "<group>";
		};
		58B0E0FD6111986A4A2227D3 /* Pods */ = {
			isa = PBXGroup;
			children = (
				43CFBF8641DBA3F3F97F7092 /* Pods-ComcastTech.debug.xcconfig */,
				72B49D480816F458F7700CA6 /* Pods-ComcastTech.release.xcconfig */,
			);
			name = Pods;
			sourceTree = "<group>";
		};
		FD1782261CF352740093232A /* Assets */ = {
			isa = PBXGroup;
			children = (
				FDE786291CF4FCDD00DB5D5C /* Fonts */,
				FDE786281CF4FCD200DB5D5C /* Imgs */,
			);
			name = Assets;
			sourceTree = "<group>";
		};
		FD1782311CF354C10093232A /* Controllers */ = {
			isa = PBXGroup;
			children = (
				FDE786501CF51C1000DB5D5C /* CheckControllers */,
				FDA5F7C51CADB3F400ED9369 /* ASAPPTabBarController.swift */,
				FD06190F1CF4F92700CA9E9D /* ChatViewController.swift */,
			);
			name = Controllers;
			sourceTree = "<group>";
		};
		FD17823A1CF3AEF40093232A /* NavBar */ = {
			isa = PBXGroup;
			children = (
				FD1782321CF355420093232A /* ASAPPNavButton.swift */,
				FD1782381CF3AE4D0093232A /* ASAPPNavBar.swift */,
			);
			name = NavBar;
			sourceTree = "<group>";
		};
		FD686E4F1CF61B19006681B3 /* Views */ = {
			isa = PBXGroup;
			children = (
				FD686E501CF61B69006681B3 /* StepView.swift */,
				FD686E541CF664CB006681B3 /* StepTableViewCell.swift */,
				FD686E561CF66541006681B3 /* StepSummaryTableViewCell.swift */,
				FD75821D1D0641B600076464 /* MultiChoiceTopBar.swift */,
			);
			name = Views;
			sourceTree = "<group>";
		};
		FD98D0CF1D189FE8001C6E47 /* Timeline */ = {
			isa = PBXGroup;
			children = (
				FD98D0D01D18A04A001C6E47 /* TimelineTabViewController.swift */,
			);
			name = Timeline;
			sourceTree = "<group>";
		};
		FDA5F7B71CADB3F400ED9369 = {
			isa = PBXGroup;
			children = (
				FDA5F7C21CADB3F400ED9369 /* ComcastTech */,
				FDA5F7C11CADB3F400ED9369 /* Products */,
				58B0E0FD6111986A4A2227D3 /* Pods */,
				06D2FCBABF723DC81FE28734 /* Frameworks */,
			);
			sourceTree = "<group>";
		};
		FDA5F7C11CADB3F400ED9369 /* Products */ = {
			isa = PBXGroup;
			children = (
				FDA5F7C01CADB3F400ED9369 /* ComcastTech.app */,
			);
			name = Products;
			sourceTree = "<group>";
		};
		FDA5F7C21CADB3F400ED9369 /* ComcastTech */ = {
			isa = PBXGroup;
			children = (
				FD1782261CF352740093232A /* Assets */,
				FD1782311CF354C10093232A /* Controllers */,
				FDE786511CF51DAE00DB5D5C /* Model */,
				FDA5F7D51CADB40C00ED9369 /* UI */,
				FDA5F7C31CADB3F400ED9369 /* AppDelegate.swift */,
				FDA5F7CA1CADB3F400ED9369 /* Assets.xcassets */,
				FDA5F7CC1CADB3F400ED9369 /* LaunchScreen.storyboard */,
				FDA5F7CF1CADB3F400ED9369 /* Info.plist */,
			);
			path = ComcastTech;
			sourceTree = "<group>";
		};
		FDA5F7D51CADB40C00ED9369 /* UI */ = {
			isa = PBXGroup;
			children = (
				FD98D0CF1D189FE8001C6E47 /* Timeline */,
				FD686E4F1CF61B19006681B3 /* Views */,
				FD17823A1CF3AEF40093232A /* NavBar */,
				FD17823B1CF3AF110093232A /* ASAPPColor.swift */,
			);
			name = UI;
			sourceTree = "<group>";
		};
		FDE786281CF4FCD200DB5D5C /* Imgs */ = {
			isa = PBXGroup;
			children = (
				FDE7862A1CF4FCF800DB5D5C /* icon_camera-dark.png */,
				FDE7862B1CF4FCF800DB5D5C /* icon_camera-dark@2x.png */,
				FDE7862C1CF4FCF800DB5D5C /* icon_camera-dark@3x.png */,
				FDE7862D1CF4FCF800DB5D5C /* icon_chat-white.png */,
				FDE7862E1CF4FCF800DB5D5C /* icon_chat-white@2x.png */,
				FDE7862F1CF4FCF800DB5D5C /* icon_chat-white@3x.png */,
				FDE786301CF4FCF800DB5D5C /* icon_logout-white.png */,
				FDE786311CF4FCF800DB5D5C /* icon_logout-white@2x.png */,
				FDE786321CF4FCF800DB5D5C /* icon_logout-white@3x.png */,
				FDE786331CF4FCF800DB5D5C /* icon_map-dark.png */,
				FDE786341CF4FCF800DB5D5C /* icon_map-dark@2x.png */,
				FDE786351CF4FCF800DB5D5C /* icon_map-dark@3x.png */,
				FDE786361CF4FCF800DB5D5C /* icon_map-white.png */,
				FDE786371CF4FCF800DB5D5C /* icon_map-white@2x.png */,
				FDE786381CF4FCF800DB5D5C /* icon_map-white@3x.png */,
				FDE786391CF4FCF800DB5D5C /* icon_settings-white.png */,
				FDE7863A1CF4FCF800DB5D5C /* icon_settings-white@2x.png */,
				FDE7863B1CF4FCF800DB5D5C /* icon_settings-white@3x.png */,
			);
			name = Imgs;
			sourceTree = "<group>";
		};
		FDE786291CF4FCDD00DB5D5C /* Fonts */ = {
			isa = PBXGroup;
			children = (
				FD1782271CF352A80093232A /* Lato-Black.ttf */,
				FD1782281CF352A80093232A /* Lato-Bold.ttf */,
				FD1782291CF352A80093232A /* Lato-Hairline.ttf */,
				FD17822A1CF352A80093232A /* Lato-Light.ttf */,
				FD17822B1CF352A80093232A /* Lato-Regular.ttf */,
			);
			name = Fonts;
			sourceTree = "<group>";
		};
		FDE786501CF51C1000DB5D5C /* CheckControllers */ = {
			isa = PBXGroup;
			children = (
				FD06190D1CF4F8DF00CA9E9D /* ASAPPCheckController.swift */,
				FD75821B1D06395B00076464 /* MultiChoiceOptionViewController.swift */,
			);
			name = CheckControllers;
			sourceTree = "<group>";
		};
		FDE786511CF51DAE00DB5D5C /* Model */ = {
			isa = PBXGroup;
			children = (
				FDE786521CF51DD300DB5D5C /* StepModel.swift */,
				FD7582451D08906300076464 /* Model.swift */,
			);
			name = Model;
			sourceTree = "<group>";
		};
/* End PBXGroup section */

/* Begin PBXNativeTarget section */
		FDA5F7BF1CADB3F400ED9369 /* ComcastTech */ = {
			isa = PBXNativeTarget;
			buildConfigurationList = FDA5F7D21CADB3F400ED9369 /* Build configuration list for PBXNativeTarget "ComcastTech" */;
			buildPhases = (
				1333AEA74992DCA2EDF6D26B /* 📦 Check Pods Manifest.lock */,
				FDA5F7BC1CADB3F400ED9369 /* Sources */,
				FDA5F7BD1CADB3F400ED9369 /* Frameworks */,
				FDA5F7BE1CADB3F400ED9369 /* Resources */,
				99C516C385BC8112F6440CDA /* 📦 Embed Pods Frameworks */,
				A734D0D60270B77B40E07C59 /* 📦 Copy Pods Resources */,
			);
			buildRules = (
			);
			dependencies = (
			);
			name = ComcastTech;
			productName = ComcastTech;
			productReference = FDA5F7C01CADB3F400ED9369 /* ComcastTech.app */;
			productType = "com.apple.product-type.application";
		};
/* End PBXNativeTarget section */

/* Begin PBXProject section */
		FDA5F7B81CADB3F400ED9369 /* Project object */ = {
			isa = PBXProject;
			attributes = {
				LastSwiftUpdateCheck = 0730;
				LastUpgradeCheck = 0730;
				ORGANIZATIONNAME = asappinc;
				TargetAttributes = {
					FDA5F7BF1CADB3F400ED9369 = {
						CreatedOnToolsVersion = 7.3;
					};
				};
			};
			buildConfigurationList = FDA5F7BB1CADB3F400ED9369 /* Build configuration list for PBXProject "ComcastTech" */;
			compatibilityVersion = "Xcode 3.2";
			developmentRegion = English;
			hasScannedForEncodings = 0;
			knownRegions = (
				en,
				Base,
			);
			mainGroup = FDA5F7B71CADB3F400ED9369;
			productRefGroup = FDA5F7C11CADB3F400ED9369 /* Products */;
			projectDirPath = "";
			projectRoot = "";
			targets = (
				FDA5F7BF1CADB3F400ED9369 /* ComcastTech */,
			);
		};
/* End PBXProject section */

/* Begin PBXResourcesBuildPhase section */
		FDA5F7BE1CADB3F400ED9369 /* Resources */ = {
			isa = PBXResourcesBuildPhase;
			buildActionMask = 2147483647;
			files = (
				FDE786421CF4FCF800DB5D5C /* icon_logout-white.png in Resources */,
				FD17822C1CF352A80093232A /* Lato-Black.ttf in Resources */,
				FDE786411CF4FCF800DB5D5C /* icon_chat-white@3x.png in Resources */,
				FDE786401CF4FCF800DB5D5C /* icon_chat-white@2x.png in Resources */,
				FD17822D1CF352A80093232A /* Lato-Bold.ttf in Resources */,
				FDE786431CF4FCF800DB5D5C /* icon_logout-white@2x.png in Resources */,
				FDE786441CF4FCF800DB5D5C /* icon_logout-white@3x.png in Resources */,
				FD17822E1CF352A80093232A /* Lato-Hairline.ttf in Resources */,
				FDE7863D1CF4FCF800DB5D5C /* icon_camera-dark@2x.png in Resources */,
				FDE786481CF4FCF800DB5D5C /* icon_map-white.png in Resources */,
				FD1782301CF352A80093232A /* Lato-Regular.ttf in Resources */,
				FDE7864B1CF4FCF800DB5D5C /* icon_settings-white.png in Resources */,
				FDE786461CF4FCF800DB5D5C /* icon_map-dark@2x.png in Resources */,
				FDE7863E1CF4FCF800DB5D5C /* icon_camera-dark@3x.png in Resources */,
				FDE7864C1CF4FCF800DB5D5C /* icon_settings-white@2x.png in Resources */,
				FDA5F7CE1CADB3F400ED9369 /* LaunchScreen.storyboard in Resources */,
				FDE786471CF4FCF800DB5D5C /* icon_map-dark@3x.png in Resources */,
				FDE786491CF4FCF800DB5D5C /* icon_map-white@2x.png in Resources */,
				FDE7863F1CF4FCF800DB5D5C /* icon_chat-white.png in Resources */,
				FDE7864D1CF4FCF800DB5D5C /* icon_settings-white@3x.png in Resources */,
				FDA5F7CB1CADB3F400ED9369 /* Assets.xcassets in Resources */,
				FDE786451CF4FCF800DB5D5C /* icon_map-dark.png in Resources */,
				FD17822F1CF352A80093232A /* Lato-Light.ttf in Resources */,
				FDE7863C1CF4FCF800DB5D5C /* icon_camera-dark.png in Resources */,
				FDE7864A1CF4FCF800DB5D5C /* icon_map-white@3x.png in Resources */,
			);
			runOnlyForDeploymentPostprocessing = 0;
		};
/* End PBXResourcesBuildPhase section */

/* Begin PBXShellScriptBuildPhase section */
		1333AEA74992DCA2EDF6D26B /* 📦 Check Pods Manifest.lock */ = {
			isa = PBXShellScriptBuildPhase;
			buildActionMask = 2147483647;
			files = (
			);
			inputPaths = (
			);
			name = "📦 Check Pods Manifest.lock";
			outputPaths = (
			);
			runOnlyForDeploymentPostprocessing = 0;
			shellPath = /bin/sh;
			shellScript = "diff \"${PODS_ROOT}/../Podfile.lock\" \"${PODS_ROOT}/Manifest.lock\" > /dev/null\nif [[ $? != 0 ]] ; then\n    cat << EOM\nerror: The sandbox is not in sync with the Podfile.lock. Run 'pod install' or update your CocoaPods installation.\nEOM\n    exit 1\nfi\n";
			showEnvVarsInLog = 0;
		};
		99C516C385BC8112F6440CDA /* 📦 Embed Pods Frameworks */ = {
			isa = PBXShellScriptBuildPhase;
			buildActionMask = 2147483647;
			files = (
			);
			inputPaths = (
			);
			name = "📦 Embed Pods Frameworks";
			outputPaths = (
			);
			runOnlyForDeploymentPostprocessing = 0;
			shellPath = /bin/sh;
			shellScript = "\"${SRCROOT}/Pods/Target Support Files/Pods-ComcastTech/Pods-ComcastTech-frameworks.sh\"\n";
			showEnvVarsInLog = 0;
		};
		A734D0D60270B77B40E07C59 /* 📦 Copy Pods Resources */ = {
			isa = PBXShellScriptBuildPhase;
			buildActionMask = 2147483647;
			files = (
			);
			inputPaths = (
			);
			name = "📦 Copy Pods Resources";
			outputPaths = (
			);
			runOnlyForDeploymentPostprocessing = 0;
			shellPath = /bin/sh;
			shellScript = "\"${SRCROOT}/Pods/Target Support Files/Pods-ComcastTech/Pods-ComcastTech-resources.sh\"\n";
			showEnvVarsInLog = 0;
		};
/* End PBXShellScriptBuildPhase section */

/* Begin PBXSourcesBuildPhase section */
		FDA5F7BC1CADB3F400ED9369 /* Sources */ = {
			isa = PBXSourcesBuildPhase;
			buildActionMask = 2147483647;
			files = (
				FD686E571CF66541006681B3 /* StepSummaryTableViewCell.swift in Sources */,
				FDA5F7C61CADB3F400ED9369 /* ASAPPTabBarController.swift in Sources */,
				FD75821C1D06395B00076464 /* MultiChoiceOptionViewController.swift in Sources */,
				FDA5F7C41CADB3F400ED9369 /* AppDelegate.swift in Sources */,
				FDE786531CF51DD300DB5D5C /* StepModel.swift in Sources */,
				FD686E551CF664CB006681B3 /* StepTableViewCell.swift in Sources */,
				FD75821E1D0641B600076464 /* MultiChoiceTopBar.swift in Sources */,
				FD7582461D08906300076464 /* Model.swift in Sources */,
				FD1782331CF355420093232A /* ASAPPNavButton.swift in Sources */,
				FD0619101CF4F92700CA9E9D /* ChatViewController.swift in Sources */,
				FD686E511CF61B69006681B3 /* StepView.swift in Sources */,
				FD98D0D11D18A04A001C6E47 /* TimelineTabViewController.swift in Sources */,
				FD06190E1CF4F8DF00CA9E9D /* ASAPPCheckController.swift in Sources */,
				FD17823C1CF3AF110093232A /* ASAPPColor.swift in Sources */,
				FD1782391CF3AE4D0093232A /* ASAPPNavBar.swift in Sources */,
			);
			runOnlyForDeploymentPostprocessing = 0;
		};
/* End PBXSourcesBuildPhase section */

/* Begin PBXVariantGroup section */
		FDA5F7CC1CADB3F400ED9369 /* LaunchScreen.storyboard */ = {
			isa = PBXVariantGroup;
			children = (
				FDA5F7CD1CADB3F400ED9369 /* Base */,
			);
			name = LaunchScreen.storyboard;
			sourceTree = "<group>";
		};
/* End PBXVariantGroup section */

/* Begin XCBuildConfiguration section */
		FDA5F7D01CADB3F400ED9369 /* Debug */ = {
			isa = XCBuildConfiguration;
			buildSettings = {
				ALWAYS_SEARCH_USER_PATHS = NO;
				CLANG_ANALYZER_NONNULL = YES;
				CLANG_CXX_LANGUAGE_STANDARD = "gnu++0x";
				CLANG_CXX_LIBRARY = "libc++";
				CLANG_ENABLE_MODULES = YES;
				CLANG_ENABLE_OBJC_ARC = YES;
				CLANG_WARN_BOOL_CONVERSION = YES;
				CLANG_WARN_CONSTANT_CONVERSION = YES;
				CLANG_WARN_DIRECT_OBJC_ISA_USAGE = YES_ERROR;
				CLANG_WARN_EMPTY_BODY = YES;
				CLANG_WARN_ENUM_CONVERSION = YES;
				CLANG_WARN_INT_CONVERSION = YES;
				CLANG_WARN_OBJC_ROOT_CLASS = YES_ERROR;
				CLANG_WARN_UNREACHABLE_CODE = YES;
				CLANG_WARN__DUPLICATE_METHOD_MATCH = YES;
				"CODE_SIGN_IDENTITY[sdk=iphoneos*]" = "iPhone Developer";
				COPY_PHASE_STRIP = NO;
				DEBUG_INFORMATION_FORMAT = dwarf;
				ENABLE_STRICT_OBJC_MSGSEND = YES;
				ENABLE_TESTABILITY = YES;
				GCC_C_LANGUAGE_STANDARD = gnu99;
				GCC_DYNAMIC_NO_PIC = NO;
				GCC_NO_COMMON_BLOCKS = YES;
				GCC_OPTIMIZATION_LEVEL = 0;
				GCC_PREPROCESSOR_DEFINITIONS = (
					"DEBUG=1",
					"$(inherited)",
				);
				GCC_WARN_64_TO_32_BIT_CONVERSION = YES;
				GCC_WARN_ABOUT_RETURN_TYPE = YES_ERROR;
				GCC_WARN_UNDECLARED_SELECTOR = YES;
				GCC_WARN_UNINITIALIZED_AUTOS = YES_AGGRESSIVE;
				GCC_WARN_UNUSED_FUNCTION = YES;
				GCC_WARN_UNUSED_VARIABLE = YES;
				IPHONEOS_DEPLOYMENT_TARGET = 9.3;
				MTL_ENABLE_DEBUG_INFO = YES;
				ONLY_ACTIVE_ARCH = YES;
				SDKROOT = iphoneos;
				SWIFT_OPTIMIZATION_LEVEL = "-Onone";
			};
			name = Debug;
		};
		FDA5F7D11CADB3F400ED9369 /* Release */ = {
			isa = XCBuildConfiguration;
			buildSettings = {
				ALWAYS_SEARCH_USER_PATHS = NO;
				CLANG_ANALYZER_NONNULL = YES;
				CLANG_CXX_LANGUAGE_STANDARD = "gnu++0x";
				CLANG_CXX_LIBRARY = "libc++";
				CLANG_ENABLE_MODULES = YES;
				CLANG_ENABLE_OBJC_ARC = YES;
				CLANG_WARN_BOOL_CONVERSION = YES;
				CLANG_WARN_CONSTANT_CONVERSION = YES;
				CLANG_WARN_DIRECT_OBJC_ISA_USAGE = YES_ERROR;
				CLANG_WARN_EMPTY_BODY = YES;
				CLANG_WARN_ENUM_CONVERSION = YES;
				CLANG_WARN_INT_CONVERSION = YES;
				CLANG_WARN_OBJC_ROOT_CLASS = YES_ERROR;
				CLANG_WARN_UNREACHABLE_CODE = YES;
				CLANG_WARN__DUPLICATE_METHOD_MATCH = YES;
				"CODE_SIGN_IDENTITY[sdk=iphoneos*]" = "iPhone Developer";
				COPY_PHASE_STRIP = NO;
				DEBUG_INFORMATION_FORMAT = "dwarf-with-dsym";
				ENABLE_NS_ASSERTIONS = NO;
				ENABLE_STRICT_OBJC_MSGSEND = YES;
				GCC_C_LANGUAGE_STANDARD = gnu99;
				GCC_NO_COMMON_BLOCKS = YES;
				GCC_WARN_64_TO_32_BIT_CONVERSION = YES;
				GCC_WARN_ABOUT_RETURN_TYPE = YES_ERROR;
				GCC_WARN_UNDECLARED_SELECTOR = YES;
				GCC_WARN_UNINITIALIZED_AUTOS = YES_AGGRESSIVE;
				GCC_WARN_UNUSED_FUNCTION = YES;
				GCC_WARN_UNUSED_VARIABLE = YES;
				IPHONEOS_DEPLOYMENT_TARGET = 9.3;
				MTL_ENABLE_DEBUG_INFO = NO;
				SDKROOT = iphoneos;
				VALIDATE_PRODUCT = YES;
			};
			name = Release;
		};
		FDA5F7D31CADB3F400ED9369 /* Debug */ = {
			isa = XCBuildConfiguration;
			baseConfigurationReference = 43CFBF8641DBA3F3F97F7092 /* Pods-ComcastTech.debug.xcconfig */;
			buildSettings = {
				ASSETCATALOG_COMPILER_APPICON_NAME = AppIcon;
				INFOPLIST_FILE = ComcastTech/Info.plist;
				IPHONEOS_DEPLOYMENT_TARGET = 8.0;
				LD_RUNPATH_SEARCH_PATHS = "$(inherited) @executable_path/Frameworks";
				PRODUCT_BUNDLE_IDENTIFIER = com.asappinc.ComcastTech;
				PRODUCT_NAME = "$(TARGET_NAME)";
			};
			name = Debug;
		};
		FDA5F7D41CADB3F400ED9369 /* Release */ = {
			isa = XCBuildConfiguration;
			baseConfigurationReference = 72B49D480816F458F7700CA6 /* Pods-ComcastTech.release.xcconfig */;
			buildSettings = {
				ASSETCATALOG_COMPILER_APPICON_NAME = AppIcon;
				INFOPLIST_FILE = ComcastTech/Info.plist;
				IPHONEOS_DEPLOYMENT_TARGET = 8.0;
				LD_RUNPATH_SEARCH_PATHS = "$(inherited) @executable_path/Frameworks";
				PRODUCT_BUNDLE_IDENTIFIER = com.asappinc.ComcastTech;
				PRODUCT_NAME = "$(TARGET_NAME)";
			};
			name = Release;
		};
/* End XCBuildConfiguration section */

/* Begin XCConfigurationList section */
		FDA5F7BB1CADB3F400ED9369 /* Build configuration list for PBXProject "ComcastTech" */ = {
			isa = XCConfigurationList;
			buildConfigurations = (
				FDA5F7D01CADB3F400ED9369 /* Debug */,
				FDA5F7D11CADB3F400ED9369 /* Release */,
			);
			defaultConfigurationIsVisible = 0;
			defaultConfigurationName = Release;
		};
		FDA5F7D21CADB3F400ED9369 /* Build configuration list for PBXNativeTarget "ComcastTech" */ = {
			isa = XCConfigurationList;
			buildConfigurations = (
				FDA5F7D31CADB3F400ED9369 /* Debug */,
				FDA5F7D41CADB3F400ED9369 /* Release */,
			);
			defaultConfigurationIsVisible = 0;
			defaultConfigurationName = Release;
		};
/* End XCConfigurationList section */
	};
	rootObject = FDA5F7B81CADB3F400ED9369 /* Project object */;
}
